
Microsoft Visual Studio Solution File, Format Version 12.00
# Visual Studio Version 17
VisualStudioVersion = 17.7.34031.279
MinimumVisualStudioVersion = 10.0.40219.1
Project("{8BC9CEB8-8B4A-11D0-8D11-00A0C91BC942}") = "Bai078", "Bai078\Bai078.vcxproj", "{A251BE3B-7A08-40F6-9163-0F199B5296A2}"
EndProject
Project("{8BC9CEB8-8B4A-11D0-8D11-00A0C91BC942}") = "Bai079", "Bai079\Bai079.vcxproj", "{9903BC94-295D-4ABB-A370-FF8422B8DE85}"
EndProject
Project("{8BC9CEB8-8B4A-11D0-8D11-00A0C91BC942}") = "Bai080", "Bai080\Bai080.vcxproj", "{949C4E02-AD02-4770-8303-B3D2732EBD0D}"
EndProject
Project("{8BC9CEB8-8B4A-11D0-8D11-00A0C91BC942}") = "Bai081", "Bai081\Bai081.vcxproj", "{2D29750D-7534-428D-B00F-A73BC08AE379}"
EndProject
Project("{8BC9CEB8-8B4A-11D0-8D11-00A0C91BC942}") = "Bai082", "Bai082\Bai082.vcxproj", "{A6960D55-E7B3-438A-9F38-C52B4683C136}"
EndProject
Project("{8BC9CEB8-8B4A-11D0-8D11-00A0C91BC942}") = "Bai083", "Bai083\Bai083.vcxproj", "{74A4D26F-CD4F-43D9-AAED-0FBFEEE29A3F}"
EndProject
Project("{8BC9CEB8-8B4A-11D0-8D11-00A0C91BC942}") = "Bai084", "Bai084\Bai084.vcxproj", "{3DB1B3FE-7958-40C2-A324-4FB5B2EE933B}"
EndProject
Project("{8BC9CEB8-8B4A-11D0-8D11-00A0C91BC942}") = "Bai085", "Bai085\Bai085.vcxproj", "{F8AD2CE5-4941-44D4-9F2B-9BAB68C454D2}"
EndProject
Project("{8BC9CEB8-8B4A-11D0-8D11-00A0C91BC942}") = "Bai086", "Bai086\Bai086.vcxproj", "{75CF4E77-B541-4085-893B-7299FCE132F2}"
EndProject
Project("{8BC9CEB8-8B4A-11D0-8D11-00A0C91BC942}") = "Bai087", "Bai087\Bai087.vcxproj", "{F869EBB2-F08C-4839-AF50-A2CCD07816A8}"
EndProject
Project("{8BC9CEB8-8B4A-11D0-8D11-00A0C91BC942}") = "Bai088", "Bai088\Bai088.vcxproj", "{B2788763-78AC-479B-872E-E6F3EFC37DB8}"
EndProject
Project("{8BC9CEB8-8B4A-11D0-8D11-00A0C91BC942}") = "Bai089", "Bai089\Bai089.vcxproj", "{F6B9A1B0-8102-4830-A4DB-ABFFDB055B70}"
EndProject
Project("{8BC9CEB8-8B4A-11D0-8D11-00A0C91BC942}") = "Bai090", "Bai090\Bai090.vcxproj", "{9B8E98E2-70A7-47B5-B0E8-E2FEF2CD6361}"
EndProject
Project("{8BC9CEB8-8B4A-11D0-8D11-00A0C91BC942}") = "Bai091", "Bai091\Bai091.vcxproj", "{8B9A9D98-0D9F-4EF5-9D2A-50AADB497EAA}"
EndProject
Project("{8BC9CEB8-8B4A-11D0-8D11-00A0C91BC942}") = "Bai092", "Bai092\Bai092.vcxproj", "{40C50F02-61CF-4B32-B466-43D063F73D71}"
EndProject
Project("{8BC9CEB8-8B4A-11D0-8D11-00A0C91BC942}") = "Bai093", "Bai093\Bai093.vcxproj", "{8C77F681-988F-4428-97CE-F698C51AC8B7}"
EndProject
Project("{8BC9CEB8-8B4A-11D0-8D11-00A0C91BC942}") = "Bai094", "Bai094\Bai094.vcxproj", "{3B1343BF-BBEC-41DF-9D73-DB1D61BBB729}"
EndProject
Project("{8BC9CEB8-8B4A-11D0-8D11-00A0C91BC942}") = "Bai095", "Bai095\Bai095.vcxproj", "{C0EC7B96-658C-4886-B185-117D47E5B614}"
EndProject
Project("{8BC9CEB8-8B4A-11D0-8D11-00A0C91BC942}") = "Bai096", "Bai096\Bai096.vcxproj", "{E954F2B7-4716-4036-AE57-167EE6E167A2}"
EndProject
Project("{8BC9CEB8-8B4A-11D0-8D11-00A0C91BC942}") = "Bai097", "Bai097\Bai097.vcxproj", "{67C825B8-544A-40FA-99ED-0E51CF1B400A}"
EndProject
Project("{8BC9CEB8-8B4A-11D0-8D11-00A0C91BC942}") = "Bai098", "Bai098\Bai098.vcxproj", "{71AB30C2-4B90-497B-AEDF-01DA702FCA63}"
EndProject
Project("{8BC9CEB8-8B4A-11D0-8D11-00A0C91BC942}") = "Bai099", "Bai099\Bai099.vcxproj", "{578F2908-AB30-438F-8AA6-FBB9FCD4F49A}"
EndProject
Project("{8BC9CEB8-8B4A-11D0-8D11-00A0C91BC942}") = "Bai100", "Bai100\Bai100.vcxproj", "{1CAE3B7C-41DB-4985-975F-1A2DBACBD887}"
EndProject
Project("{8BC9CEB8-8B4A-11D0-8D11-00A0C91BC942}") = "Bai101", "Bai101\Bai101.vcxproj", "{0BF95DC1-21AF-4B47-925D-668A8D9BEBE4}"
EndProject
Project("{8BC9CEB8-8B4A-11D0-8D11-00A0C91BC942}") = "Bai102", "Bai102\Bai102.vcxproj", "{4060E7AC-2C01-46EA-82BD-0D677F53B627}"
EndProject
Project("{8BC9CEB8-8B4A-11D0-8D11-00A0C91BC942}") = "Bai103", "Bai103\Bai103.vcxproj", "{C5EAC982-F6B8-4263-BF70-F94E225AC053}"
EndProject
Project("{8BC9CEB8-8B4A-11D0-8D11-00A0C91BC942}") = "Bai104", "Bai104\Bai104.vcxproj", "{CC1AF99D-C087-4DC9-B7DF-BF2BE5B81977}"
EndProject
Project("{8BC9CEB8-8B4A-11D0-8D11-00A0C91BC942}") = "Bai105", "Bai105\Bai105.vcxproj", "{FD41AA3D-4DC5-4DF6-A4F8-724979B5DFB7}"
EndProject
Project("{8BC9CEB8-8B4A-11D0-8D11-00A0C91BC942}") = "Bai106", "Bai106\Bai106.vcxproj", "{59726D82-4306-431C-AA60-B3B8377027A9}"
EndProject
Project("{8BC9CEB8-8B4A-11D0-8D11-00A0C91BC942}") = "Bai107", "Bai107\Bai107.vcxproj", "{8DAE9C74-8FAB-4CC9-973F-664583190516}"
EndProject
Project("{8BC9CEB8-8B4A-11D0-8D11-00A0C91BC942}") = "Bai108", "Bai108\Bai108.vcxproj", "{12E417C1-F2E0-4442-BFB2-5BFD571AFF8C}"
EndProject
Project("{8BC9CEB8-8B4A-11D0-8D11-00A0C91BC942}") = "Bai109", "Bai109\Bai109.vcxproj", "{78F73A57-9BD0-4AA8-965D-DDF4573E82CE}"
EndProject
Project("{8BC9CEB8-8B4A-11D0-8D11-00A0C91BC942}") = "Bai110", "Bai110\Bai110.vcxproj", "{3C364F21-5AFB-49D3-915E-7E7762A83BCF}"
EndProject
Project("{8BC9CEB8-8B4A-11D0-8D11-00A0C91BC942}") = "Bai111", "Bai111\Bai111.vcxproj", "{6EA91771-D681-4171-B075-2C4C406E532A}"
EndProject
Project("{8BC9CEB8-8B4A-11D0-8D11-00A0C91BC942}") = "Bai112", "Bai112\Bai112.vcxproj", "{61A95725-C297-4341-9367-60B601C415C6}"
EndProject
Project("{8BC9CEB8-8B4A-11D0-8D11-00A0C91BC942}") = "Bai113", "Bai113\Bai113.vcxproj", "{0CF76287-E559-43D4-84A8-B09DB0D2C286}"
EndProject
Project("{8BC9CEB8-8B4A-11D0-8D11-00A0C91BC942}") = "Bai114", "Bai114\Bai114.vcxproj", "{F4773039-F7DB-447B-9C17-FF6997FC985C}"
EndProject
Project("{8BC9CEB8-8B4A-11D0-8D11-00A0C91BC942}") = "Bai115", "Bai115\Bai115.vcxproj", "{5F441C1F-198F-46DD-AF58-4752E7CE17B9}"
EndProject
Project("{8BC9CEB8-8B4A-11D0-8D11-00A0C91BC942}") = "Bai116", "Bai116\Bai116.vcxproj", "{DBF6CD55-6C5B-4A3B-BB0B-91E1678AAB6D}"
EndProject
Global
	GlobalSection(SolutionConfigurationPlatforms) = preSolution
		Debug|x64 = Debug|x64
		Debug|x86 = Debug|x86
		Release|x64 = Release|x64
		Release|x86 = Release|x86
	EndGlobalSection
	GlobalSection(ProjectConfigurationPlatforms) = postSolution
		{A251BE3B-7A08-40F6-9163-0F199B5296A2}.Debug|x64.ActiveCfg = Debug|x64
		{A251BE3B-7A08-40F6-9163-0F199B5296A2}.Debug|x64.Build.0 = Debug|x64
		{A251BE3B-7A08-40F6-9163-0F199B5296A2}.Debug|x86.ActiveCfg = Debug|Win32
		{A251BE3B-7A08-40F6-9163-0F199B5296A2}.Debug|x86.Build.0 = Debug|Win32
		{A251BE3B-7A08-40F6-9163-0F199B5296A2}.Release|x64.ActiveCfg = Release|x64
		{A251BE3B-7A08-40F6-9163-0F199B5296A2}.Release|x64.Build.0 = Release|x64
		{A251BE3B-7A08-40F6-9163-0F199B5296A2}.Release|x86.ActiveCfg = Release|Win32
		{A251BE3B-7A08-40F6-9163-0F199B5296A2}.Release|x86.Build.0 = Release|Win32
		{9903BC94-295D-4ABB-A370-FF8422B8DE85}.Debug|x64.ActiveCfg = Debug|x64
		{9903BC94-295D-4ABB-A370-FF8422B8DE85}.Debug|x64.Build.0 = Debug|x64
		{9903BC94-295D-4ABB-A370-FF8422B8DE85}.Debug|x86.ActiveCfg = Debug|Win32
		{9903BC94-295D-4ABB-A370-FF8422B8DE85}.Debug|x86.Build.0 = Debug|Win32
		{9903BC94-295D-4ABB-A370-FF8422B8DE85}.Release|x64.ActiveCfg = Release|x64
		{9903BC94-295D-4ABB-A370-FF8422B8DE85}.Release|x64.Build.0 = Release|x64
		{9903BC94-295D-4ABB-A370-FF8422B8DE85}.Release|x86.ActiveCfg = Release|Win32
		{9903BC94-295D-4ABB-A370-FF8422B8DE85}.Release|x86.Build.0 = Release|Win32
		{949C4E02-AD02-4770-8303-B3D2732EBD0D}.Debug|x64.ActiveCfg = Debug|x64
		{949C4E02-AD02-4770-8303-B3D2732EBD0D}.Debug|x64.Build.0 = Debug|x64
		{949C4E02-AD02-4770-8303-B3D2732EBD0D}.Debug|x86.ActiveCfg = Debug|Win32
		{949C4E02-AD02-4770-8303-B3D2732EBD0D}.Debug|x86.Build.0 = Debug|Win32
		{949C4E02-AD02-4770-8303-B3D2732EBD0D}.Release|x64.ActiveCfg = Release|x64
		{949C4E02-AD02-4770-8303-B3D2732EBD0D}.Release|x64.Build.0 = Release|x64
		{949C4E02-AD02-4770-8303-B3D2732EBD0D}.Release|x86.ActiveCfg = Release|Win32
		{949C4E02-AD02-4770-8303-B3D2732EBD0D}.Release|x86.Build.0 = Release|Win32
		{2D29750D-7534-428D-B00F-A73BC08AE379}.Debug|x64.ActiveCfg = Debug|x64
		{2D29750D-7534-428D-B00F-A73BC08AE379}.Debug|x64.Build.0 = Debug|x64
		{2D29750D-7534-428D-B00F-A73BC08AE379}.Debug|x86.ActiveCfg = Debug|Win32
		{2D29750D-7534-428D-B00F-A73BC08AE379}.Debug|x86.Build.0 = Debug|Win32
		{2D29750D-7534-428D-B00F-A73BC08AE379}.Release|x64.ActiveCfg = Release|x64
		{2D29750D-7534-428D-B00F-A73BC08AE379}.Release|x64.Build.0 = Release|x64
		{2D29750D-7534-428D-B00F-A73BC08AE379}.Release|x86.ActiveCfg = Release|Win32
		{2D29750D-7534-428D-B00F-A73BC08AE379}.Release|x86.Build.0 = Release|Win32
		{A6960D55-E7B3-438A-9F38-C52B4683C136}.Debug|x64.ActiveCfg = Debug|x64
		{A6960D55-E7B3-438A-9F38-C52B4683C136}.Debug|x64.Build.0 = Debug|x64
		{A6960D55-E7B3-438A-9F38-C52B4683C136}.Debug|x86.ActiveCfg = Debug|Win32
		{A6960D55-E7B3-438A-9F38-C52B4683C136}.Debug|x86.Build.0 = Debug|Win32
		{A6960D55-E7B3-438A-9F38-C52B4683C136}.Release|x64.ActiveCfg = Release|x64
		{A6960D55-E7B3-438A-9F38-C52B4683C136}.Release|x64.Build.0 = Release|x64
		{A6960D55-E7B3-438A-9F38-C52B4683C136}.Release|x86.ActiveCfg = Release|Win32
		{A6960D55-E7B3-438A-9F38-C52B4683C136}.Release|x86.Build.0 = Release|Win32
		{74A4D26F-CD4F-43D9-AAED-0FBFEEE29A3F}.Debug|x64.ActiveCfg = Debug|x64
		{74A4D26F-CD4F-43D9-AAED-0FBFEEE29A3F}.Debug|x64.Build.0 = Debug|x64
		{74A4D26F-CD4F-43D9-AAED-0FBFEEE29A3F}.Debug|x86.ActiveCfg = Debug|Win32
		{74A4D26F-CD4F-43D9-AAED-0FBFEEE29A3F}.Debug|x86.Build.0 = Debug|Win32
		{74A4D26F-CD4F-43D9-AAED-0FBFEEE29A3F}.Release|x64.ActiveCfg = Release|x64
		{74A4D26F-CD4F-43D9-AAED-0FBFEEE29A3F}.Release|x64.Build.0 = Release|x64
		{74A4D26F-CD4F-43D9-AAED-0FBFEEE29A3F}.Release|x86.ActiveCfg = Release|Win32
		{74A4D26F-CD4F-43D9-AAED-0FBFEEE29A3F}.Release|x86.Build.0 = Release|Win32
		{3DB1B3FE-7958-40C2-A324-4FB5B2EE933B}.Debug|x64.ActiveCfg = Debug|x64
		{3DB1B3FE-7958-40C2-A324-4FB5B2EE933B}.Debug|x64.Build.0 = Debug|x64
		{3DB1B3FE-7958-40C2-A324-4FB5B2EE933B}.Debug|x86.ActiveCfg = Debug|Win32
		{3DB1B3FE-7958-40C2-A324-4FB5B2EE933B}.Debug|x86.Build.0 = Debug|Win32
		{3DB1B3FE-7958-40C2-A324-4FB5B2EE933B}.Release|x64.ActiveCfg = Release|x64
		{3DB1B3FE-7958-40C2-A324-4FB5B2EE933B}.Release|x64.Build.0 = Release|x64
		{3DB1B3FE-7958-40C2-A324-4FB5B2EE933B}.Release|x86.ActiveCfg = Release|Win32
		{3DB1B3FE-7958-40C2-A324-4FB5B2EE933B}.Release|x86.Build.0 = Release|Win32
		{F8AD2CE5-4941-44D4-9F2B-9BAB68C454D2}.Debug|x64.ActiveCfg = Debug|x64
		{F8AD2CE5-4941-44D4-9F2B-9BAB68C454D2}.Debug|x64.Build.0 = Debug|x64
		{F8AD2CE5-4941-44D4-9F2B-9BAB68C454D2}.Debug|x86.ActiveCfg = Debug|Win32
		{F8AD2CE5-4941-44D4-9F2B-9BAB68C454D2}.Debug|x86.Build.0 = Debug|Win32
		{F8AD2CE5-4941-44D4-9F2B-9BAB68C454D2}.Release|x64.ActiveCfg = Release|x64
		{F8AD2CE5-4941-44D4-9F2B-9BAB68C454D2}.Release|x64.Build.0 = Release|x64
		{F8AD2CE5-4941-44D4-9F2B-9BAB68C454D2}.Release|x86.ActiveCfg = Release|Win32
		{F8AD2CE5-4941-44D4-9F2B-9BAB68C454D2}.Release|x86.Build.0 = Release|Win32
		{75CF4E77-B541-4085-893B-7299FCE132F2}.Debug|x64.ActiveCfg = Debug|x64
		{75CF4E77-B541-4085-893B-7299FCE132F2}.Debug|x64.Build.0 = Debug|x64
		{75CF4E77-B541-4085-893B-7299FCE132F2}.Debug|x86.ActiveCfg = Debug|Win32
		{75CF4E77-B541-4085-893B-7299FCE132F2}.Debug|x86.Build.0 = Debug|Win32
		{75CF4E77-B541-4085-893B-7299FCE132F2}.Release|x64.ActiveCfg = Release|x64
		{75CF4E77-B541-4085-893B-7299FCE132F2}.Release|x64.Build.0 = Release|x64
		{75CF4E77-B541-4085-893B-7299FCE132F2}.Release|x86.ActiveCfg = Release|Win32
		{75CF4E77-B541-4085-893B-7299FCE132F2}.Release|x86.Build.0 = Release|Win32
		{F869EBB2-F08C-4839-AF50-A2CCD07816A8}.Debug|x64.ActiveCfg = Debug|x64
		{F869EBB2-F08C-4839-AF50-A2CCD07816A8}.Debug|x64.Build.0 = Debug|x64
		{F869EBB2-F08C-4839-AF50-A2CCD07816A8}.Debug|x86.ActiveCfg = Debug|Win32
		{F869EBB2-F08C-4839-AF50-A2CCD07816A8}.Debug|x86.Build.0 = Debug|Win32
		{F869EBB2-F08C-4839-AF50-A2CCD07816A8}.Release|x64.ActiveCfg = Release|x64
		{F869EBB2-F08C-4839-AF50-A2CCD07816A8}.Release|x64.Build.0 = Release|x64
		{F869EBB2-F08C-4839-AF50-A2CCD07816A8}.Release|x86.ActiveCfg = Release|Win32
		{F869EBB2-F08C-4839-AF50-A2CCD07816A8}.Release|x86.Build.0 = Release|Win32
		{B2788763-78AC-479B-872E-E6F3EFC37DB8}.Debug|x64.ActiveCfg = Debug|x64
		{B2788763-78AC-479B-872E-E6F3EFC37DB8}.Debug|x64.Build.0 = Debug|x64
		{B2788763-78AC-479B-872E-E6F3EFC37DB8}.Debug|x86.ActiveCfg = Debug|Win32
		{B2788763-78AC-479B-872E-E6F3EFC37DB8}.Debug|x86.Build.0 = Debug|Win32
		{B2788763-78AC-479B-872E-E6F3EFC37DB8}.Release|x64.ActiveCfg = Release|x64
		{B2788763-78AC-479B-872E-E6F3EFC37DB8}.Release|x64.Build.0 = Release|x64
		{B2788763-78AC-479B-872E-E6F3EFC37DB8}.Release|x86.ActiveCfg = Release|Win32
		{B2788763-78AC-479B-872E-E6F3EFC37DB8}.Release|x86.Build.0 = Release|Win32
		{F6B9A1B0-8102-4830-A4DB-ABFFDB055B70}.Debug|x64.ActiveCfg = Debug|x64
		{F6B9A1B0-8102-4830-A4DB-ABFFDB055B70}.Debug|x64.Build.0 = Debug|x64
		{F6B9A1B0-8102-4830-A4DB-ABFFDB055B70}.Debug|x86.ActiveCfg = Debug|Win32
		{F6B9A1B0-8102-4830-A4DB-ABFFDB055B70}.Debug|x86.Build.0 = Debug|Win32
		{F6B9A1B0-8102-4830-A4DB-ABFFDB055B70}.Release|x64.ActiveCfg = Release|x64
		{F6B9A1B0-8102-4830-A4DB-ABFFDB055B70}.Release|x64.Build.0 = Release|x64
		{F6B9A1B0-8102-4830-A4DB-ABFFDB055B70}.Release|x86.ActiveCfg = Release|Win32
		{F6B9A1B0-8102-4830-A4DB-ABFFDB055B70}.Release|x86.Build.0 = Release|Win32
		{9B8E98E2-70A7-47B5-B0E8-E2FEF2CD6361}.Debug|x64.ActiveCfg = Debug|x64
		{9B8E98E2-70A7-47B5-B0E8-E2FEF2CD6361}.Debug|x64.Build.0 = Debug|x64
		{9B8E98E2-70A7-47B5-B0E8-E2FEF2CD6361}.Debug|x86.ActiveCfg = Debug|Win32
		{9B8E98E2-70A7-47B5-B0E8-E2FEF2CD6361}.Debug|x86.Build.0 = Debug|Win32
		{9B8E98E2-70A7-47B5-B0E8-E2FEF2CD6361}.Release|x64.ActiveCfg = Release|x64
		{9B8E98E2-70A7-47B5-B0E8-E2FEF2CD6361}.Release|x64.Build.0 = Release|x64
		{9B8E98E2-70A7-47B5-B0E8-E2FEF2CD6361}.Release|x86.ActiveCfg = Release|Win32
		{9B8E98E2-70A7-47B5-B0E8-E2FEF2CD6361}.Release|x86.Build.0 = Release|Win32
		{8B9A9D98-0D9F-4EF5-9D2A-50AADB497EAA}.Debug|x64.ActiveCfg = Debug|x64
		{8B9A9D98-0D9F-4EF5-9D2A-50AADB497EAA}.Debug|x64.Build.0 = Debug|x64
		{8B9A9D98-0D9F-4EF5-9D2A-50AADB497EAA}.Debug|x86.ActiveCfg = Debug|Win32
		{8B9A9D98-0D9F-4EF5-9D2A-50AADB497EAA}.Debug|x86.Build.0 = Debug|Win32
		{8B9A9D98-0D9F-4EF5-9D2A-50AADB497EAA}.Release|x64.ActiveCfg = Release|x64
		{8B9A9D98-0D9F-4EF5-9D2A-50AADB497EAA}.Release|x64.Build.0 = Release|x64
		{8B9A9D98-0D9F-4EF5-9D2A-50AADB497EAA}.Release|x86.ActiveCfg = Release|Win32
		{8B9A9D98-0D9F-4EF5-9D2A-50AADB497EAA}.Release|x86.Build.0 = Release|Win32
		{40C50F02-61CF-4B32-B466-43D063F73D71}.Debug|x64.ActiveCfg = Debug|x64
		{40C50F02-61CF-4B32-B466-43D063F73D71}.Debug|x64.Build.0 = Debug|x64
		{40C50F02-61CF-4B32-B466-43D063F73D71}.Debug|x86.ActiveCfg = Debug|Win32
		{40C50F02-61CF-4B32-B466-43D063F73D71}.Debug|x86.Build.0 = Debug|Win32
		{40C50F02-61CF-4B32-B466-43D063F73D71}.Release|x64.ActiveCfg = Release|x64
		{40C50F02-61CF-4B32-B466-43D063F73D71}.Release|x64.Build.0 = Release|x64
		{40C50F02-61CF-4B32-B466-43D063F73D71}.Release|x86.ActiveCfg = Release|Win32
		{40C50F02-61CF-4B32-B466-43D063F73D71}.Release|x86.Build.0 = Release|Win32
		{8C77F681-988F-4428-97CE-F698C51AC8B7}.Debug|x64.ActiveCfg = Debug|x64
		{8C77F681-988F-4428-97CE-F698C51AC8B7}.Debug|x64.Build.0 = Debug|x64
		{8C77F681-988F-4428-97CE-F698C51AC8B7}.Debug|x86.ActiveCfg = Debug|Win32
		{8C77F681-988F-4428-97CE-F698C51AC8B7}.Debug|x86.Build.0 = Debug|Win32
		{8C77F681-988F-4428-97CE-F698C51AC8B7}.Release|x64.ActiveCfg = Release|x64
		{8C77F681-988F-4428-97CE-F698C51AC8B7}.Release|x64.Build.0 = Release|x64
		{8C77F681-988F-4428-97CE-F698C51AC8B7}.Release|x86.ActiveCfg = Release|Win32
		{8C77F681-988F-4428-97CE-F698C51AC8B7}.Release|x86.Build.0 = Release|Win32
		{3B1343BF-BBEC-41DF-9D73-DB1D61BBB729}.Debug|x64.ActiveCfg = Debug|x64
		{3B1343BF-BBEC-41DF-9D73-DB1D61BBB729}.Debug|x64.Build.0 = Debug|x64
		{3B1343BF-BBEC-41DF-9D73-DB1D61BBB729}.Debug|x86.ActiveCfg = Debug|Win32
		{3B1343BF-BBEC-41DF-9D73-DB1D61BBB729}.Debug|x86.Build.0 = Debug|Win32
		{3B1343BF-BBEC-41DF-9D73-DB1D61BBB729}.Release|x64.ActiveCfg = Release|x64
		{3B1343BF-BBEC-41DF-9D73-DB1D61BBB729}.Release|x64.Build.0 = Release|x64
		{3B1343BF-BBEC-41DF-9D73-DB1D61BBB729}.Release|x86.ActiveCfg = Release|Win32
		{3B1343BF-BBEC-41DF-9D73-DB1D61BBB729}.Release|x86.Build.0 = Release|Win32
		{C0EC7B96-658C-4886-B185-117D47E5B614}.Debug|x64.ActiveCfg = Debug|x64
		{C0EC7B96-658C-4886-B185-117D47E5B614}.Debug|x64.Build.0 = Debug|x64
		{C0EC7B96-658C-4886-B185-117D47E5B614}.Debug|x86.ActiveCfg = Debug|Win32
		{C0EC7B96-658C-4886-B185-117D47E5B614}.Debug|x86.Build.0 = Debug|Win32
		{C0EC7B96-658C-4886-B185-117D47E5B614}.Release|x64.ActiveCfg = Release|x64
		{C0EC7B96-658C-4886-B185-117D47E5B614}.Release|x64.Build.0 = Release|x64
		{C0EC7B96-658C-4886-B185-117D47E5B614}.Release|x86.ActiveCfg = Release|Win32
		{C0EC7B96-658C-4886-B185-117D47E5B614}.Release|x86.Build.0 = Release|Win32
		{E954F2B7-4716-4036-AE57-167EE6E167A2}.Debug|x64.ActiveCfg = Debug|x64
		{E954F2B7-4716-4036-AE57-167EE6E167A2}.Debug|x64.Build.0 = Debug|x64
		{E954F2B7-4716-4036-AE57-167EE6E167A2}.Debug|x86.ActiveCfg = Debug|Win32
		{E954F2B7-4716-4036-AE57-167EE6E167A2}.Debug|x86.Build.0 = Debug|Win32
		{E954F2B7-4716-4036-AE57-167EE6E167A2}.Release|x64.ActiveCfg = Release|x64
		{E954F2B7-4716-4036-AE57-167EE6E167A2}.Release|x64.Build.0 = Release|x64
		{E954F2B7-4716-4036-AE57-167EE6E167A2}.Release|x86.ActiveCfg = Release|Win32
		{E954F2B7-4716-4036-AE57-167EE6E167A2}.Release|x86.Build.0 = Release|Win32
		{67C825B8-544A-40FA-99ED-0E51CF1B400A}.Debug|x64.ActiveCfg = Debug|x64
		{67C825B8-544A-40FA-99ED-0E51CF1B400A}.Debug|x64.Build.0 = Debug|x64
		{67C825B8-544A-40FA-99ED-0E51CF1B400A}.Debug|x86.ActiveCfg = Debug|Win32
		{67C825B8-544A-40FA-99ED-0E51CF1B400A}.Debug|x86.Build.0 = Debug|Win32
		{67C825B8-544A-40FA-99ED-0E51CF1B400A}.Release|x64.ActiveCfg = Release|x64
		{67C825B8-544A-40FA-99ED-0E51CF1B400A}.Release|x64.Build.0 = Release|x64
		{67C825B8-544A-40FA-99ED-0E51CF1B400A}.Release|x86.ActiveCfg = Release|Win32
		{67C825B8-544A-40FA-99ED-0E51CF1B400A}.Release|x86.Build.0 = Release|Win32
		{71AB30C2-4B90-497B-AEDF-01DA702FCA63}.Debug|x64.ActiveCfg = Debug|x64
		{71AB30C2-4B90-497B-AEDF-01DA702FCA63}.Debug|x64.Build.0 = Debug|x64
		{71AB30C2-4B90-497B-AEDF-01DA702FCA63}.Debug|x86.ActiveCfg = Debug|Win32
		{71AB30C2-4B90-497B-AEDF-01DA702FCA63}.Debug|x86.Build.0 = Debug|Win32
		{71AB30C2-4B90-497B-AEDF-01DA702FCA63}.Release|x64.ActiveCfg = Release|x64
		{71AB30C2-4B90-497B-AEDF-01DA702FCA63}.Release|x64.Build.0 = Release|x64
		{71AB30C2-4B90-497B-AEDF-01DA702FCA63}.Release|x86.ActiveCfg = Release|Win32
		{71AB30C2-4B90-497B-AEDF-01DA702FCA63}.Release|x86.Build.0 = Release|Win32
		{578F2908-AB30-438F-8AA6-FBB9FCD4F49A}.Debug|x64.ActiveCfg = Debug|x64
		{578F2908-AB30-438F-8AA6-FBB9FCD4F49A}.Debug|x64.Build.0 = Debug|x64
		{578F2908-AB30-438F-8AA6-FBB9FCD4F49A}.Debug|x86.ActiveCfg = Debug|Win32
		{578F2908-AB30-438F-8AA6-FBB9FCD4F49A}.Debug|x86.Build.0 = Debug|Win32
		{578F2908-AB30-438F-8AA6-FBB9FCD4F49A}.Release|x64.ActiveCfg = Release|x64
		{578F2908-AB30-438F-8AA6-FBB9FCD4F49A}.Release|x64.Build.0 = Release|x64
		{578F2908-AB30-438F-8AA6-FBB9FCD4F49A}.Release|x86.ActiveCfg = Release|Win32
		{578F2908-AB30-438F-8AA6-FBB9FCD4F49A}.Release|x86.Build.0 = Release|Win32
		{1CAE3B7C-41DB-4985-975F-1A2DBACBD887}.Debug|x64.ActiveCfg = Debug|x64
		{1CAE3B7C-41DB-4985-975F-1A2DBACBD887}.Debug|x64.Build.0 = Debug|x64
		{1CAE3B7C-41DB-4985-975F-1A2DBACBD887}.Debug|x86.ActiveCfg = Debug|Win32
		{1CAE3B7C-41DB-4985-975F-1A2DBACBD887}.Debug|x86.Build.0 = Debug|Win32
		{1CAE3B7C-41DB-4985-975F-1A2DBACBD887}.Release|x64.ActiveCfg = Release|x64
		{1CAE3B7C-41DB-4985-975F-1A2DBACBD887}.Release|x64.Build.0 = Release|x64
		{1CAE3B7C-41DB-4985-975F-1A2DBACBD887}.Release|x86.ActiveCfg = Release|Win32
		{1CAE3B7C-41DB-4985-975F-1A2DBACBD887}.Release|x86.Build.0 = Release|Win32
		{0BF95DC1-21AF-4B47-925D-668A8D9BEBE4}.Debug|x64.ActiveCfg = Debug|x64
		{0BF95DC1-21AF-4B47-925D-668A8D9BEBE4}.Debug|x64.Build.0 = Debug|x64
		{0BF95DC1-21AF-4B47-925D-668A8D9BEBE4}.Debug|x86.ActiveCfg = Debug|Win32
		{0BF95DC1-21AF-4B47-925D-668A8D9BEBE4}.Debug|x86.Build.0 = Debug|Win32
		{0BF95DC1-21AF-4B47-925D-668A8D9BEBE4}.Release|x64.ActiveCfg = Release|x64
		{0BF95DC1-21AF-4B47-925D-668A8D9BEBE4}.Release|x64.Build.0 = Release|x64
		{0BF95DC1-21AF-4B47-925D-668A8D9BEBE4}.Release|x86.ActiveCfg = Release|Win32
		{0BF95DC1-21AF-4B47-925D-668A8D9BEBE4}.Release|x86.Build.0 = Release|Win32
		{4060E7AC-2C01-46EA-82BD-0D677F53B627}.Debug|x64.ActiveCfg = Debug|x64
		{4060E7AC-2C01-46EA-82BD-0D677F53B627}.Debug|x64.Build.0 = Debug|x64
		{4060E7AC-2C01-46EA-82BD-0D677F53B627}.Debug|x86.ActiveCfg = Debug|Win32
		{4060E7AC-2C01-46EA-82BD-0D677F53B627}.Debug|x86.Build.0 = Debug|Win32
		{4060E7AC-2C01-46EA-82BD-0D677F53B627}.Release|x64.ActiveCfg = Release|x64
		{4060E7AC-2C01-46EA-82BD-0D677F53B627}.Release|x64.Build.0 = Release|x64
		{4060E7AC-2C01-46EA-82BD-0D677F53B627}.Release|x86.ActiveCfg = Release|Win32
		{4060E7AC-2C01-46EA-82BD-0D677F53B627}.Release|x86.Build.0 = Release|Win32
		{C5EAC982-F6B8-4263-BF70-F94E225AC053}.Debug|x64.ActiveCfg = Debug|x64
		{C5EAC982-F6B8-4263-BF70-F94E225AC053}.Debug|x64.Build.0 = Debug|x64
		{C5EAC982-F6B8-4263-BF70-F94E225AC053}.Debug|x86.ActiveCfg = Debug|Win32
		{C5EAC982-F6B8-4263-BF70-F94E225AC053}.Debug|x86.Build.0 = Debug|Win32
		{C5EAC982-F6B8-4263-BF70-F94E225AC053}.Release|x64.ActiveCfg = Release|x64
		{C5EAC982-F6B8-4263-BF70-F94E225AC053}.Release|x64.Build.0 = Release|x64
		{C5EAC982-F6B8-4263-BF70-F94E225AC053}.Release|x86.ActiveCfg = Release|Win32
		{C5EAC982-F6B8-4263-BF70-F94E225AC053}.Release|x86.Build.0 = Release|Win32
		{CC1AF99D-C087-4DC9-B7DF-BF2BE5B81977}.Debug|x64.ActiveCfg = Debug|x64
		{CC1AF99D-C087-4DC9-B7DF-BF2BE5B81977}.Debug|x64.Build.0 = Debug|x64
		{CC1AF99D-C087-4DC9-B7DF-BF2BE5B81977}.Debug|x86.ActiveCfg = Debug|Win32
		{CC1AF99D-C087-4DC9-B7DF-BF2BE5B81977}.Debug|x86.Build.0 = Debug|Win32
		{CC1AF99D-C087-4DC9-B7DF-BF2BE5B81977}.Release|x64.ActiveCfg = Release|x64
		{CC1AF99D-C087-4DC9-B7DF-BF2BE5B81977}.Release|x64.Build.0 = Release|x64
		{CC1AF99D-C087-4DC9-B7DF-BF2BE5B81977}.Release|x86.ActiveCfg = Release|Win32
		{CC1AF99D-C087-4DC9-B7DF-BF2BE5B81977}.Release|x86.Build.0 = Release|Win32
		{FD41AA3D-4DC5-4DF6-A4F8-724979B5DFB7}.Debug|x64.ActiveCfg = Debug|x64
		{FD41AA3D-4DC5-4DF6-A4F8-724979B5DFB7}.Debug|x64.Build.0 = Debug|x64
		{FD41AA3D-4DC5-4DF6-A4F8-724979B5DFB7}.Debug|x86.ActiveCfg = Debug|Win32
		{FD41AA3D-4DC5-4DF6-A4F8-724979B5DFB7}.Debug|x86.Build.0 = Debug|Win32
		{FD41AA3D-4DC5-4DF6-A4F8-724979B5DFB7}.Release|x64.ActiveCfg = Release|x64
		{FD41AA3D-4DC5-4DF6-A4F8-724979B5DFB7}.Release|x64.Build.0 = Release|x64
		{FD41AA3D-4DC5-4DF6-A4F8-724979B5DFB7}.Release|x86.ActiveCfg = Release|Win32
		{FD41AA3D-4DC5-4DF6-A4F8-724979B5DFB7}.Release|x86.Build.0 = Release|Win32
		{59726D82-4306-431C-AA60-B3B8377027A9}.Debug|x64.ActiveCfg = Debug|x64
		{59726D82-4306-431C-AA60-B3B8377027A9}.Debug|x64.Build.0 = Debug|x64
		{59726D82-4306-431C-AA60-B3B8377027A9}.Debug|x86.ActiveCfg = Debug|Win32
		{59726D82-4306-431C-AA60-B3B8377027A9}.Debug|x86.Build.0 = Debug|Win32
		{59726D82-4306-431C-AA60-B3B8377027A9}.Release|x64.ActiveCfg = Release|x64
		{59726D82-4306-431C-AA60-B3B8377027A9}.Release|x64.Build.0 = Release|x64
		{59726D82-4306-431C-AA60-B3B8377027A9}.Release|x86.ActiveCfg = Release|Win32
		{59726D82-4306-431C-AA60-B3B8377027A9}.Release|x86.Build.0 = Release|Win32
		{8DAE9C74-8FAB-4CC9-973F-664583190516}.Debug|x64.ActiveCfg = Debug|x64
		{8DAE9C74-8FAB-4CC9-973F-664583190516}.Debug|x64.Build.0 = Debug|x64
		{8DAE9C74-8FAB-4CC9-973F-664583190516}.Debug|x86.ActiveCfg = Debug|Win32
		{8DAE9C74-8FAB-4CC9-973F-664583190516}.Debug|x86.Build.0 = Debug|Win32
		{8DAE9C74-8FAB-4CC9-973F-664583190516}.Release|x64.ActiveCfg = Release|x64
		{8DAE9C74-8FAB-4CC9-973F-664583190516}.Release|x64.Build.0 = Release|x64
		{8DAE9C74-8FAB-4CC9-973F-664583190516}.Release|x86.ActiveCfg = Release|Win32
		{8DAE9C74-8FAB-4CC9-973F-664583190516}.Release|x86.Build.0 = Release|Win32
		{12E417C1-F2E0-4442-BFB2-5BFD571AFF8C}.Debug|x64.ActiveCfg = Debug|x64
		{12E417C1-F2E0-4442-BFB2-5BFD571AFF8C}.Debug|x64.Build.0 = Debug|x64
		{12E417C1-F2E0-4442-BFB2-5BFD571AFF8C}.Debug|x86.ActiveCfg = Debug|Win32
		{12E417C1-F2E0-4442-BFB2-5BFD571AFF8C}.Debug|x86.Build.0 = Debug|Win32
		{12E417C1-F2E0-4442-BFB2-5BFD571AFF8C}.Release|x64.ActiveCfg = Release|x64
		{12E417C1-F2E0-4442-BFB2-5BFD571AFF8C}.Release|x64.Build.0 = Release|x64
		{12E417C1-F2E0-4442-BFB2-5BFD571AFF8C}.Release|x86.ActiveCfg = Release|Win32
		{12E417C1-F2E0-4442-BFB2-5BFD571AFF8C}.Release|x86.Build.0 = Release|Win32
		{78F73A57-9BD0-4AA8-965D-DDF4573E82CE}.Debug|x64.ActiveCfg = Debug|x64
		{78F73A57-9BD0-4AA8-965D-DDF4573E82CE}.Debug|x64.Build.0 = Debug|x64
		{78F73A57-9BD0-4AA8-965D-DDF4573E82CE}.Debug|x86.ActiveCfg = Debug|Win32
		{78F73A57-9BD0-4AA8-965D-DDF4573E82CE}.Debug|x86.Build.0 = Debug|Win32
		{78F73A57-9BD0-4AA8-965D-DDF4573E82CE}.Release|x64.ActiveCfg = Release|x64
		{78F73A57-9BD0-4AA8-965D-DDF4573E82CE}.Release|x64.Build.0 = Release|x64
		{78F73A57-9BD0-4AA8-965D-DDF4573E82CE}.Release|x86.ActiveCfg = Release|Win32
		{78F73A57-9BD0-4AA8-965D-DDF4573E82CE}.Release|x86.Build.0 = Release|Win32
		{3C364F21-5AFB-49D3-915E-7E7762A83BCF}.Debug|x64.ActiveCfg = Debug|x64
		{3C364F21-5AFB-49D3-915E-7E7762A83BCF}.Debug|x64.Build.0 = Debug|x64
		{3C364F21-5AFB-49D3-915E-7E7762A83BCF}.Debug|x86.ActiveCfg = Debug|Win32
		{3C364F21-5AFB-49D3-915E-7E7762A83BCF}.Debug|x86.Build.0 = Debug|Win32
		{3C364F21-5AFB-49D3-915E-7E7762A83BCF}.Release|x64.ActiveCfg = Release|x64
		{3C364F21-5AFB-49D3-915E-7E7762A83BCF}.Release|x64.Build.0 = Release|x64
		{3C364F21-5AFB-49D3-915E-7E7762A83BCF}.Release|x86.ActiveCfg = Release|Win32
		{3C364F21-5AFB-49D3-915E-7E7762A83BCF}.Release|x86.Build.0 = Release|Win32
		{6EA91771-D681-4171-B075-2C4C406E532A}.Debug|x64.ActiveCfg = Debug|x64
		{6EA91771-D681-4171-B075-2C4C406E532A}.Debug|x64.Build.0 = Debug|x64
		{6EA91771-D681-4171-B075-2C4C406E532A}.Debug|x86.ActiveCfg = Debug|Win32
		{6EA91771-D681-4171-B075-2C4C406E532A}.Debug|x86.Build.0 = Debug|Win32
		{6EA91771-D681-4171-B075-2C4C406E532A}.Release|x64.ActiveCfg = Release|x64
		{6EA91771-D681-4171-B075-2C4C406E532A}.Release|x64.Build.0 = Release|x64
		{6EA91771-D681-4171-B075-2C4C406E532A}.Release|x86.ActiveCfg = Release|Win32
		{6EA91771-D681-4171-B075-2C4C406E532A}.Release|x86.Build.0 = Release|Win32
		{61A95725-C297-4341-9367-60B601C415C6}.Debug|x64.ActiveCfg = Debug|x64
		{61A95725-C297-4341-9367-60B601C415C6}.Debug|x64.Build.0 = Debug|x64
		{61A95725-C297-4341-9367-60B601C415C6}.Debug|x86.ActiveCfg = Debug|Win32
		{61A95725-C297-4341-9367-60B601C415C6}.Debug|x86.Build.0 = Debug|Win32
		{61A95725-C297-4341-9367-60B601C415C6}.Release|x64.ActiveCfg = Release|x64
		{61A95725-C297-4341-9367-60B601C415C6}.Release|x64.Build.0 = Release|x64
		{61A95725-C297-4341-9367-60B601C415C6}.Release|x86.ActiveCfg = Release|Win32
		{61A95725-C297-4341-9367-60B601C415C6}.Release|x86.Build.0 = Release|Win32
		{0CF76287-E559-43D4-84A8-B09DB0D2C286}.Debug|x64.ActiveCfg = Debug|x64
		{0CF76287-E559-43D4-84A8-B09DB0D2C286}.Debug|x64.Build.0 = Debug|x64
		{0CF76287-E559-43D4-84A8-B09DB0D2C286}.Debug|x86.ActiveCfg = Debug|Win32
		{0CF76287-E559-43D4-84A8-B09DB0D2C286}.Debug|x86.Build.0 = Debug|Win32
		{0CF76287-E559-43D4-84A8-B09DB0D2C286}.Release|x64.ActiveCfg = Release|x64
		{0CF76287-E559-43D4-84A8-B09DB0D2C286}.Release|x64.Build.0 = Release|x64
		{0CF76287-E559-43D4-84A8-B09DB0D2C286}.Release|x86.ActiveCfg = Release|Win32
		{0CF76287-E559-43D4-84A8-B09DB0D2C286}.Release|x86.Build.0 = Release|Win32
		{F4773039-F7DB-447B-9C17-FF6997FC985C}.Debug|x64.ActiveCfg = Debug|x64
		{F4773039-F7DB-447B-9C17-FF6997FC985C}.Debug|x64.Build.0 = Debug|x64
		{F4773039-F7DB-447B-9C17-FF6997FC985C}.Debug|x86.ActiveCfg = Debug|Win32
		{F4773039-F7DB-447B-9C17-FF6997FC985C}.Debug|x86.Build.0 = Debug|Win32
		{F4773039-F7DB-447B-9C17-FF6997FC985C}.Release|x64.ActiveCfg = Release|x64
		{F4773039-F7DB-447B-9C17-FF6997FC985C}.Release|x64.Build.0 = Release|x64
		{F4773039-F7DB-447B-9C17-FF6997FC985C}.Release|x86.ActiveCfg = Release|Win32
		{F4773039-F7DB-447B-9C17-FF6997FC985C}.Release|x86.Build.0 = Release|Win32
		{5F441C1F-198F-46DD-AF58-4752E7CE17B9}.Debug|x64.ActiveCfg = Debug|x64
		{5F441C1F-198F-46DD-AF58-4752E7CE17B9}.Debug|x64.Build.0 = Debug|x64
		{5F441C1F-198F-46DD-AF58-4752E7CE17B9}.Debug|x86.ActiveCfg = Debug|Win32
		{5F441C1F-198F-46DD-AF58-4752E7CE17B9}.Debug|x86.Build.0 = Debug|Win32
		{5F441C1F-198F-46DD-AF58-4752E7CE17B9}.Release|x64.ActiveCfg = Release|x64
		{5F441C1F-198F-46DD-AF58-4752E7CE17B9}.Release|x64.Build.0 = Release|x64
		{5F441C1F-198F-46DD-AF58-4752E7CE17B9}.Release|x86.ActiveCfg = Release|Win32
		{5F441C1F-198F-46DD-AF58-4752E7CE17B9}.Release|x86.Build.0 = Release|Win32
		{DBF6CD55-6C5B-4A3B-BB0B-91E1678AAB6D}.Debug|x64.ActiveCfg = Debug|x64
		{DBF6CD55-6C5B-4A3B-BB0B-91E1678AAB6D}.Debug|x64.Build.0 = Debug|x64
		{DBF6CD55-6C5B-4A3B-BB0B-91E1678AAB6D}.Debug|x86.ActiveCfg = Debug|Win32
		{DBF6CD55-6C5B-4A3B-BB0B-91E1678AAB6D}.Debug|x86.Build.0 = Debug|Win32
		{DBF6CD55-6C5B-4A3B-BB0B-91E1678AAB6D}.Release|x64.ActiveCfg = Release|x64
		{DBF6CD55-6C5B-4A3B-BB0B-91E1678AAB6D}.Release|x64.Build.0 = Release|x64
		{DBF6CD55-6C5B-4A3B-BB0B-91E1678AAB6D}.Release|x86.ActiveCfg = Release|Win32
		{DBF6CD55-6C5B-4A3B-BB0B-91E1678AAB6D}.Release|x86.Build.0 = Release|Win32
	EndGlobalSection
	GlobalSection(SolutionProperties) = preSolution
		HideSolutionNode = FALSE
	EndGlobalSection
	GlobalSection(ExtensibilityGlobals) = postSolution
		SolutionGuid = {7986EC25-9CE9-46D5-9702-A399F585701F}
	EndGlobalSection
EndGlobal
