
Microsoft Visual Studio Solution File, Format Version 12.00
# Visual Studio Version 17
VisualStudioVersion = 17.7.34031.279
MinimumVisualStudioVersion = 10.0.40219.1
Project("{8BC9CEB8-8B4A-11D0-8D11-00A0C91BC942}") = "Bai001", "Bai001\Bai001.vcxproj", "{844B31B6-566F-4371-991A-5C69F0FFD171}"
EndProject
Project("{8BC9CEB8-8B4A-11D0-8D11-00A0C91BC942}") = "Bai002", "Bai002\Bai002.vcxproj", "{EDF0A2D8-BEA6-42C9-A546-68FED9CCEF51}"
EndProject
Project("{8BC9CEB8-8B4A-11D0-8D11-00A0C91BC942}") = "Bai003", "Bai003\Bai003.vcxproj", "{51C1EAB4-7794-4077-A8CB-3E37ABFCA532}"
EndProject
Project("{8BC9CEB8-8B4A-11D0-8D11-00A0C91BC942}") = "Bai004", "Bai004\Bai004.vcxproj", "{C7861145-5C29-495D-9302-C7064F338796}"
EndProject
Project("{8BC9CEB8-8B4A-11D0-8D11-00A0C91BC942}") = "Bai005", "Bai005\Bai005.vcxproj", "{1A70C6E8-6D09-4D6A-BF9F-880B88199750}"
EndProject
Project("{8BC9CEB8-8B4A-11D0-8D11-00A0C91BC942}") = "Bai006", "Bai006\Bai006.vcxproj", "{F4EE0FFA-7E94-4D39-9874-9AD5223DE46F}"
EndProject
Project("{8BC9CEB8-8B4A-11D0-8D11-00A0C91BC942}") = "Bai007", "Bai007\Bai007.vcxproj", "{36B86C75-9E53-49E6-A470-8FD587569F75}"
EndProject
Project("{8BC9CEB8-8B4A-11D0-8D11-00A0C91BC942}") = "Bai008", "Bai008\Bai008.vcxproj", "{69A96BBC-BEAB-4B5D-83B6-4A95FE4165C9}"
EndProject
Project("{8BC9CEB8-8B4A-11D0-8D11-00A0C91BC942}") = "Bai009", "Bai009\Bai009.vcxproj", "{3733F93A-5251-44BA-840D-E49A6911C231}"
EndProject
Project("{8BC9CEB8-8B4A-11D0-8D11-00A0C91BC942}") = "Bai010", "Bai010\Bai010.vcxproj", "{3ADD1F6F-DC8E-4460-AC61-E2CBDDCBB57B}"
EndProject
Project("{8BC9CEB8-8B4A-11D0-8D11-00A0C91BC942}") = "Bai011", "Bai011\Bai011.vcxproj", "{38C6BE3D-8731-4881-9D7C-B5489DC3E980}"
EndProject
Project("{8BC9CEB8-8B4A-11D0-8D11-00A0C91BC942}") = "Bai012", "Bai012\Bai012.vcxproj", "{53D659AF-52D3-4A4A-B272-1825C345D728}"
EndProject
Project("{8BC9CEB8-8B4A-11D0-8D11-00A0C91BC942}") = "Bai013", "Bai013\Bai013.vcxproj", "{18F73419-7B81-4CA9-9553-8452A0568544}"
EndProject
Project("{8BC9CEB8-8B4A-11D0-8D11-00A0C91BC942}") = "Bai014", "Bai014\Bai014.vcxproj", "{7D17D2AA-6BFA-4703-9244-CA1BAC7B9473}"
EndProject
Project("{8BC9CEB8-8B4A-11D0-8D11-00A0C91BC942}") = "Bai015", "Bai015\Bai015.vcxproj", "{601BF3A0-FB8A-4004-A82F-995F7DB97287}"
EndProject
Project("{8BC9CEB8-8B4A-11D0-8D11-00A0C91BC942}") = "Bai016", "Bai016\Bai016.vcxproj", "{5505015A-6BCA-43BE-AB52-392B8142D121}"
EndProject
Project("{8BC9CEB8-8B4A-11D0-8D11-00A0C91BC942}") = "Bai018", "Bai018\Bai018.vcxproj", "{6729D25F-41F4-43BB-9A79-6D07AD0661BE}"
EndProject
Project("{8BC9CEB8-8B4A-11D0-8D11-00A0C91BC942}") = "Bai019", "Bai019\Bai019.vcxproj", "{1995AC02-4979-4842-8088-F0FF2335EB02}"
EndProject
Project("{8BC9CEB8-8B4A-11D0-8D11-00A0C91BC942}") = "Bai020", "Bai020\Bai020.vcxproj", "{D9ADA973-8F06-468C-9A86-36DEBCF82F21}"
EndProject
Project("{8BC9CEB8-8B4A-11D0-8D11-00A0C91BC942}") = "Bai021", "Bai021\Bai021.vcxproj", "{3C82994F-5D76-4672-A31E-36473EB9EBF2}"
EndProject
Project("{8BC9CEB8-8B4A-11D0-8D11-00A0C91BC942}") = "Bai022", "Bai022\Bai022.vcxproj", "{B0E8A346-EC4C-4665-847B-70F58A35F621}"
EndProject
Project("{8BC9CEB8-8B4A-11D0-8D11-00A0C91BC942}") = "Bai023", "Bai023\Bai023.vcxproj", "{CAC8FFDC-4B47-4C51-BE2F-0F1C300859D6}"
EndProject
Project("{8BC9CEB8-8B4A-11D0-8D11-00A0C91BC942}") = "Bai024", "Bai024\Bai024.vcxproj", "{A25AB0DE-0403-49F2-9DC3-CD2BBF2E5851}"
EndProject
Project("{8BC9CEB8-8B4A-11D0-8D11-00A0C91BC942}") = "Bai025", "Bai025\Bai025.vcxproj", "{AE9EBA5D-4AAB-4F10-8F82-223B515EE4C8}"
EndProject
Project("{8BC9CEB8-8B4A-11D0-8D11-00A0C91BC942}") = "Bai026", "Bai026\Bai026.vcxproj", "{1CC9BDE8-4BDD-488D-A2AE-F8CA93580818}"
EndProject
Project("{8BC9CEB8-8B4A-11D0-8D11-00A0C91BC942}") = "Bai027", "Bai027\Bai027.vcxproj", "{E9FDFB9A-C57A-497C-BBD8-6A9E0A38742A}"
EndProject
Project("{8BC9CEB8-8B4A-11D0-8D11-00A0C91BC942}") = "Bai028", "Bai028\Bai028.vcxproj", "{D886E18E-471A-4988-85A6-9D247BD2F7B1}"
EndProject
Project("{8BC9CEB8-8B4A-11D0-8D11-00A0C91BC942}") = "Bai029", "Bai029\Bai029.vcxproj", "{907F2679-0BC0-48B9-9C46-90279C3EAB34}"
EndProject
Project("{8BC9CEB8-8B4A-11D0-8D11-00A0C91BC942}") = "Bai030", "Bai030\Bai030.vcxproj", "{3AE7E787-A718-4395-9201-CC9716028DF7}"
EndProject
Project("{8BC9CEB8-8B4A-11D0-8D11-00A0C91BC942}") = "Bai032", "Bai032\Bai032.vcxproj", "{1DD52385-8260-43CB-A09A-79E46E7752F7}"
EndProject
Project("{8BC9CEB8-8B4A-11D0-8D11-00A0C91BC942}") = "Bai033", "Bai033\Bai033.vcxproj", "{7229D99E-97B6-44E9-9157-519FC99E2F2E}"
EndProject
Project("{8BC9CEB8-8B4A-11D0-8D11-00A0C91BC942}") = "Bai034", "Bai034\Bai034.vcxproj", "{5D7172DD-96B9-47ED-ADB1-83B0D9C770F4}"
EndProject
Project("{8BC9CEB8-8B4A-11D0-8D11-00A0C91BC942}") = "Bai035", "Bai035\Bai035.vcxproj", "{711025AD-4C65-49A5-B185-D6A9CC2A23BA}"
EndProject
Project("{8BC9CEB8-8B4A-11D0-8D11-00A0C91BC942}") = "Bai036", "Bai036\Bai036.vcxproj", "{A06E328A-E79D-4081-AF70-D429A2D1D0F3}"
EndProject
Project("{8BC9CEB8-8B4A-11D0-8D11-00A0C91BC942}") = "Bai037", "Bai037\Bai037.vcxproj", "{3642EC96-46BB-42C6-965E-70A41BC58FBA}"
EndProject
Project("{8BC9CEB8-8B4A-11D0-8D11-00A0C91BC942}") = "Bai038", "Bai038\Bai038.vcxproj", "{424C7791-88C6-4BEE-BEB3-3E7A58FB7FA0}"
EndProject
Project("{8BC9CEB8-8B4A-11D0-8D11-00A0C91BC942}") = "Bai017", "Bai017\Bai017.vcxproj", "{9D549063-B0E3-4743-A99A-7622D9CE47D9}"
EndProject
Project("{8BC9CEB8-8B4A-11D0-8D11-00A0C91BC942}") = "Bai031", "Bai031\Bai031.vcxproj", "{758919DC-7B16-4F8E-98F6-E2FB99B781E2}"
EndProject
Global
	GlobalSection(SolutionConfigurationPlatforms) = preSolution
		Debug|x64 = Debug|x64
		Debug|x86 = Debug|x86
		Release|x64 = Release|x64
		Release|x86 = Release|x86
	EndGlobalSection
	GlobalSection(ProjectConfigurationPlatforms) = postSolution
		{844B31B6-566F-4371-991A-5C69F0FFD171}.Debug|x64.ActiveCfg = Debug|x64
		{844B31B6-566F-4371-991A-5C69F0FFD171}.Debug|x64.Build.0 = Debug|x64
		{844B31B6-566F-4371-991A-5C69F0FFD171}.Debug|x86.ActiveCfg = Debug|Win32
		{844B31B6-566F-4371-991A-5C69F0FFD171}.Debug|x86.Build.0 = Debug|Win32
		{844B31B6-566F-4371-991A-5C69F0FFD171}.Release|x64.ActiveCfg = Release|x64
		{844B31B6-566F-4371-991A-5C69F0FFD171}.Release|x64.Build.0 = Release|x64
		{844B31B6-566F-4371-991A-5C69F0FFD171}.Release|x86.ActiveCfg = Release|Win32
		{844B31B6-566F-4371-991A-5C69F0FFD171}.Release|x86.Build.0 = Release|Win32
		{EDF0A2D8-BEA6-42C9-A546-68FED9CCEF51}.Debug|x64.ActiveCfg = Debug|x64
		{EDF0A2D8-BEA6-42C9-A546-68FED9CCEF51}.Debug|x64.Build.0 = Debug|x64
		{EDF0A2D8-BEA6-42C9-A546-68FED9CCEF51}.Debug|x86.ActiveCfg = Debug|Win32
		{EDF0A2D8-BEA6-42C9-A546-68FED9CCEF51}.Debug|x86.Build.0 = Debug|Win32
		{EDF0A2D8-BEA6-42C9-A546-68FED9CCEF51}.Release|x64.ActiveCfg = Release|x64
		{EDF0A2D8-BEA6-42C9-A546-68FED9CCEF51}.Release|x64.Build.0 = Release|x64
		{EDF0A2D8-BEA6-42C9-A546-68FED9CCEF51}.Release|x86.ActiveCfg = Release|Win32
		{EDF0A2D8-BEA6-42C9-A546-68FED9CCEF51}.Release|x86.Build.0 = Release|Win32
		{51C1EAB4-7794-4077-A8CB-3E37ABFCA532}.Debug|x64.ActiveCfg = Debug|x64
		{51C1EAB4-7794-4077-A8CB-3E37ABFCA532}.Debug|x64.Build.0 = Debug|x64
		{51C1EAB4-7794-4077-A8CB-3E37ABFCA532}.Debug|x86.ActiveCfg = Debug|Win32
		{51C1EAB4-7794-4077-A8CB-3E37ABFCA532}.Debug|x86.Build.0 = Debug|Win32
		{51C1EAB4-7794-4077-A8CB-3E37ABFCA532}.Release|x64.ActiveCfg = Release|x64
		{51C1EAB4-7794-4077-A8CB-3E37ABFCA532}.Release|x64.Build.0 = Release|x64
		{51C1EAB4-7794-4077-A8CB-3E37ABFCA532}.Release|x86.ActiveCfg = Release|Win32
		{51C1EAB4-7794-4077-A8CB-3E37ABFCA532}.Release|x86.Build.0 = Release|Win32
		{C7861145-5C29-495D-9302-C7064F338796}.Debug|x64.ActiveCfg = Debug|x64
		{C7861145-5C29-495D-9302-C7064F338796}.Debug|x64.Build.0 = Debug|x64
		{C7861145-5C29-495D-9302-C7064F338796}.Debug|x86.ActiveCfg = Debug|Win32
		{C7861145-5C29-495D-9302-C7064F338796}.Debug|x86.Build.0 = Debug|Win32
		{C7861145-5C29-495D-9302-C7064F338796}.Release|x64.ActiveCfg = Release|x64
		{C7861145-5C29-495D-9302-C7064F338796}.Release|x64.Build.0 = Release|x64
		{C7861145-5C29-495D-9302-C7064F338796}.Release|x86.ActiveCfg = Release|Win32
		{C7861145-5C29-495D-9302-C7064F338796}.Release|x86.Build.0 = Release|Win32
		{1A70C6E8-6D09-4D6A-BF9F-880B88199750}.Debug|x64.ActiveCfg = Debug|x64
		{1A70C6E8-6D09-4D6A-BF9F-880B88199750}.Debug|x64.Build.0 = Debug|x64
		{1A70C6E8-6D09-4D6A-BF9F-880B88199750}.Debug|x86.ActiveCfg = Debug|Win32
		{1A70C6E8-6D09-4D6A-BF9F-880B88199750}.Debug|x86.Build.0 = Debug|Win32
		{1A70C6E8-6D09-4D6A-BF9F-880B88199750}.Release|x64.ActiveCfg = Release|x64
		{1A70C6E8-6D09-4D6A-BF9F-880B88199750}.Release|x64.Build.0 = Release|x64
		{1A70C6E8-6D09-4D6A-BF9F-880B88199750}.Release|x86.ActiveCfg = Release|Win32
		{1A70C6E8-6D09-4D6A-BF9F-880B88199750}.Release|x86.Build.0 = Release|Win32
		{F4EE0FFA-7E94-4D39-9874-9AD5223DE46F}.Debug|x64.ActiveCfg = Debug|x64
		{F4EE0FFA-7E94-4D39-9874-9AD5223DE46F}.Debug|x64.Build.0 = Debug|x64
		{F4EE0FFA-7E94-4D39-9874-9AD5223DE46F}.Debug|x86.ActiveCfg = Debug|Win32
		{F4EE0FFA-7E94-4D39-9874-9AD5223DE46F}.Debug|x86.Build.0 = Debug|Win32
		{F4EE0FFA-7E94-4D39-9874-9AD5223DE46F}.Release|x64.ActiveCfg = Release|x64
		{F4EE0FFA-7E94-4D39-9874-9AD5223DE46F}.Release|x64.Build.0 = Release|x64
		{F4EE0FFA-7E94-4D39-9874-9AD5223DE46F}.Release|x86.ActiveCfg = Release|Win32
		{F4EE0FFA-7E94-4D39-9874-9AD5223DE46F}.Release|x86.Build.0 = Release|Win32
		{36B86C75-9E53-49E6-A470-8FD587569F75}.Debug|x64.ActiveCfg = Debug|x64
		{36B86C75-9E53-49E6-A470-8FD587569F75}.Debug|x64.Build.0 = Debug|x64
		{36B86C75-9E53-49E6-A470-8FD587569F75}.Debug|x86.ActiveCfg = Debug|Win32
		{36B86C75-9E53-49E6-A470-8FD587569F75}.Debug|x86.Build.0 = Debug|Win32
		{36B86C75-9E53-49E6-A470-8FD587569F75}.Release|x64.ActiveCfg = Release|x64
		{36B86C75-9E53-49E6-A470-8FD587569F75}.Release|x64.Build.0 = Release|x64
		{36B86C75-9E53-49E6-A470-8FD587569F75}.Release|x86.ActiveCfg = Release|Win32
		{36B86C75-9E53-49E6-A470-8FD587569F75}.Release|x86.Build.0 = Release|Win32
		{69A96BBC-BEAB-4B5D-83B6-4A95FE4165C9}.Debug|x64.ActiveCfg = Debug|x64
		{69A96BBC-BEAB-4B5D-83B6-4A95FE4165C9}.Debug|x64.Build.0 = Debug|x64
		{69A96BBC-BEAB-4B5D-83B6-4A95FE4165C9}.Debug|x86.ActiveCfg = Debug|Win32
		{69A96BBC-BEAB-4B5D-83B6-4A95FE4165C9}.Debug|x86.Build.0 = Debug|Win32
		{69A96BBC-BEAB-4B5D-83B6-4A95FE4165C9}.Release|x64.ActiveCfg = Release|x64
		{69A96BBC-BEAB-4B5D-83B6-4A95FE4165C9}.Release|x64.Build.0 = Release|x64
		{69A96BBC-BEAB-4B5D-83B6-4A95FE4165C9}.Release|x86.ActiveCfg = Release|Win32
		{69A96BBC-BEAB-4B5D-83B6-4A95FE4165C9}.Release|x86.Build.0 = Release|Win32
		{3733F93A-5251-44BA-840D-E49A6911C231}.Debug|x64.ActiveCfg = Debug|x64
		{3733F93A-5251-44BA-840D-E49A6911C231}.Debug|x64.Build.0 = Debug|x64
		{3733F93A-5251-44BA-840D-E49A6911C231}.Debug|x86.ActiveCfg = Debug|Win32
		{3733F93A-5251-44BA-840D-E49A6911C231}.Debug|x86.Build.0 = Debug|Win32
		{3733F93A-5251-44BA-840D-E49A6911C231}.Release|x64.ActiveCfg = Release|x64
		{3733F93A-5251-44BA-840D-E49A6911C231}.Release|x64.Build.0 = Release|x64
		{3733F93A-5251-44BA-840D-E49A6911C231}.Release|x86.ActiveCfg = Release|Win32
		{3733F93A-5251-44BA-840D-E49A6911C231}.Release|x86.Build.0 = Release|Win32
		{3ADD1F6F-DC8E-4460-AC61-E2CBDDCBB57B}.Debug|x64.ActiveCfg = Debug|x64
		{3ADD1F6F-DC8E-4460-AC61-E2CBDDCBB57B}.Debug|x64.Build.0 = Debug|x64
		{3ADD1F6F-DC8E-4460-AC61-E2CBDDCBB57B}.Debug|x86.ActiveCfg = Debug|Win32
		{3ADD1F6F-DC8E-4460-AC61-E2CBDDCBB57B}.Debug|x86.Build.0 = Debug|Win32
		{3ADD1F6F-DC8E-4460-AC61-E2CBDDCBB57B}.Release|x64.ActiveCfg = Release|x64
		{3ADD1F6F-DC8E-4460-AC61-E2CBDDCBB57B}.Release|x64.Build.0 = Release|x64
		{3ADD1F6F-DC8E-4460-AC61-E2CBDDCBB57B}.Release|x86.ActiveCfg = Release|Win32
		{3ADD1F6F-DC8E-4460-AC61-E2CBDDCBB57B}.Release|x86.Build.0 = Release|Win32
		{38C6BE3D-8731-4881-9D7C-B5489DC3E980}.Debug|x64.ActiveCfg = Debug|x64
		{38C6BE3D-8731-4881-9D7C-B5489DC3E980}.Debug|x64.Build.0 = Debug|x64
		{38C6BE3D-8731-4881-9D7C-B5489DC3E980}.Debug|x86.ActiveCfg = Debug|Win32
		{38C6BE3D-8731-4881-9D7C-B5489DC3E980}.Debug|x86.Build.0 = Debug|Win32
		{38C6BE3D-8731-4881-9D7C-B5489DC3E980}.Release|x64.ActiveCfg = Release|x64
		{38C6BE3D-8731-4881-9D7C-B5489DC3E980}.Release|x64.Build.0 = Release|x64
		{38C6BE3D-8731-4881-9D7C-B5489DC3E980}.Release|x86.ActiveCfg = Release|Win32
		{38C6BE3D-8731-4881-9D7C-B5489DC3E980}.Release|x86.Build.0 = Release|Win32
		{53D659AF-52D3-4A4A-B272-1825C345D728}.Debug|x64.ActiveCfg = Debug|x64
		{53D659AF-52D3-4A4A-B272-1825C345D728}.Debug|x64.Build.0 = Debug|x64
		{53D659AF-52D3-4A4A-B272-1825C345D728}.Debug|x86.ActiveCfg = Debug|Win32
		{53D659AF-52D3-4A4A-B272-1825C345D728}.Debug|x86.Build.0 = Debug|Win32
		{53D659AF-52D3-4A4A-B272-1825C345D728}.Release|x64.ActiveCfg = Release|x64
		{53D659AF-52D3-4A4A-B272-1825C345D728}.Release|x64.Build.0 = Release|x64
		{53D659AF-52D3-4A4A-B272-1825C345D728}.Release|x86.ActiveCfg = Release|Win32
		{53D659AF-52D3-4A4A-B272-1825C345D728}.Release|x86.Build.0 = Release|Win32
		{18F73419-7B81-4CA9-9553-8452A0568544}.Debug|x64.ActiveCfg = Debug|x64
		{18F73419-7B81-4CA9-9553-8452A0568544}.Debug|x64.Build.0 = Debug|x64
		{18F73419-7B81-4CA9-9553-8452A0568544}.Debug|x86.ActiveCfg = Debug|Win32
		{18F73419-7B81-4CA9-9553-8452A0568544}.Debug|x86.Build.0 = Debug|Win32
		{18F73419-7B81-4CA9-9553-8452A0568544}.Release|x64.ActiveCfg = Release|x64
		{18F73419-7B81-4CA9-9553-8452A0568544}.Release|x64.Build.0 = Release|x64
		{18F73419-7B81-4CA9-9553-8452A0568544}.Release|x86.ActiveCfg = Release|Win32
		{18F73419-7B81-4CA9-9553-8452A0568544}.Release|x86.Build.0 = Release|Win32
		{7D17D2AA-6BFA-4703-9244-CA1BAC7B9473}.Debug|x64.ActiveCfg = Debug|x64
		{7D17D2AA-6BFA-4703-9244-CA1BAC7B9473}.Debug|x64.Build.0 = Debug|x64
		{7D17D2AA-6BFA-4703-9244-CA1BAC7B9473}.Debug|x86.ActiveCfg = Debug|Win32
		{7D17D2AA-6BFA-4703-9244-CA1BAC7B9473}.Debug|x86.Build.0 = Debug|Win32
		{7D17D2AA-6BFA-4703-9244-CA1BAC7B9473}.Release|x64.ActiveCfg = Release|x64
		{7D17D2AA-6BFA-4703-9244-CA1BAC7B9473}.Release|x64.Build.0 = Release|x64
		{7D17D2AA-6BFA-4703-9244-CA1BAC7B9473}.Release|x86.ActiveCfg = Release|Win32
		{7D17D2AA-6BFA-4703-9244-CA1BAC7B9473}.Release|x86.Build.0 = Release|Win32
		{601BF3A0-FB8A-4004-A82F-995F7DB97287}.Debug|x64.ActiveCfg = Debug|x64
		{601BF3A0-FB8A-4004-A82F-995F7DB97287}.Debug|x64.Build.0 = Debug|x64
		{601BF3A0-FB8A-4004-A82F-995F7DB97287}.Debug|x86.ActiveCfg = Debug|Win32
		{601BF3A0-FB8A-4004-A82F-995F7DB97287}.Debug|x86.Build.0 = Debug|Win32
		{601BF3A0-FB8A-4004-A82F-995F7DB97287}.Release|x64.ActiveCfg = Release|x64
		{601BF3A0-FB8A-4004-A82F-995F7DB97287}.Release|x64.Build.0 = Release|x64
		{601BF3A0-FB8A-4004-A82F-995F7DB97287}.Release|x86.ActiveCfg = Release|Win32
		{601BF3A0-FB8A-4004-A82F-995F7DB97287}.Release|x86.Build.0 = Release|Win32
		{5505015A-6BCA-43BE-AB52-392B8142D121}.Debug|x64.ActiveCfg = Debug|x64
		{5505015A-6BCA-43BE-AB52-392B8142D121}.Debug|x64.Build.0 = Debug|x64
		{5505015A-6BCA-43BE-AB52-392B8142D121}.Debug|x86.ActiveCfg = Debug|Win32
		{5505015A-6BCA-43BE-AB52-392B8142D121}.Debug|x86.Build.0 = Debug|Win32
		{5505015A-6BCA-43BE-AB52-392B8142D121}.Release|x64.ActiveCfg = Release|x64
		{5505015A-6BCA-43BE-AB52-392B8142D121}.Release|x64.Build.0 = Release|x64
		{5505015A-6BCA-43BE-AB52-392B8142D121}.Release|x86.ActiveCfg = Release|Win32
		{5505015A-6BCA-43BE-AB52-392B8142D121}.Release|x86.Build.0 = Release|Win32
		{6729D25F-41F4-43BB-9A79-6D07AD0661BE}.Debug|x64.ActiveCfg = Debug|x64
		{6729D25F-41F4-43BB-9A79-6D07AD0661BE}.Debug|x64.Build.0 = Debug|x64
		{6729D25F-41F4-43BB-9A79-6D07AD0661BE}.Debug|x86.ActiveCfg = Debug|Win32
		{6729D25F-41F4-43BB-9A79-6D07AD0661BE}.Debug|x86.Build.0 = Debug|Win32
		{6729D25F-41F4-43BB-9A79-6D07AD0661BE}.Release|x64.ActiveCfg = Release|x64
		{6729D25F-41F4-43BB-9A79-6D07AD0661BE}.Release|x64.Build.0 = Release|x64
		{6729D25F-41F4-43BB-9A79-6D07AD0661BE}.Release|x86.ActiveCfg = Release|Win32
		{6729D25F-41F4-43BB-9A79-6D07AD0661BE}.Release|x86.Build.0 = Release|Win32
		{1995AC02-4979-4842-8088-F0FF2335EB02}.Debug|x64.ActiveCfg = Debug|x64
		{1995AC02-4979-4842-8088-F0FF2335EB02}.Debug|x64.Build.0 = Debug|x64
		{1995AC02-4979-4842-8088-F0FF2335EB02}.Debug|x86.ActiveCfg = Debug|Win32
		{1995AC02-4979-4842-8088-F0FF2335EB02}.Debug|x86.Build.0 = Debug|Win32
		{1995AC02-4979-4842-8088-F0FF2335EB02}.Release|x64.ActiveCfg = Release|x64
		{1995AC02-4979-4842-8088-F0FF2335EB02}.Release|x64.Build.0 = Release|x64
		{1995AC02-4979-4842-8088-F0FF2335EB02}.Release|x86.ActiveCfg = Release|Win32
		{1995AC02-4979-4842-8088-F0FF2335EB02}.Release|x86.Build.0 = Release|Win32
		{D9ADA973-8F06-468C-9A86-36DEBCF82F21}.Debug|x64.ActiveCfg = Debug|x64
		{D9ADA973-8F06-468C-9A86-36DEBCF82F21}.Debug|x64.Build.0 = Debug|x64
		{D9ADA973-8F06-468C-9A86-36DEBCF82F21}.Debug|x86.ActiveCfg = Debug|Win32
		{D9ADA973-8F06-468C-9A86-36DEBCF82F21}.Debug|x86.Build.0 = Debug|Win32
		{D9ADA973-8F06-468C-9A86-36DEBCF82F21}.Release|x64.ActiveCfg = Release|x64
		{D9ADA973-8F06-468C-9A86-36DEBCF82F21}.Release|x64.Build.0 = Release|x64
		{D9ADA973-8F06-468C-9A86-36DEBCF82F21}.Release|x86.ActiveCfg = Release|Win32
		{D9ADA973-8F06-468C-9A86-36DEBCF82F21}.Release|x86.Build.0 = Release|Win32
		{3C82994F-5D76-4672-A31E-36473EB9EBF2}.Debug|x64.ActiveCfg = Debug|x64
		{3C82994F-5D76-4672-A31E-36473EB9EBF2}.Debug|x64.Build.0 = Debug|x64
		{3C82994F-5D76-4672-A31E-36473EB9EBF2}.Debug|x86.ActiveCfg = Debug|Win32
		{3C82994F-5D76-4672-A31E-36473EB9EBF2}.Debug|x86.Build.0 = Debug|Win32
		{3C82994F-5D76-4672-A31E-36473EB9EBF2}.Release|x64.ActiveCfg = Release|x64
		{3C82994F-5D76-4672-A31E-36473EB9EBF2}.Release|x64.Build.0 = Release|x64
		{3C82994F-5D76-4672-A31E-36473EB9EBF2}.Release|x86.ActiveCfg = Release|Win32
		{3C82994F-5D76-4672-A31E-36473EB9EBF2}.Release|x86.Build.0 = Release|Win32
		{B0E8A346-EC4C-4665-847B-70F58A35F621}.Debug|x64.ActiveCfg = Debug|x64
		{B0E8A346-EC4C-4665-847B-70F58A35F621}.Debug|x64.Build.0 = Debug|x64
		{B0E8A346-EC4C-4665-847B-70F58A35F621}.Debug|x86.ActiveCfg = Debug|Win32
		{B0E8A346-EC4C-4665-847B-70F58A35F621}.Debug|x86.Build.0 = Debug|Win32
		{B0E8A346-EC4C-4665-847B-70F58A35F621}.Release|x64.ActiveCfg = Release|x64
		{B0E8A346-EC4C-4665-847B-70F58A35F621}.Release|x64.Build.0 = Release|x64
		{B0E8A346-EC4C-4665-847B-70F58A35F621}.Release|x86.ActiveCfg = Release|Win32
		{B0E8A346-EC4C-4665-847B-70F58A35F621}.Release|x86.Build.0 = Release|Win32
		{CAC8FFDC-4B47-4C51-BE2F-0F1C300859D6}.Debug|x64.ActiveCfg = Debug|x64
		{CAC8FFDC-4B47-4C51-BE2F-0F1C300859D6}.Debug|x64.Build.0 = Debug|x64
		{CAC8FFDC-4B47-4C51-BE2F-0F1C300859D6}.Debug|x86.ActiveCfg = Debug|Win32
		{CAC8FFDC-4B47-4C51-BE2F-0F1C300859D6}.Debug|x86.Build.0 = Debug|Win32
		{CAC8FFDC-4B47-4C51-BE2F-0F1C300859D6}.Release|x64.ActiveCfg = Release|x64
		{CAC8FFDC-4B47-4C51-BE2F-0F1C300859D6}.Release|x64.Build.0 = Release|x64
		{CAC8FFDC-4B47-4C51-BE2F-0F1C300859D6}.Release|x86.ActiveCfg = Release|Win32
		{CAC8FFDC-4B47-4C51-BE2F-0F1C300859D6}.Release|x86.Build.0 = Release|Win32
		{A25AB0DE-0403-49F2-9DC3-CD2BBF2E5851}.Debug|x64.ActiveCfg = Debug|x64
		{A25AB0DE-0403-49F2-9DC3-CD2BBF2E5851}.Debug|x64.Build.0 = Debug|x64
		{A25AB0DE-0403-49F2-9DC3-CD2BBF2E5851}.Debug|x86.ActiveCfg = Debug|Win32
		{A25AB0DE-0403-49F2-9DC3-CD2BBF2E5851}.Debug|x86.Build.0 = Debug|Win32
		{A25AB0DE-0403-49F2-9DC3-CD2BBF2E5851}.Release|x64.ActiveCfg = Release|x64
		{A25AB0DE-0403-49F2-9DC3-CD2BBF2E5851}.Release|x64.Build.0 = Release|x64
		{A25AB0DE-0403-49F2-9DC3-CD2BBF2E5851}.Release|x86.ActiveCfg = Release|Win32
		{A25AB0DE-0403-49F2-9DC3-CD2BBF2E5851}.Release|x86.Build.0 = Release|Win32
		{AE9EBA5D-4AAB-4F10-8F82-223B515EE4C8}.Debug|x64.ActiveCfg = Debug|x64
		{AE9EBA5D-4AAB-4F10-8F82-223B515EE4C8}.Debug|x64.Build.0 = Debug|x64
		{AE9EBA5D-4AAB-4F10-8F82-223B515EE4C8}.Debug|x86.ActiveCfg = Debug|Win32
		{AE9EBA5D-4AAB-4F10-8F82-223B515EE4C8}.Debug|x86.Build.0 = Debug|Win32
		{AE9EBA5D-4AAB-4F10-8F82-223B515EE4C8}.Release|x64.ActiveCfg = Release|x64
		{AE9EBA5D-4AAB-4F10-8F82-223B515EE4C8}.Release|x64.Build.0 = Release|x64
		{AE9EBA5D-4AAB-4F10-8F82-223B515EE4C8}.Release|x86.ActiveCfg = Release|Win32
		{AE9EBA5D-4AAB-4F10-8F82-223B515EE4C8}.Release|x86.Build.0 = Release|Win32
		{1CC9BDE8-4BDD-488D-A2AE-F8CA93580818}.Debug|x64.ActiveCfg = Debug|x64
		{1CC9BDE8-4BDD-488D-A2AE-F8CA93580818}.Debug|x64.Build.0 = Debug|x64
		{1CC9BDE8-4BDD-488D-A2AE-F8CA93580818}.Debug|x86.ActiveCfg = Debug|Win32
		{1CC9BDE8-4BDD-488D-A2AE-F8CA93580818}.Debug|x86.Build.0 = Debug|Win32
		{1CC9BDE8-4BDD-488D-A2AE-F8CA93580818}.Release|x64.ActiveCfg = Release|x64
		{1CC9BDE8-4BDD-488D-A2AE-F8CA93580818}.Release|x64.Build.0 = Release|x64
		{1CC9BDE8-4BDD-488D-A2AE-F8CA93580818}.Release|x86.ActiveCfg = Release|Win32
		{1CC9BDE8-4BDD-488D-A2AE-F8CA93580818}.Release|x86.Build.0 = Release|Win32
		{E9FDFB9A-C57A-497C-BBD8-6A9E0A38742A}.Debug|x64.ActiveCfg = Debug|x64
		{E9FDFB9A-C57A-497C-BBD8-6A9E0A38742A}.Debug|x64.Build.0 = Debug|x64
		{E9FDFB9A-C57A-497C-BBD8-6A9E0A38742A}.Debug|x86.ActiveCfg = Debug|Win32
		{E9FDFB9A-C57A-497C-BBD8-6A9E0A38742A}.Debug|x86.Build.0 = Debug|Win32
		{E9FDFB9A-C57A-497C-BBD8-6A9E0A38742A}.Release|x64.ActiveCfg = Release|x64
		{E9FDFB9A-C57A-497C-BBD8-6A9E0A38742A}.Release|x64.Build.0 = Release|x64
		{E9FDFB9A-C57A-497C-BBD8-6A9E0A38742A}.Release|x86.ActiveCfg = Release|Win32
		{E9FDFB9A-C57A-497C-BBD8-6A9E0A38742A}.Release|x86.Build.0 = Release|Win32
		{D886E18E-471A-4988-85A6-9D247BD2F7B1}.Debug|x64.ActiveCfg = Debug|x64
		{D886E18E-471A-4988-85A6-9D247BD2F7B1}.Debug|x64.Build.0 = Debug|x64
		{D886E18E-471A-4988-85A6-9D247BD2F7B1}.Debug|x86.ActiveCfg = Debug|Win32
		{D886E18E-471A-4988-85A6-9D247BD2F7B1}.Debug|x86.Build.0 = Debug|Win32
		{D886E18E-471A-4988-85A6-9D247BD2F7B1}.Release|x64.ActiveCfg = Release|x64
		{D886E18E-471A-4988-85A6-9D247BD2F7B1}.Release|x64.Build.0 = Release|x64
		{D886E18E-471A-4988-85A6-9D247BD2F7B1}.Release|x86.ActiveCfg = Release|Win32
		{D886E18E-471A-4988-85A6-9D247BD2F7B1}.Release|x86.Build.0 = Release|Win32
		{907F2679-0BC0-48B9-9C46-90279C3EAB34}.Debug|x64.ActiveCfg = Debug|x64
		{907F2679-0BC0-48B9-9C46-90279C3EAB34}.Debug|x64.Build.0 = Debug|x64
		{907F2679-0BC0-48B9-9C46-90279C3EAB34}.Debug|x86.ActiveCfg = Debug|Win32
		{907F2679-0BC0-48B9-9C46-90279C3EAB34}.Debug|x86.Build.0 = Debug|Win32
		{907F2679-0BC0-48B9-9C46-90279C3EAB34}.Release|x64.ActiveCfg = Release|x64
		{907F2679-0BC0-48B9-9C46-90279C3EAB34}.Release|x64.Build.0 = Release|x64
		{907F2679-0BC0-48B9-9C46-90279C3EAB34}.Release|x86.ActiveCfg = Release|Win32
		{907F2679-0BC0-48B9-9C46-90279C3EAB34}.Release|x86.Build.0 = Release|Win32
		{3AE7E787-A718-4395-9201-CC9716028DF7}.Debug|x64.ActiveCfg = Debug|x64
		{3AE7E787-A718-4395-9201-CC9716028DF7}.Debug|x64.Build.0 = Debug|x64
		{3AE7E787-A718-4395-9201-CC9716028DF7}.Debug|x86.ActiveCfg = Debug|Win32
		{3AE7E787-A718-4395-9201-CC9716028DF7}.Debug|x86.Build.0 = Debug|Win32
		{3AE7E787-A718-4395-9201-CC9716028DF7}.Release|x64.ActiveCfg = Release|x64
		{3AE7E787-A718-4395-9201-CC9716028DF7}.Release|x64.Build.0 = Release|x64
		{3AE7E787-A718-4395-9201-CC9716028DF7}.Release|x86.ActiveCfg = Release|Win32
		{3AE7E787-A718-4395-9201-CC9716028DF7}.Release|x86.Build.0 = Release|Win32
		{1DD52385-8260-43CB-A09A-79E46E7752F7}.Debug|x64.ActiveCfg = Debug|x64
		{1DD52385-8260-43CB-A09A-79E46E7752F7}.Debug|x64.Build.0 = Debug|x64
		{1DD52385-8260-43CB-A09A-79E46E7752F7}.Debug|x86.ActiveCfg = Debug|Win32
		{1DD52385-8260-43CB-A09A-79E46E7752F7}.Debug|x86.Build.0 = Debug|Win32
		{1DD52385-8260-43CB-A09A-79E46E7752F7}.Release|x64.ActiveCfg = Release|x64
		{1DD52385-8260-43CB-A09A-79E46E7752F7}.Release|x64.Build.0 = Release|x64
		{1DD52385-8260-43CB-A09A-79E46E7752F7}.Release|x86.ActiveCfg = Release|Win32
		{1DD52385-8260-43CB-A09A-79E46E7752F7}.Release|x86.Build.0 = Release|Win32
		{7229D99E-97B6-44E9-9157-519FC99E2F2E}.Debug|x64.ActiveCfg = Debug|x64
		{7229D99E-97B6-44E9-9157-519FC99E2F2E}.Debug|x64.Build.0 = Debug|x64
		{7229D99E-97B6-44E9-9157-519FC99E2F2E}.Debug|x86.ActiveCfg = Debug|Win32
		{7229D99E-97B6-44E9-9157-519FC99E2F2E}.Debug|x86.Build.0 = Debug|Win32
		{7229D99E-97B6-44E9-9157-519FC99E2F2E}.Release|x64.ActiveCfg = Release|x64
		{7229D99E-97B6-44E9-9157-519FC99E2F2E}.Release|x64.Build.0 = Release|x64
		{7229D99E-97B6-44E9-9157-519FC99E2F2E}.Release|x86.ActiveCfg = Release|Win32
		{7229D99E-97B6-44E9-9157-519FC99E2F2E}.Release|x86.Build.0 = Release|Win32
		{5D7172DD-96B9-47ED-ADB1-83B0D9C770F4}.Debug|x64.ActiveCfg = Debug|x64
		{5D7172DD-96B9-47ED-ADB1-83B0D9C770F4}.Debug|x64.Build.0 = Debug|x64
		{5D7172DD-96B9-47ED-ADB1-83B0D9C770F4}.Debug|x86.ActiveCfg = Debug|Win32
		{5D7172DD-96B9-47ED-ADB1-83B0D9C770F4}.Debug|x86.Build.0 = Debug|Win32
		{5D7172DD-96B9-47ED-ADB1-83B0D9C770F4}.Release|x64.ActiveCfg = Release|x64
		{5D7172DD-96B9-47ED-ADB1-83B0D9C770F4}.Release|x64.Build.0 = Release|x64
		{5D7172DD-96B9-47ED-ADB1-83B0D9C770F4}.Release|x86.ActiveCfg = Release|Win32
		{5D7172DD-96B9-47ED-ADB1-83B0D9C770F4}.Release|x86.Build.0 = Release|Win32
		{711025AD-4C65-49A5-B185-D6A9CC2A23BA}.Debug|x64.ActiveCfg = Debug|x64
		{711025AD-4C65-49A5-B185-D6A9CC2A23BA}.Debug|x64.Build.0 = Debug|x64
		{711025AD-4C65-49A5-B185-D6A9CC2A23BA}.Debug|x86.ActiveCfg = Debug|Win32
		{711025AD-4C65-49A5-B185-D6A9CC2A23BA}.Debug|x86.Build.0 = Debug|Win32
		{711025AD-4C65-49A5-B185-D6A9CC2A23BA}.Release|x64.ActiveCfg = Release|x64
		{711025AD-4C65-49A5-B185-D6A9CC2A23BA}.Release|x64.Build.0 = Release|x64
		{711025AD-4C65-49A5-B185-D6A9CC2A23BA}.Release|x86.ActiveCfg = Release|Win32
		{711025AD-4C65-49A5-B185-D6A9CC2A23BA}.Release|x86.Build.0 = Release|Win32
		{A06E328A-E79D-4081-AF70-D429A2D1D0F3}.Debug|x64.ActiveCfg = Debug|x64
		{A06E328A-E79D-4081-AF70-D429A2D1D0F3}.Debug|x64.Build.0 = Debug|x64
		{A06E328A-E79D-4081-AF70-D429A2D1D0F3}.Debug|x86.ActiveCfg = Debug|Win32
		{A06E328A-E79D-4081-AF70-D429A2D1D0F3}.Debug|x86.Build.0 = Debug|Win32
		{A06E328A-E79D-4081-AF70-D429A2D1D0F3}.Release|x64.ActiveCfg = Release|x64
		{A06E328A-E79D-4081-AF70-D429A2D1D0F3}.Release|x64.Build.0 = Release|x64
		{A06E328A-E79D-4081-AF70-D429A2D1D0F3}.Release|x86.ActiveCfg = Release|Win32
		{A06E328A-E79D-4081-AF70-D429A2D1D0F3}.Release|x86.Build.0 = Release|Win32
		{3642EC96-46BB-42C6-965E-70A41BC58FBA}.Debug|x64.ActiveCfg = Debug|x64
		{3642EC96-46BB-42C6-965E-70A41BC58FBA}.Debug|x64.Build.0 = Debug|x64
		{3642EC96-46BB-42C6-965E-70A41BC58FBA}.Debug|x86.ActiveCfg = Debug|Win32
		{3642EC96-46BB-42C6-965E-70A41BC58FBA}.Debug|x86.Build.0 = Debug|Win32
		{3642EC96-46BB-42C6-965E-70A41BC58FBA}.Release|x64.ActiveCfg = Release|x64
		{3642EC96-46BB-42C6-965E-70A41BC58FBA}.Release|x64.Build.0 = Release|x64
		{3642EC96-46BB-42C6-965E-70A41BC58FBA}.Release|x86.ActiveCfg = Release|Win32
		{3642EC96-46BB-42C6-965E-70A41BC58FBA}.Release|x86.Build.0 = Release|Win32
		{424C7791-88C6-4BEE-BEB3-3E7A58FB7FA0}.Debug|x64.ActiveCfg = Debug|x64
		{424C7791-88C6-4BEE-BEB3-3E7A58FB7FA0}.Debug|x64.Build.0 = Debug|x64
		{424C7791-88C6-4BEE-BEB3-3E7A58FB7FA0}.Debug|x86.ActiveCfg = Debug|Win32
		{424C7791-88C6-4BEE-BEB3-3E7A58FB7FA0}.Debug|x86.Build.0 = Debug|Win32
		{424C7791-88C6-4BEE-BEB3-3E7A58FB7FA0}.Release|x64.ActiveCfg = Release|x64
		{424C7791-88C6-4BEE-BEB3-3E7A58FB7FA0}.Release|x64.Build.0 = Release|x64
		{424C7791-88C6-4BEE-BEB3-3E7A58FB7FA0}.Release|x86.ActiveCfg = Release|Win32
		{424C7791-88C6-4BEE-BEB3-3E7A58FB7FA0}.Release|x86.Build.0 = Release|Win32
		{9D549063-B0E3-4743-A99A-7622D9CE47D9}.Debug|x64.ActiveCfg = Debug|x64
		{9D549063-B0E3-4743-A99A-7622D9CE47D9}.Debug|x64.Build.0 = Debug|x64
		{9D549063-B0E3-4743-A99A-7622D9CE47D9}.Debug|x86.ActiveCfg = Debug|Win32
		{9D549063-B0E3-4743-A99A-7622D9CE47D9}.Debug|x86.Build.0 = Debug|Win32
		{9D549063-B0E3-4743-A99A-7622D9CE47D9}.Release|x64.ActiveCfg = Release|x64
		{9D549063-B0E3-4743-A99A-7622D9CE47D9}.Release|x64.Build.0 = Release|x64
		{9D549063-B0E3-4743-A99A-7622D9CE47D9}.Release|x86.ActiveCfg = Release|Win32
		{9D549063-B0E3-4743-A99A-7622D9CE47D9}.Release|x86.Build.0 = Release|Win32
		{758919DC-7B16-4F8E-98F6-E2FB99B781E2}.Debug|x64.ActiveCfg = Debug|x64
		{758919DC-7B16-4F8E-98F6-E2FB99B781E2}.Debug|x64.Build.0 = Debug|x64
		{758919DC-7B16-4F8E-98F6-E2FB99B781E2}.Debug|x86.ActiveCfg = Debug|Win32
		{758919DC-7B16-4F8E-98F6-E2FB99B781E2}.Debug|x86.Build.0 = Debug|Win32
		{758919DC-7B16-4F8E-98F6-E2FB99B781E2}.Release|x64.ActiveCfg = Release|x64
		{758919DC-7B16-4F8E-98F6-E2FB99B781E2}.Release|x64.Build.0 = Release|x64
		{758919DC-7B16-4F8E-98F6-E2FB99B781E2}.Release|x86.ActiveCfg = Release|Win32
		{758919DC-7B16-4F8E-98F6-E2FB99B781E2}.Release|x86.Build.0 = Release|Win32
	EndGlobalSection
	GlobalSection(SolutionProperties) = preSolution
		HideSolutionNode = FALSE
	EndGlobalSection
	GlobalSection(ExtensibilityGlobals) = postSolution
		SolutionGuid = {7986EC25-9CE9-46D5-9702-A399F585701F}
	EndGlobalSection
EndGlobal
