
Microsoft Visual Studio Solution File, Format Version 12.00
# Visual Studio Version 17
VisualStudioVersion = 17.7.34031.279
MinimumVisualStudioVersion = 10.0.40219.1
Project("{8BC9CEB8-8B4A-11D0-8D11-00A0C91BC942}") = "Bai001", "Bai001\Bai001.vcxproj", "{844B31B6-566F-4371-991A-5C69F0FFD171}"
EndProject
Project("{8BC9CEB8-8B4A-11D0-8D11-00A0C91BC942}") = "Bai002", "Bai002\Bai002.vcxproj", "{EDF0A2D8-BEA6-42C9-A546-68FED9CCEF51}"
EndProject
Project("{8BC9CEB8-8B4A-11D0-8D11-00A0C91BC942}") = "Bai003", "Bai003\Bai003.vcxproj", "{51C1EAB4-7794-4077-A8CB-3E37ABFCA532}"
EndProject
Project("{8BC9CEB8-8B4A-11D0-8D11-00A0C91BC942}") = "Bai004", "Bai004\Bai004.vcxproj", "{C7861145-5C29-495D-9302-C7064F338796}"
EndProject
Project("{8BC9CEB8-8B4A-11D0-8D11-00A0C91BC942}") = "Bai005", "Bai005\Bai005.vcxproj", "{1A70C6E8-6D09-4D6A-BF9F-880B88199750}"
EndProject
Project("{8BC9CEB8-8B4A-11D0-8D11-00A0C91BC942}") = "Bai006", "Bai006\Bai006.vcxproj", "{F4EE0FFA-7E94-4D39-9874-9AD5223DE46F}"
EndProject
Project("{8BC9CEB8-8B4A-11D0-8D11-00A0C91BC942}") = "Bai007", "Bai007\Bai007.vcxproj", "{36B86C75-9E53-49E6-A470-8FD587569F75}"
EndProject
Project("{8BC9CEB8-8B4A-11D0-8D11-00A0C91BC942}") = "Bai008", "Bai008\Bai008.vcxproj", "{69A96BBC-BEAB-4B5D-83B6-4A95FE4165C9}"
EndProject
Project("{8BC9CEB8-8B4A-11D0-8D11-00A0C91BC942}") = "Bai009", "Bai009\Bai009.vcxproj", "{3733F93A-5251-44BA-840D-E49A6911C231}"
EndProject
Project("{8BC9CEB8-8B4A-11D0-8D11-00A0C91BC942}") = "Bai010", "Bai010\Bai010.vcxproj", "{3ADD1F6F-DC8E-4460-AC61-E2CBDDCBB57B}"
EndProject
Project("{8BC9CEB8-8B4A-11D0-8D11-00A0C91BC942}") = "Bai011", "Bai011\Bai011.vcxproj", "{38C6BE3D-8731-4881-9D7C-B5489DC3E980}"
EndProject
Project("{8BC9CEB8-8B4A-11D0-8D11-00A0C91BC942}") = "Bai012", "Bai012\Bai012.vcxproj", "{53D659AF-52D3-4A4A-B272-1825C345D728}"
EndProject
Project("{8BC9CEB8-8B4A-11D0-8D11-00A0C91BC942}") = "Bai013", "Bai013\Bai013.vcxproj", "{18F73419-7B81-4CA9-9553-8452A0568544}"
EndProject
Project("{8BC9CEB8-8B4A-11D0-8D11-00A0C91BC942}") = "Bai014", "Bai014\Bai014.vcxproj", "{7D17D2AA-6BFA-4703-9244-CA1BAC7B9473}"
EndProject
Project("{8BC9CEB8-8B4A-11D0-8D11-00A0C91BC942}") = "Bai015", "Bai015\Bai015.vcxproj", "{601BF3A0-FB8A-4004-A82F-995F7DB97287}"
EndProject
Project("{8BC9CEB8-8B4A-11D0-8D11-00A0C91BC942}") = "Bai016", "Bai016\Bai016.vcxproj", "{5505015A-6BCA-43BE-AB52-392B8142D121}"
EndProject
Project("{8BC9CEB8-8B4A-11D0-8D11-00A0C91BC942}") = "Bai018", "Bai018\Bai018.vcxproj", "{6729D25F-41F4-43BB-9A79-6D07AD0661BE}"
EndProject
Project("{8BC9CEB8-8B4A-11D0-8D11-00A0C91BC942}") = "Bai019", "Bai019\Bai019.vcxproj", "{1995AC02-4979-4842-8088-F0FF2335EB02}"
EndProject
Project("{8BC9CEB8-8B4A-11D0-8D11-00A0C91BC942}") = "Bai020", "Bai020\Bai020.vcxproj", "{D9ADA973-8F06-468C-9A86-36DEBCF82F21}"
EndProject
Project("{8BC9CEB8-8B4A-11D0-8D11-00A0C91BC942}") = "Bai021", "Bai021\Bai021.vcxproj", "{3C82994F-5D76-4672-A31E-36473EB9EBF2}"
EndProject
Project("{8BC9CEB8-8B4A-11D0-8D11-00A0C91BC942}") = "Bai022", "Bai022\Bai022.vcxproj", "{B0E8A346-EC4C-4665-847B-70F58A35F621}"
EndProject
Project("{8BC9CEB8-8B4A-11D0-8D11-00A0C91BC942}") = "Bai023", "Bai023\Bai023.vcxproj", "{CAC8FFDC-4B47-4C51-BE2F-0F1C300859D6}"
EndProject
Project("{8BC9CEB8-8B4A-11D0-8D11-00A0C91BC942}") = "Bai024", "Bai024\Bai024.vcxproj", "{A25AB0DE-0403-49F2-9DC3-CD2BBF2E5851}"
EndProject
Project("{8BC9CEB8-8B4A-11D0-8D11-00A0C91BC942}") = "Bai025", "Bai025\Bai025.vcxproj", "{AE9EBA5D-4AAB-4F10-8F82-223B515EE4C8}"
EndProject
Project("{8BC9CEB8-8B4A-11D0-8D11-00A0C91BC942}") = "Bai026", "Bai026\Bai026.vcxproj", "{1CC9BDE8-4BDD-488D-A2AE-F8CA93580818}"
EndProject
Project("{8BC9CEB8-8B4A-11D0-8D11-00A0C91BC942}") = "Bai027", "Bai027\Bai027.vcxproj", "{E9FDFB9A-C57A-497C-BBD8-6A9E0A38742A}"
EndProject
Project("{8BC9CEB8-8B4A-11D0-8D11-00A0C91BC942}") = "Bai028", "Bai028\Bai028.vcxproj", "{D886E18E-471A-4988-85A6-9D247BD2F7B1}"
EndProject
Project("{8BC9CEB8-8B4A-11D0-8D11-00A0C91BC942}") = "Bai029", "Bai029\Bai029.vcxproj", "{907F2679-0BC0-48B9-9C46-90279C3EAB34}"
EndProject
Project("{8BC9CEB8-8B4A-11D0-8D11-00A0C91BC942}") = "Bai030", "Bai030\Bai030.vcxproj", "{3AE7E787-A718-4395-9201-CC9716028DF7}"
EndProject
Project("{8BC9CEB8-8B4A-11D0-8D11-00A0C91BC942}") = "Bai032", "Bai032\Bai032.vcxproj", "{1DD52385-8260-43CB-A09A-79E46E7752F7}"
EndProject
Project("{8BC9CEB8-8B4A-11D0-8D11-00A0C91BC942}") = "Bai033", "Bai033\Bai033.vcxproj", "{7229D99E-97B6-44E9-9157-519FC99E2F2E}"
EndProject
Project("{8BC9CEB8-8B4A-11D0-8D11-00A0C91BC942}") = "Bai034", "Bai034\Bai034.vcxproj", "{5D7172DD-96B9-47ED-ADB1-83B0D9C770F4}"
EndProject
Project("{8BC9CEB8-8B4A-11D0-8D11-00A0C91BC942}") = "Bai035", "Bai035\Bai035.vcxproj", "{711025AD-4C65-49A5-B185-D6A9CC2A23BA}"
EndProject
Project("{8BC9CEB8-8B4A-11D0-8D11-00A0C91BC942}") = "Bai036", "Bai036\Bai036.vcxproj", "{A06E328A-E79D-4081-AF70-D429A2D1D0F3}"
EndProject
Project("{8BC9CEB8-8B4A-11D0-8D11-00A0C91BC942}") = "Bai037", "Bai037\Bai037.vcxproj", "{3642EC96-46BB-42C6-965E-70A41BC58FBA}"
EndProject
Project("{8BC9CEB8-8B4A-11D0-8D11-00A0C91BC942}") = "Bai038", "Bai038\Bai038.vcxproj", "{424C7791-88C6-4BEE-BEB3-3E7A58FB7FA0}"
EndProject
Project("{8BC9CEB8-8B4A-11D0-8D11-00A0C91BC942}") = "Bai017", "Bai017\Bai017.vcxproj", "{9D549063-B0E3-4743-A99A-7622D9CE47D9}"
EndProject
Project("{8BC9CEB8-8B4A-11D0-8D11-00A0C91BC942}") = "Bai031", "Bai031\Bai031.vcxproj", "{758919DC-7B16-4F8E-98F6-E2FB99B781E2}"
EndProject
Project("{8BC9CEB8-8B4A-11D0-8D11-00A0C91BC942}") = "Bai078", "Bai078\Bai078.vcxproj", "{A251BE3B-7A08-40F6-9163-0F199B5296A2}"
EndProject
Project("{8BC9CEB8-8B4A-11D0-8D11-00A0C91BC942}") = "Bai079", "Bai079\Bai079.vcxproj", "{9903BC94-295D-4ABB-A370-FF8422B8DE85}"
EndProject
Project("{8BC9CEB8-8B4A-11D0-8D11-00A0C91BC942}") = "Bai080", "Bai080\Bai080.vcxproj", "{949C4E02-AD02-4770-8303-B3D2732EBD0D}"
EndProject
Project("{8BC9CEB8-8B4A-11D0-8D11-00A0C91BC942}") = "Bai081", "Bai081\Bai081.vcxproj", "{2D29750D-7534-428D-B00F-A73BC08AE379}"
EndProject
Project("{8BC9CEB8-8B4A-11D0-8D11-00A0C91BC942}") = "Bai082", "Bai082\Bai082.vcxproj", "{A6960D55-E7B3-438A-9F38-C52B4683C136}"
EndProject
Project("{8BC9CEB8-8B4A-11D0-8D11-00A0C91BC942}") = "Bai083", "Bai083\Bai083.vcxproj", "{74A4D26F-CD4F-43D9-AAED-0FBFEEE29A3F}"
EndProject
Project("{8BC9CEB8-8B4A-11D0-8D11-00A0C91BC942}") = "Bai084", "Bai084\Bai084.vcxproj", "{3DB1B3FE-7958-40C2-A324-4FB5B2EE933B}"
EndProject
Project("{8BC9CEB8-8B4A-11D0-8D11-00A0C91BC942}") = "Bai085", "Bai085\Bai085.vcxproj", "{F8AD2CE5-4941-44D4-9F2B-9BAB68C454D2}"
EndProject
Project("{8BC9CEB8-8B4A-11D0-8D11-00A0C91BC942}") = "Bai086", "Bai086\Bai086.vcxproj", "{75CF4E77-B541-4085-893B-7299FCE132F2}"
EndProject
Project("{8BC9CEB8-8B4A-11D0-8D11-00A0C91BC942}") = "Bai087", "Bai087\Bai087.vcxproj", "{F869EBB2-F08C-4839-AF50-A2CCD07816A8}"
EndProject
Project("{8BC9CEB8-8B4A-11D0-8D11-00A0C91BC942}") = "Bai088", "Bai088\Bai088.vcxproj", "{B2788763-78AC-479B-872E-E6F3EFC37DB8}"
EndProject
Project("{8BC9CEB8-8B4A-11D0-8D11-00A0C91BC942}") = "Bai089", "Bai089\Bai089.vcxproj", "{F6B9A1B0-8102-4830-A4DB-ABFFDB055B70}"
EndProject
Project("{8BC9CEB8-8B4A-11D0-8D11-00A0C91BC942}") = "Bai090", "Bai090\Bai090.vcxproj", "{9B8E98E2-70A7-47B5-B0E8-E2FEF2CD6361}"
EndProject
Project("{8BC9CEB8-8B4A-11D0-8D11-00A0C91BC942}") = "Bai091", "Bai091\Bai091.vcxproj", "{8B9A9D98-0D9F-4EF5-9D2A-50AADB497EAA}"
EndProject
Project("{8BC9CEB8-8B4A-11D0-8D11-00A0C91BC942}") = "Bai092", "Bai092\Bai092.vcxproj", "{40C50F02-61CF-4B32-B466-43D063F73D71}"
EndProject
Project("{8BC9CEB8-8B4A-11D0-8D11-00A0C91BC942}") = "Bai093", "Bai093\Bai093.vcxproj", "{8C77F681-988F-4428-97CE-F698C51AC8B7}"
EndProject
Project("{8BC9CEB8-8B4A-11D0-8D11-00A0C91BC942}") = "Bai094", "Bai094\Bai094.vcxproj", "{3B1343BF-BBEC-41DF-9D73-DB1D61BBB729}"
EndProject
Project("{8BC9CEB8-8B4A-11D0-8D11-00A0C91BC942}") = "Bai095", "Bai095\Bai095.vcxproj", "{C0EC7B96-658C-4886-B185-117D47E5B614}"
EndProject
Project("{8BC9CEB8-8B4A-11D0-8D11-00A0C91BC942}") = "Bai096", "Bai096\Bai096.vcxproj", "{E954F2B7-4716-4036-AE57-167EE6E167A2}"
EndProject
Project("{8BC9CEB8-8B4A-11D0-8D11-00A0C91BC942}") = "Bai097", "Bai097\Bai097.vcxproj", "{67C825B8-544A-40FA-99ED-0E51CF1B400A}"
EndProject
Project("{8BC9CEB8-8B4A-11D0-8D11-00A0C91BC942}") = "Bai098", "Bai098\Bai098.vcxproj", "{71AB30C2-4B90-497B-AEDF-01DA702FCA63}"
EndProject
Project("{8BC9CEB8-8B4A-11D0-8D11-00A0C91BC942}") = "Bai099", "Bai099\Bai099.vcxproj", "{578F2908-AB30-438F-8AA6-FBB9FCD4F49A}"
EndProject
Project("{8BC9CEB8-8B4A-11D0-8D11-00A0C91BC942}") = "Bai100", "Bai100\Bai100.vcxproj", "{1CAE3B7C-41DB-4985-975F-1A2DBACBD887}"
EndProject
Project("{8BC9CEB8-8B4A-11D0-8D11-00A0C91BC942}") = "Bai101", "Bai101\Bai101.vcxproj", "{0BF95DC1-21AF-4B47-925D-668A8D9BEBE4}"
EndProject
Project("{8BC9CEB8-8B4A-11D0-8D11-00A0C91BC942}") = "Bai102", "Bai102\Bai102.vcxproj", "{4060E7AC-2C01-46EA-82BD-0D677F53B627}"
EndProject
Project("{8BC9CEB8-8B4A-11D0-8D11-00A0C91BC942}") = "Bai103", "Bai103\Bai103.vcxproj", "{C5EAC982-F6B8-4263-BF70-F94E225AC053}"
EndProject
Project("{8BC9CEB8-8B4A-11D0-8D11-00A0C91BC942}") = "Bai104", "Bai104\Bai104.vcxproj", "{CC1AF99D-C087-4DC9-B7DF-BF2BE5B81977}"
EndProject
Project("{8BC9CEB8-8B4A-11D0-8D11-00A0C91BC942}") = "Bai105", "Bai105\Bai105.vcxproj", "{FD41AA3D-4DC5-4DF6-A4F8-724979B5DFB7}"
EndProject
Project("{8BC9CEB8-8B4A-11D0-8D11-00A0C91BC942}") = "Bai106", "Bai106\Bai106.vcxproj", "{59726D82-4306-431C-AA60-B3B8377027A9}"
EndProject
Project("{8BC9CEB8-8B4A-11D0-8D11-00A0C91BC942}") = "Bai107", "Bai107\Bai107.vcxproj", "{8DAE9C74-8FAB-4CC9-973F-664583190516}"
EndProject
Project("{8BC9CEB8-8B4A-11D0-8D11-00A0C91BC942}") = "Bai108", "Bai108\Bai108.vcxproj", "{12E417C1-F2E0-4442-BFB2-5BFD571AFF8C}"
EndProject
Project("{8BC9CEB8-8B4A-11D0-8D11-00A0C91BC942}") = "Bai109", "Bai109\Bai109.vcxproj", "{78F73A57-9BD0-4AA8-965D-DDF4573E82CE}"
EndProject
Project("{8BC9CEB8-8B4A-11D0-8D11-00A0C91BC942}") = "Bai110", "Bai110\Bai110.vcxproj", "{3C364F21-5AFB-49D3-915E-7E7762A83BCF}"
EndProject
Project("{8BC9CEB8-8B4A-11D0-8D11-00A0C91BC942}") = "Bai111", "Bai111\Bai111.vcxproj", "{6EA91771-D681-4171-B075-2C4C406E532A}"
EndProject
Project("{8BC9CEB8-8B4A-11D0-8D11-00A0C91BC942}") = "Bai112", "Bai112\Bai112.vcxproj", "{61A95725-C297-4341-9367-60B601C415C6}"
EndProject
Project("{8BC9CEB8-8B4A-11D0-8D11-00A0C91BC942}") = "Bai113", "Bai113\Bai113.vcxproj", "{0CF76287-E559-43D4-84A8-B09DB0D2C286}"
EndProject
Project("{8BC9CEB8-8B4A-11D0-8D11-00A0C91BC942}") = "Bai114", "Bai114\Bai114.vcxproj", "{F4773039-F7DB-447B-9C17-FF6997FC985C}"
EndProject
Project("{8BC9CEB8-8B4A-11D0-8D11-00A0C91BC942}") = "Bai115", "Bai115\Bai115.vcxproj", "{5F441C1F-198F-46DD-AF58-4752E7CE17B9}"
EndProject
Project("{8BC9CEB8-8B4A-11D0-8D11-00A0C91BC942}") = "Bai116", "Bai116\Bai116.vcxproj", "{DBF6CD55-6C5B-4A3B-BB0B-91E1678AAB6D}"
EndProject
Project("{8BC9CEB8-8B4A-11D0-8D11-00A0C91BC942}") = "Bai156", "Bai156\Bai156.vcxproj", "{07C5BC3A-0F6C-4C3B-B403-BD3DA5D62D32}"
EndProject
Project("{8BC9CEB8-8B4A-11D0-8D11-00A0C91BC942}") = "Bai157", "Bai157\Bai157.vcxproj", "{306EA0B5-20DF-42C2-AAA3-C74C12043204}"
EndProject
Project("{8BC9CEB8-8B4A-11D0-8D11-00A0C91BC942}") = "Bai158", "Bai158\Bai158.vcxproj", "{871D58FA-C510-431A-8C70-96C9A47218AC}"
EndProject
Project("{8BC9CEB8-8B4A-11D0-8D11-00A0C91BC942}") = "Bai159", "Bai159\Bai159.vcxproj", "{D2730C81-AB0F-4D7A-ADD3-6F44733F93BE}"
EndProject
Project("{8BC9CEB8-8B4A-11D0-8D11-00A0C91BC942}") = "Bai160", "Bai160\Bai160.vcxproj", "{38E9DA10-4FFE-408A-98FE-3202767F6C9A}"
EndProject
Project("{8BC9CEB8-8B4A-11D0-8D11-00A0C91BC942}") = "Bai161", "Bai161\Bai161.vcxproj", "{79D75A8B-0291-402A-8DB9-FB1CE1896B73}"
EndProject
Project("{8BC9CEB8-8B4A-11D0-8D11-00A0C91BC942}") = "Bai162", "Bai162\Bai162.vcxproj", "{BD48240E-692A-4254-BE0E-042FAD68CBBC}"
EndProject
Project("{8BC9CEB8-8B4A-11D0-8D11-00A0C91BC942}") = "Bai163", "Bai163\Bai163.vcxproj", "{0489BD83-85CA-40B2-A19A-B949A57CB004}"
EndProject
Project("{8BC9CEB8-8B4A-11D0-8D11-00A0C91BC942}") = "Bai164", "Bai164\Bai164.vcxproj", "{A3F791C9-1DF1-41BF-87CB-2BE2117C79F6}"
EndProject
Project("{8BC9CEB8-8B4A-11D0-8D11-00A0C91BC942}") = "Bai165", "Bai165\Bai165.vcxproj", "{7CC0A46E-13EA-4A92-9E82-6EA2EB44A52A}"
EndProject
Project("{8BC9CEB8-8B4A-11D0-8D11-00A0C91BC942}") = "Bai166", "Bai166\Bai166.vcxproj", "{20592188-4662-4416-8822-9794EAD54D05}"
EndProject
Project("{8BC9CEB8-8B4A-11D0-8D11-00A0C91BC942}") = "Bai167", "Bai167\Bai167.vcxproj", "{7B22F335-4EB5-4EB2-B72A-3084F9D7A675}"
EndProject
Project("{8BC9CEB8-8B4A-11D0-8D11-00A0C91BC942}") = "Bai168", "Bai168\Bai168.vcxproj", "{BFAFAEFA-4EC0-4119-88DF-3A9C27EE88BE}"
EndProject
Project("{8BC9CEB8-8B4A-11D0-8D11-00A0C91BC942}") = "Bai169", "Bai169\Bai169.vcxproj", "{71677084-B602-43BF-AB82-D2C32A550189}"
EndProject
Project("{8BC9CEB8-8B4A-11D0-8D11-00A0C91BC942}") = "Bai170", "Bai170\Bai170.vcxproj", "{4678C3E8-FE5F-4E3F-A643-DFD8CE571DFC}"
EndProject
Project("{8BC9CEB8-8B4A-11D0-8D11-00A0C91BC942}") = "Bai171", "Bai171\Bai171.vcxproj", "{2E0F448D-E0A6-414E-99E0-B614A4F8C550}"
EndProject
Project("{8BC9CEB8-8B4A-11D0-8D11-00A0C91BC942}") = "Bai172", "Bai172\Bai172.vcxproj", "{858CDF25-9BF1-49C3-9832-794425BDF9EA}"
EndProject
Project("{8BC9CEB8-8B4A-11D0-8D11-00A0C91BC942}") = "Bai173", "Bai173\Bai173.vcxproj", "{349A295B-D3C7-4B37-9972-C9C86D62A5FF}"
EndProject
Project("{8BC9CEB8-8B4A-11D0-8D11-00A0C91BC942}") = "Bai174", "Bai174\Bai174.vcxproj", "{C2E53628-9F39-4133-AA75-51E8E139102A}"
EndProject
Project("{8BC9CEB8-8B4A-11D0-8D11-00A0C91BC942}") = "Bai175", "Bai175\Bai175.vcxproj", "{A03AEFEB-9C68-4DCD-880A-ECB2510C3DCE}"
EndProject
Project("{8BC9CEB8-8B4A-11D0-8D11-00A0C91BC942}") = "Bai175 remake", "Bai175 remake\Bai175 remake.vcxproj", "{5235DE6E-D790-4A54-8C74-13A7382619CD}"
EndProject
Project("{8BC9CEB8-8B4A-11D0-8D11-00A0C91BC942}") = "Bai176", "Bai176\Bai176.vcxproj", "{45F16ED3-6D0E-4805-ACE4-0DF0F606CA8C}"
EndProject
Project("{8BC9CEB8-8B4A-11D0-8D11-00A0C91BC942}") = "Bai177", "Bai177\Bai177.vcxproj", "{15E549D5-7FC4-4A02-833E-1B368AE1760A}"
EndProject
Project("{8BC9CEB8-8B4A-11D0-8D11-00A0C91BC942}") = "Bai178", "Bai178\Bai178.vcxproj", "{FC4198B5-B3A2-4DCB-AB7E-E725709CC90D}"
EndProject
Project("{8BC9CEB8-8B4A-11D0-8D11-00A0C91BC942}") = "Bai179", "Bai179\Bai179.vcxproj", "{C135B5D8-8C57-4515-A803-C9694EC209B2}"
EndProject
Project("{8BC9CEB8-8B4A-11D0-8D11-00A0C91BC942}") = "Bai180", "Bai180\Bai180.vcxproj", "{E2AA6BC3-E5EE-4283-848B-F3526B2DBDF9}"
EndProject
Project("{8BC9CEB8-8B4A-11D0-8D11-00A0C91BC942}") = "Bai181", "Bai181\Bai181.vcxproj", "{F0A824A1-86D9-4479-BEBE-7FAA8693D8DA}"
EndProject
Project("{8BC9CEB8-8B4A-11D0-8D11-00A0C91BC942}") = "Bai182", "Bai182\Bai182.vcxproj", "{C24BBE22-41B5-4142-885A-C279A60E7D5E}"
EndProject
Project("{8BC9CEB8-8B4A-11D0-8D11-00A0C91BC942}") = "Bai183", "Bai183\Bai183.vcxproj", "{4770DADC-9E67-4FF6-8BF9-005346F329FB}"
EndProject
Project("{8BC9CEB8-8B4A-11D0-8D11-00A0C91BC942}") = "Bai184", "Bai184\Bai184.vcxproj", "{479BA54F-830A-440C-A650-97826F274B65}"
EndProject
Project("{8BC9CEB8-8B4A-11D0-8D11-00A0C91BC942}") = "Bai185", "Bai185\Bai185.vcxproj", "{4BA88BB8-5CEB-4192-B86B-36CD4C02F5CD}"
EndProject
Project("{8BC9CEB8-8B4A-11D0-8D11-00A0C91BC942}") = "Bai186", "Bai186\Bai186.vcxproj", "{4CDFA7F0-0CCA-43CF-96D8-B2DC16E146C1}"
EndProject
Project("{8BC9CEB8-8B4A-11D0-8D11-00A0C91BC942}") = "Bai187", "Bai187\Bai187.vcxproj", "{74E58B32-8AC9-4131-AF06-3438937582EC}"
EndProject
Project("{8BC9CEB8-8B4A-11D0-8D11-00A0C91BC942}") = "Bai117", "Bai117\Bai117.vcxproj", "{4A6E04CB-AF35-4993-A2B2-E929DE2C371D}"
EndProject
Project("{8BC9CEB8-8B4A-11D0-8D11-00A0C91BC942}") = "Bai118", "Bai118\Bai118.vcxproj", "{9E226F13-68D0-4BC9-92CE-F6EE21BEB0B2}"
EndProject
Project("{8BC9CEB8-8B4A-11D0-8D11-00A0C91BC942}") = "Bai119", "Bai119\Bai119.vcxproj", "{0E75023F-7209-43F2-A283-19F6D0F25757}"
EndProject
Project("{8BC9CEB8-8B4A-11D0-8D11-00A0C91BC942}") = "Bai120", "Bai120\Bai120.vcxproj", "{DA24F9CC-B08A-4E49-A05B-044A621AECAE}"
EndProject
Project("{8BC9CEB8-8B4A-11D0-8D11-00A0C91BC942}") = "Bai121", "Bai121\Bai121.vcxproj", "{FCDE9AEE-8301-434F-81BC-69273377D6D4}"
EndProject
Project("{8BC9CEB8-8B4A-11D0-8D11-00A0C91BC942}") = "Bai122", "Bai122\Bai122.vcxproj", "{FB07D148-0186-408D-8BC7-95C85254FFAB}"
EndProject
Project("{8BC9CEB8-8B4A-11D0-8D11-00A0C91BC942}") = "Bai123", "Bai123\Bai123.vcxproj", "{EACE6FD3-A72A-476C-BDD0-0AE5663B68CC}"
EndProject
Project("{8BC9CEB8-8B4A-11D0-8D11-00A0C91BC942}") = "Bai124", "Bai124\Bai124.vcxproj", "{E95C2A02-8567-4F1D-9FCF-72F9E09992AD}"
EndProject
Project("{8BC9CEB8-8B4A-11D0-8D11-00A0C91BC942}") = "Bai125", "Bai125\Bai125.vcxproj", "{AE1EB96A-CB6F-4C17-9A28-DCB7FC3E9769}"
EndProject
Project("{8BC9CEB8-8B4A-11D0-8D11-00A0C91BC942}") = "Bai126", "Bai126\Bai126.vcxproj", "{8E5A143D-CE44-4AE6-AA06-2C0CBE456243}"
EndProject
Project("{8BC9CEB8-8B4A-11D0-8D11-00A0C91BC942}") = "Bai127", "Bai127\Bai127.vcxproj", "{0973FBC9-5A1E-4712-8BE9-C52AB017C3D2}"
EndProject
Project("{8BC9CEB8-8B4A-11D0-8D11-00A0C91BC942}") = "Bai128", "Bai128\Bai128.vcxproj", "{52016DEE-6C86-4058-AA35-1732E20D5348}"
EndProject
Project("{8BC9CEB8-8B4A-11D0-8D11-00A0C91BC942}") = "Bai129", "Bai129\Bai129.vcxproj", "{3A9E62BE-D42F-4AD4-B459-35D479B5E80A}"
EndProject
Project("{8BC9CEB8-8B4A-11D0-8D11-00A0C91BC942}") = "Bai130", "Bai130\Bai130.vcxproj", "{0CBFBB60-822B-4BAC-9A85-44DD8ECCA56B}"
EndProject
Project("{8BC9CEB8-8B4A-11D0-8D11-00A0C91BC942}") = "Bai131", "Bai131\Bai131.vcxproj", "{0398769C-DA59-49A6-BFA9-8313F7ADF905}"
EndProject
Project("{8BC9CEB8-8B4A-11D0-8D11-00A0C91BC942}") = "Bai132", "Bai132\Bai132.vcxproj", "{5849A6AB-5750-4347-A5F2-FB640DFEFDD4}"
EndProject
Project("{8BC9CEB8-8B4A-11D0-8D11-00A0C91BC942}") = "Bai133", "Bai133\Bai133.vcxproj", "{21509662-F826-4F8D-920B-4E92EF352074}"
EndProject
Project("{8BC9CEB8-8B4A-11D0-8D11-00A0C91BC942}") = "Bai134", "Bai134\Bai134.vcxproj", "{91B1E401-ED9D-47CA-9CA0-4B6F19C7FC3B}"
EndProject
Project("{8BC9CEB8-8B4A-11D0-8D11-00A0C91BC942}") = "Bai135", "Bai135\Bai135.vcxproj", "{63D1E601-4BF1-4654-9AC2-A137508962DE}"
EndProject
Project("{8BC9CEB8-8B4A-11D0-8D11-00A0C91BC942}") = "Bai136", "Bai136\Bai136.vcxproj", "{51D6C3B8-132F-451E-890E-7AD58560EF86}"
EndProject
Project("{8BC9CEB8-8B4A-11D0-8D11-00A0C91BC942}") = "Bai137", "Bai137\Bai137.vcxproj", "{E4F579D7-BC04-4348-BA26-BCB528366B32}"
EndProject
Project("{8BC9CEB8-8B4A-11D0-8D11-00A0C91BC942}") = "Bai138", "Bai138\Bai138.vcxproj", "{5E4702C9-836C-4EB0-8F73-1A5C302BA2C3}"
EndProject
Project("{8BC9CEB8-8B4A-11D0-8D11-00A0C91BC942}") = "Bai139", "Bai139\Bai139.vcxproj", "{D4302B37-F7FE-407A-A691-D891BFFDFF7F}"
EndProject
Project("{8BC9CEB8-8B4A-11D0-8D11-00A0C91BC942}") = "Bai140", "Bai140\Bai140.vcxproj", "{5B6B919D-E955-486F-A0F7-0B72CF671946}"
EndProject
Project("{8BC9CEB8-8B4A-11D0-8D11-00A0C91BC942}") = "Bai141", "Bai141\Bai141.vcxproj", "{BFE95891-E420-4C21-9E49-77A505A8EA0A}"
EndProject
Project("{8BC9CEB8-8B4A-11D0-8D11-00A0C91BC942}") = "Bai142", "Bai142\Bai142.vcxproj", "{55047295-ED89-4CC8-8390-05172492C7BE}"
EndProject
Project("{8BC9CEB8-8B4A-11D0-8D11-00A0C91BC942}") = "Bai143", "Bai143\Bai143.vcxproj", "{C08BC912-C48A-4A98-8D82-FB65A1986B11}"
EndProject
Project("{8BC9CEB8-8B4A-11D0-8D11-00A0C91BC942}") = "Bai144", "Bai144\Bai144.vcxproj", "{4A8272D9-F1AF-428B-8CF6-6696FD46BD8A}"
EndProject
Project("{8BC9CEB8-8B4A-11D0-8D11-00A0C91BC942}") = "Bai145", "Bai145\Bai145.vcxproj", "{5C2862C1-2A4F-47D6-BFC0-EFC3A3F08C07}"
EndProject
Project("{8BC9CEB8-8B4A-11D0-8D11-00A0C91BC942}") = "Bai146", "Bai146\Bai146.vcxproj", "{CCFB5793-94CA-444B-9EC2-D12B5AFD026D}"
EndProject
Project("{8BC9CEB8-8B4A-11D0-8D11-00A0C91BC942}") = "Bai147", "Bai147\Bai147.vcxproj", "{94F47BB8-7F16-4088-8AF7-45BE7486069D}"
EndProject
Project("{8BC9CEB8-8B4A-11D0-8D11-00A0C91BC942}") = "Bai148", "Bai148\Bai148.vcxproj", "{61050EBA-E703-44C0-9098-DAA12153D826}"
EndProject
Project("{8BC9CEB8-8B4A-11D0-8D11-00A0C91BC942}") = "Bai149", "Bai149\Bai149.vcxproj", "{7E17208C-AC6D-4138-BBB1-A746BCA88572}"
EndProject
Project("{8BC9CEB8-8B4A-11D0-8D11-00A0C91BC942}") = "Bai150", "Bai150\Bai150.vcxproj", "{F4C075C2-8AE7-4E23-BED3-7DC5B787DD24}"
EndProject
Project("{8BC9CEB8-8B4A-11D0-8D11-00A0C91BC942}") = "Bai151", "Bai151\Bai151.vcxproj", "{614AC717-C1AB-4FF6-AB00-F8FCC3D716A9}"
EndProject
Project("{8BC9CEB8-8B4A-11D0-8D11-00A0C91BC942}") = "Bai152", "Bai152\Bai152.vcxproj", "{6C97C393-A1A6-47D9-A9A1-6A29A002A977}"
EndProject
Project("{8BC9CEB8-8B4A-11D0-8D11-00A0C91BC942}") = "Bai153", "Bai153\Bai153.vcxproj", "{5AF11388-408A-46AF-878D-058C8188E08A}"
EndProject
Project("{8BC9CEB8-8B4A-11D0-8D11-00A0C91BC942}") = "Bai154", "Bai154\Bai154.vcxproj", "{16E56E99-565C-46CA-9559-5D42942CD35D}"
EndProject
Project("{8BC9CEB8-8B4A-11D0-8D11-00A0C91BC942}") = "Bai155", "Bai155\Bai155.vcxproj", "{65DD471D-107E-40FA-9F1F-6F6F9403AA0D}"
EndProject
Project("{8BC9CEB8-8B4A-11D0-8D11-00A0C91BC942}") = "Bai040", "Bai040\Bai040.vcxproj", "{3638F514-7AC4-45A1-90E8-56082B57ED8D}"
EndProject
Project("{8BC9CEB8-8B4A-11D0-8D11-00A0C91BC942}") = "Bai041", "Bai041\Bai041.vcxproj", "{7E089326-02BD-4EB5-871F-AEAA43E239DB}"
EndProject
Project("{8BC9CEB8-8B4A-11D0-8D11-00A0C91BC942}") = "Bai039", "Bai039\Bai039.vcxproj", "{161A92EB-BEDF-46FF-896D-A645534D81AB}"
EndProject
Project("{8BC9CEB8-8B4A-11D0-8D11-00A0C91BC942}") = "Bai042", "Bai042\Bai042.vcxproj", "{3103077F-7327-4690-832C-9FCCA5991E3C}"
EndProject
Project("{8BC9CEB8-8B4A-11D0-8D11-00A0C91BC942}") = "Bai043", "Bai043\Bai043.vcxproj", "{4DCBE39B-C12F-44C8-BD2D-BFD429C19861}"
EndProject
Project("{8BC9CEB8-8B4A-11D0-8D11-00A0C91BC942}") = "Bai044", "Bai044\Bai044.vcxproj", "{327FEC71-3613-4C4C-9D83-C95AB0AB5E7B}"
EndProject
Project("{8BC9CEB8-8B4A-11D0-8D11-00A0C91BC942}") = "Bai045", "Bai045\Bai045.vcxproj", "{39347A7D-FD5B-4241-BCBF-E04B5ED18C14}"
EndProject
Project("{8BC9CEB8-8B4A-11D0-8D11-00A0C91BC942}") = "Bai046", "Bai046\Bai046.vcxproj", "{F657160A-819C-4E62-A28F-FE729C471402}"
EndProject
Project("{8BC9CEB8-8B4A-11D0-8D11-00A0C91BC942}") = "Bai047", "Bai047\Bai047.vcxproj", "{333D1DF0-E061-4014-9537-7B6992F88FD0}"
EndProject
Project("{8BC9CEB8-8B4A-11D0-8D11-00A0C91BC942}") = "Bai048", "Bai048\Bai048.vcxproj", "{3C66C493-8C57-451D-9AA7-2E5568ADFF74}"
EndProject
Project("{8BC9CEB8-8B4A-11D0-8D11-00A0C91BC942}") = "Bai049", "Bai049\Bai049.vcxproj", "{787771F0-E21D-4A4C-A817-3FAEB25B6D92}"
EndProject
Project("{8BC9CEB8-8B4A-11D0-8D11-00A0C91BC942}") = "Bai050", "Bai050\Bai050.vcxproj", "{1591160C-C6C9-4364-8976-33B5CFE60C12}"
EndProject
Project("{8BC9CEB8-8B4A-11D0-8D11-00A0C91BC942}") = "Bai051", "Bai051\Bai051.vcxproj", "{05814525-4E61-4F7D-81BE-9A1B00D8B207}"
EndProject
Project("{8BC9CEB8-8B4A-11D0-8D11-00A0C91BC942}") = "Bai052", "Bai052\Bai052.vcxproj", "{26C67DF4-433B-4FFE-97B9-54E9514DD549}"
EndProject
Project("{8BC9CEB8-8B4A-11D0-8D11-00A0C91BC942}") = "Bai053", "Bai053\Bai053.vcxproj", "{CC0C5B74-4AC3-488A-98E9-0F9FFA13043C}"
EndProject
Project("{8BC9CEB8-8B4A-11D0-8D11-00A0C91BC942}") = "Bai054", "Bai054\Bai054.vcxproj", "{B0B6C8A1-6CD3-4A20-8B40-FE154BB8F730}"
EndProject
Project("{8BC9CEB8-8B4A-11D0-8D11-00A0C91BC942}") = "Bai055", "Bai055\Bai055.vcxproj", "{33215F56-28FD-4472-A8CE-270628787D9F}"
EndProject
Project("{8BC9CEB8-8B4A-11D0-8D11-00A0C91BC942}") = "Bai056", "Bai056\Bai056.vcxproj", "{F4BC1B03-809F-401F-9AC7-5659B5D62E4E}"
EndProject
Project("{8BC9CEB8-8B4A-11D0-8D11-00A0C91BC942}") = "Bai059", "Bai059\Bai059.vcxproj", "{1E6F4683-4FBE-42B4-BA52-54EE1B9D8F6C}"
EndProject
Project("{8BC9CEB8-8B4A-11D0-8D11-00A0C91BC942}") = "Bai057", "Bai057\Bai057.vcxproj", "{7F7F4334-FD3A-4B66-97AC-68B412FF91BA}"
EndProject
Project("{8BC9CEB8-8B4A-11D0-8D11-00A0C91BC942}") = "Bai058", "Bai058\Bai058.vcxproj", "{A35D283F-83D6-4DD2-A8E3-FD0BAF53EA5C}"
EndProject
Project("{8BC9CEB8-8B4A-11D0-8D11-00A0C91BC942}") = "Bai060", "Bai060\Bai060.vcxproj", "{48B842FF-A845-42A0-B10B-52DDAAA31FCB}"
EndProject
Project("{8BC9CEB8-8B4A-11D0-8D11-00A0C91BC942}") = "Bai061", "Bai061\Bai061.vcxproj", "{83780B10-1B9F-4866-B148-1225A08147FD}"
EndProject
Project("{8BC9CEB8-8B4A-11D0-8D11-00A0C91BC942}") = "Bai062", "Bai062\Bai062.vcxproj", "{3EC61FEB-BD76-41CF-8059-0B30721142CA}"
EndProject
Project("{8BC9CEB8-8B4A-11D0-8D11-00A0C91BC942}") = "Bai063", "Bai063\Bai063.vcxproj", "{62E4303D-8B3C-425C-ACB7-BAC20EC9CE7F}"
EndProject
Global
	GlobalSection(SolutionConfigurationPlatforms) = preSolution
		Debug|x64 = Debug|x64
		Debug|x86 = Debug|x86
		Release|x64 = Release|x64
		Release|x86 = Release|x86
	EndGlobalSection
	GlobalSection(ProjectConfigurationPlatforms) = postSolution
		{844B31B6-566F-4371-991A-5C69F0FFD171}.Debug|x64.ActiveCfg = Debug|x64
		{844B31B6-566F-4371-991A-5C69F0FFD171}.Debug|x86.ActiveCfg = Debug|Win32
		{844B31B6-566F-4371-991A-5C69F0FFD171}.Release|x64.ActiveCfg = Release|x64
		{844B31B6-566F-4371-991A-5C69F0FFD171}.Release|x86.ActiveCfg = Release|Win32
		{EDF0A2D8-BEA6-42C9-A546-68FED9CCEF51}.Debug|x64.ActiveCfg = Debug|x64
		{EDF0A2D8-BEA6-42C9-A546-68FED9CCEF51}.Debug|x86.ActiveCfg = Debug|Win32
		{EDF0A2D8-BEA6-42C9-A546-68FED9CCEF51}.Release|x64.ActiveCfg = Release|x64
		{EDF0A2D8-BEA6-42C9-A546-68FED9CCEF51}.Release|x86.ActiveCfg = Release|Win32
		{51C1EAB4-7794-4077-A8CB-3E37ABFCA532}.Debug|x64.ActiveCfg = Debug|x64
		{51C1EAB4-7794-4077-A8CB-3E37ABFCA532}.Debug|x86.ActiveCfg = Debug|Win32
		{51C1EAB4-7794-4077-A8CB-3E37ABFCA532}.Release|x64.ActiveCfg = Release|x64
		{51C1EAB4-7794-4077-A8CB-3E37ABFCA532}.Release|x86.ActiveCfg = Release|Win32
		{C7861145-5C29-495D-9302-C7064F338796}.Debug|x64.ActiveCfg = Debug|x64
		{C7861145-5C29-495D-9302-C7064F338796}.Debug|x86.ActiveCfg = Debug|Win32
		{C7861145-5C29-495D-9302-C7064F338796}.Release|x64.ActiveCfg = Release|x64
		{C7861145-5C29-495D-9302-C7064F338796}.Release|x86.ActiveCfg = Release|Win32
		{1A70C6E8-6D09-4D6A-BF9F-880B88199750}.Debug|x64.ActiveCfg = Debug|x64
		{1A70C6E8-6D09-4D6A-BF9F-880B88199750}.Debug|x86.ActiveCfg = Debug|Win32
		{1A70C6E8-6D09-4D6A-BF9F-880B88199750}.Release|x64.ActiveCfg = Release|x64
		{1A70C6E8-6D09-4D6A-BF9F-880B88199750}.Release|x86.ActiveCfg = Release|Win32
		{F4EE0FFA-7E94-4D39-9874-9AD5223DE46F}.Debug|x64.ActiveCfg = Debug|x64
		{F4EE0FFA-7E94-4D39-9874-9AD5223DE46F}.Debug|x86.ActiveCfg = Debug|Win32
		{F4EE0FFA-7E94-4D39-9874-9AD5223DE46F}.Release|x64.ActiveCfg = Release|x64
		{F4EE0FFA-7E94-4D39-9874-9AD5223DE46F}.Release|x86.ActiveCfg = Release|Win32
		{36B86C75-9E53-49E6-A470-8FD587569F75}.Debug|x64.ActiveCfg = Debug|x64
		{36B86C75-9E53-49E6-A470-8FD587569F75}.Debug|x86.ActiveCfg = Debug|Win32
		{36B86C75-9E53-49E6-A470-8FD587569F75}.Release|x64.ActiveCfg = Release|x64
		{36B86C75-9E53-49E6-A470-8FD587569F75}.Release|x86.ActiveCfg = Release|Win32
		{69A96BBC-BEAB-4B5D-83B6-4A95FE4165C9}.Debug|x64.ActiveCfg = Debug|x64
		{69A96BBC-BEAB-4B5D-83B6-4A95FE4165C9}.Debug|x86.ActiveCfg = Debug|Win32
		{69A96BBC-BEAB-4B5D-83B6-4A95FE4165C9}.Release|x64.ActiveCfg = Release|x64
		{69A96BBC-BEAB-4B5D-83B6-4A95FE4165C9}.Release|x86.ActiveCfg = Release|Win32
		{3733F93A-5251-44BA-840D-E49A6911C231}.Debug|x64.ActiveCfg = Debug|x64
		{3733F93A-5251-44BA-840D-E49A6911C231}.Debug|x86.ActiveCfg = Debug|Win32
		{3733F93A-5251-44BA-840D-E49A6911C231}.Release|x64.ActiveCfg = Release|x64
		{3733F93A-5251-44BA-840D-E49A6911C231}.Release|x86.ActiveCfg = Release|Win32
		{3ADD1F6F-DC8E-4460-AC61-E2CBDDCBB57B}.Debug|x64.ActiveCfg = Debug|x64
		{3ADD1F6F-DC8E-4460-AC61-E2CBDDCBB57B}.Debug|x86.ActiveCfg = Debug|Win32
		{3ADD1F6F-DC8E-4460-AC61-E2CBDDCBB57B}.Release|x64.ActiveCfg = Release|x64
		{3ADD1F6F-DC8E-4460-AC61-E2CBDDCBB57B}.Release|x86.ActiveCfg = Release|Win32
		{38C6BE3D-8731-4881-9D7C-B5489DC3E980}.Debug|x64.ActiveCfg = Debug|x64
		{38C6BE3D-8731-4881-9D7C-B5489DC3E980}.Debug|x86.ActiveCfg = Debug|Win32
		{38C6BE3D-8731-4881-9D7C-B5489DC3E980}.Release|x64.ActiveCfg = Release|x64
		{38C6BE3D-8731-4881-9D7C-B5489DC3E980}.Release|x86.ActiveCfg = Release|Win32
		{53D659AF-52D3-4A4A-B272-1825C345D728}.Debug|x64.ActiveCfg = Debug|x64
		{53D659AF-52D3-4A4A-B272-1825C345D728}.Debug|x86.ActiveCfg = Debug|Win32
		{53D659AF-52D3-4A4A-B272-1825C345D728}.Release|x64.ActiveCfg = Release|x64
		{53D659AF-52D3-4A4A-B272-1825C345D728}.Release|x86.ActiveCfg = Release|Win32
		{18F73419-7B81-4CA9-9553-8452A0568544}.Debug|x64.ActiveCfg = Debug|x64
		{18F73419-7B81-4CA9-9553-8452A0568544}.Debug|x86.ActiveCfg = Debug|Win32
		{18F73419-7B81-4CA9-9553-8452A0568544}.Release|x64.ActiveCfg = Release|x64
		{18F73419-7B81-4CA9-9553-8452A0568544}.Release|x86.ActiveCfg = Release|Win32
		{7D17D2AA-6BFA-4703-9244-CA1BAC7B9473}.Debug|x64.ActiveCfg = Debug|x64
		{7D17D2AA-6BFA-4703-9244-CA1BAC7B9473}.Debug|x86.ActiveCfg = Debug|Win32
		{7D17D2AA-6BFA-4703-9244-CA1BAC7B9473}.Release|x64.ActiveCfg = Release|x64
		{7D17D2AA-6BFA-4703-9244-CA1BAC7B9473}.Release|x86.ActiveCfg = Release|Win32
		{601BF3A0-FB8A-4004-A82F-995F7DB97287}.Debug|x64.ActiveCfg = Debug|x64
		{601BF3A0-FB8A-4004-A82F-995F7DB97287}.Debug|x86.ActiveCfg = Debug|Win32
		{601BF3A0-FB8A-4004-A82F-995F7DB97287}.Release|x64.ActiveCfg = Release|x64
		{601BF3A0-FB8A-4004-A82F-995F7DB97287}.Release|x86.ActiveCfg = Release|Win32
		{5505015A-6BCA-43BE-AB52-392B8142D121}.Debug|x64.ActiveCfg = Debug|x64
		{5505015A-6BCA-43BE-AB52-392B8142D121}.Debug|x86.ActiveCfg = Debug|Win32
		{5505015A-6BCA-43BE-AB52-392B8142D121}.Release|x64.ActiveCfg = Release|x64
		{5505015A-6BCA-43BE-AB52-392B8142D121}.Release|x86.ActiveCfg = Release|Win32
		{6729D25F-41F4-43BB-9A79-6D07AD0661BE}.Debug|x64.ActiveCfg = Debug|x64
		{6729D25F-41F4-43BB-9A79-6D07AD0661BE}.Debug|x86.ActiveCfg = Debug|Win32
		{6729D25F-41F4-43BB-9A79-6D07AD0661BE}.Release|x64.ActiveCfg = Release|x64
		{6729D25F-41F4-43BB-9A79-6D07AD0661BE}.Release|x86.ActiveCfg = Release|Win32
		{1995AC02-4979-4842-8088-F0FF2335EB02}.Debug|x64.ActiveCfg = Debug|x64
		{1995AC02-4979-4842-8088-F0FF2335EB02}.Debug|x86.ActiveCfg = Debug|Win32
		{1995AC02-4979-4842-8088-F0FF2335EB02}.Release|x64.ActiveCfg = Release|x64
		{1995AC02-4979-4842-8088-F0FF2335EB02}.Release|x86.ActiveCfg = Release|Win32
		{D9ADA973-8F06-468C-9A86-36DEBCF82F21}.Debug|x64.ActiveCfg = Debug|x64
		{D9ADA973-8F06-468C-9A86-36DEBCF82F21}.Debug|x86.ActiveCfg = Debug|Win32
		{D9ADA973-8F06-468C-9A86-36DEBCF82F21}.Release|x64.ActiveCfg = Release|x64
		{D9ADA973-8F06-468C-9A86-36DEBCF82F21}.Release|x86.ActiveCfg = Release|Win32
		{3C82994F-5D76-4672-A31E-36473EB9EBF2}.Debug|x64.ActiveCfg = Debug|x64
		{3C82994F-5D76-4672-A31E-36473EB9EBF2}.Debug|x86.ActiveCfg = Debug|Win32
		{3C82994F-5D76-4672-A31E-36473EB9EBF2}.Release|x64.ActiveCfg = Release|x64
		{3C82994F-5D76-4672-A31E-36473EB9EBF2}.Release|x86.ActiveCfg = Release|Win32
		{B0E8A346-EC4C-4665-847B-70F58A35F621}.Debug|x64.ActiveCfg = Debug|x64
		{B0E8A346-EC4C-4665-847B-70F58A35F621}.Debug|x86.ActiveCfg = Debug|Win32
		{B0E8A346-EC4C-4665-847B-70F58A35F621}.Release|x64.ActiveCfg = Release|x64
		{B0E8A346-EC4C-4665-847B-70F58A35F621}.Release|x86.ActiveCfg = Release|Win32
		{CAC8FFDC-4B47-4C51-BE2F-0F1C300859D6}.Debug|x64.ActiveCfg = Debug|x64
		{CAC8FFDC-4B47-4C51-BE2F-0F1C300859D6}.Debug|x86.ActiveCfg = Debug|Win32
		{CAC8FFDC-4B47-4C51-BE2F-0F1C300859D6}.Release|x64.ActiveCfg = Release|x64
		{CAC8FFDC-4B47-4C51-BE2F-0F1C300859D6}.Release|x86.ActiveCfg = Release|Win32
		{A25AB0DE-0403-49F2-9DC3-CD2BBF2E5851}.Debug|x64.ActiveCfg = Debug|x64
		{A25AB0DE-0403-49F2-9DC3-CD2BBF2E5851}.Debug|x86.ActiveCfg = Debug|Win32
		{A25AB0DE-0403-49F2-9DC3-CD2BBF2E5851}.Release|x64.ActiveCfg = Release|x64
		{A25AB0DE-0403-49F2-9DC3-CD2BBF2E5851}.Release|x86.ActiveCfg = Release|Win32
		{AE9EBA5D-4AAB-4F10-8F82-223B515EE4C8}.Debug|x64.ActiveCfg = Debug|x64
		{AE9EBA5D-4AAB-4F10-8F82-223B515EE4C8}.Debug|x86.ActiveCfg = Debug|Win32
		{AE9EBA5D-4AAB-4F10-8F82-223B515EE4C8}.Release|x64.ActiveCfg = Release|x64
		{AE9EBA5D-4AAB-4F10-8F82-223B515EE4C8}.Release|x86.ActiveCfg = Release|Win32
		{1CC9BDE8-4BDD-488D-A2AE-F8CA93580818}.Debug|x64.ActiveCfg = Debug|x64
		{1CC9BDE8-4BDD-488D-A2AE-F8CA93580818}.Debug|x86.ActiveCfg = Debug|Win32
		{1CC9BDE8-4BDD-488D-A2AE-F8CA93580818}.Release|x64.ActiveCfg = Release|x64
		{1CC9BDE8-4BDD-488D-A2AE-F8CA93580818}.Release|x86.ActiveCfg = Release|Win32
		{E9FDFB9A-C57A-497C-BBD8-6A9E0A38742A}.Debug|x64.ActiveCfg = Debug|x64
		{E9FDFB9A-C57A-497C-BBD8-6A9E0A38742A}.Debug|x86.ActiveCfg = Debug|Win32
		{E9FDFB9A-C57A-497C-BBD8-6A9E0A38742A}.Release|x64.ActiveCfg = Release|x64
		{E9FDFB9A-C57A-497C-BBD8-6A9E0A38742A}.Release|x86.ActiveCfg = Release|Win32
		{D886E18E-471A-4988-85A6-9D247BD2F7B1}.Debug|x64.ActiveCfg = Debug|x64
		{D886E18E-471A-4988-85A6-9D247BD2F7B1}.Debug|x86.ActiveCfg = Debug|Win32
		{D886E18E-471A-4988-85A6-9D247BD2F7B1}.Release|x64.ActiveCfg = Release|x64
		{D886E18E-471A-4988-85A6-9D247BD2F7B1}.Release|x86.ActiveCfg = Release|Win32
		{907F2679-0BC0-48B9-9C46-90279C3EAB34}.Debug|x64.ActiveCfg = Debug|x64
		{907F2679-0BC0-48B9-9C46-90279C3EAB34}.Debug|x86.ActiveCfg = Debug|Win32
		{907F2679-0BC0-48B9-9C46-90279C3EAB34}.Release|x64.ActiveCfg = Release|x64
		{907F2679-0BC0-48B9-9C46-90279C3EAB34}.Release|x86.ActiveCfg = Release|Win32
		{3AE7E787-A718-4395-9201-CC9716028DF7}.Debug|x64.ActiveCfg = Debug|x64
		{3AE7E787-A718-4395-9201-CC9716028DF7}.Debug|x86.ActiveCfg = Debug|Win32
		{3AE7E787-A718-4395-9201-CC9716028DF7}.Release|x64.ActiveCfg = Release|x64
		{3AE7E787-A718-4395-9201-CC9716028DF7}.Release|x86.ActiveCfg = Release|Win32
		{1DD52385-8260-43CB-A09A-79E46E7752F7}.Debug|x64.ActiveCfg = Debug|x64
		{1DD52385-8260-43CB-A09A-79E46E7752F7}.Debug|x86.ActiveCfg = Debug|Win32
		{1DD52385-8260-43CB-A09A-79E46E7752F7}.Release|x64.ActiveCfg = Release|x64
		{1DD52385-8260-43CB-A09A-79E46E7752F7}.Release|x86.ActiveCfg = Release|Win32
		{7229D99E-97B6-44E9-9157-519FC99E2F2E}.Debug|x64.ActiveCfg = Debug|x64
		{7229D99E-97B6-44E9-9157-519FC99E2F2E}.Debug|x86.ActiveCfg = Debug|Win32
		{7229D99E-97B6-44E9-9157-519FC99E2F2E}.Release|x64.ActiveCfg = Release|x64
		{7229D99E-97B6-44E9-9157-519FC99E2F2E}.Release|x86.ActiveCfg = Release|Win32
		{5D7172DD-96B9-47ED-ADB1-83B0D9C770F4}.Debug|x64.ActiveCfg = Debug|x64
		{5D7172DD-96B9-47ED-ADB1-83B0D9C770F4}.Debug|x86.ActiveCfg = Debug|Win32
		{5D7172DD-96B9-47ED-ADB1-83B0D9C770F4}.Release|x64.ActiveCfg = Release|x64
		{5D7172DD-96B9-47ED-ADB1-83B0D9C770F4}.Release|x86.ActiveCfg = Release|Win32
		{711025AD-4C65-49A5-B185-D6A9CC2A23BA}.Debug|x64.ActiveCfg = Debug|x64
		{711025AD-4C65-49A5-B185-D6A9CC2A23BA}.Debug|x86.ActiveCfg = Debug|Win32
		{711025AD-4C65-49A5-B185-D6A9CC2A23BA}.Release|x64.ActiveCfg = Release|x64
		{711025AD-4C65-49A5-B185-D6A9CC2A23BA}.Release|x86.ActiveCfg = Release|Win32
		{A06E328A-E79D-4081-AF70-D429A2D1D0F3}.Debug|x64.ActiveCfg = Debug|x64
		{A06E328A-E79D-4081-AF70-D429A2D1D0F3}.Debug|x86.ActiveCfg = Debug|Win32
		{A06E328A-E79D-4081-AF70-D429A2D1D0F3}.Release|x64.ActiveCfg = Release|x64
		{A06E328A-E79D-4081-AF70-D429A2D1D0F3}.Release|x86.ActiveCfg = Release|Win32
		{3642EC96-46BB-42C6-965E-70A41BC58FBA}.Debug|x64.ActiveCfg = Debug|x64
		{3642EC96-46BB-42C6-965E-70A41BC58FBA}.Debug|x86.ActiveCfg = Debug|Win32
		{3642EC96-46BB-42C6-965E-70A41BC58FBA}.Release|x64.ActiveCfg = Release|x64
		{3642EC96-46BB-42C6-965E-70A41BC58FBA}.Release|x86.ActiveCfg = Release|Win32
		{424C7791-88C6-4BEE-BEB3-3E7A58FB7FA0}.Debug|x64.ActiveCfg = Debug|x64
		{424C7791-88C6-4BEE-BEB3-3E7A58FB7FA0}.Debug|x86.ActiveCfg = Debug|Win32
		{424C7791-88C6-4BEE-BEB3-3E7A58FB7FA0}.Release|x64.ActiveCfg = Release|x64
		{424C7791-88C6-4BEE-BEB3-3E7A58FB7FA0}.Release|x86.ActiveCfg = Release|Win32
		{9D549063-B0E3-4743-A99A-7622D9CE47D9}.Debug|x64.ActiveCfg = Debug|x64
		{9D549063-B0E3-4743-A99A-7622D9CE47D9}.Debug|x86.ActiveCfg = Debug|Win32
		{9D549063-B0E3-4743-A99A-7622D9CE47D9}.Release|x64.ActiveCfg = Release|x64
		{9D549063-B0E3-4743-A99A-7622D9CE47D9}.Release|x86.ActiveCfg = Release|Win32
		{758919DC-7B16-4F8E-98F6-E2FB99B781E2}.Debug|x64.ActiveCfg = Debug|x64
		{758919DC-7B16-4F8E-98F6-E2FB99B781E2}.Debug|x86.ActiveCfg = Debug|Win32
		{758919DC-7B16-4F8E-98F6-E2FB99B781E2}.Release|x64.ActiveCfg = Release|x64
		{758919DC-7B16-4F8E-98F6-E2FB99B781E2}.Release|x86.ActiveCfg = Release|Win32
		{A251BE3B-7A08-40F6-9163-0F199B5296A2}.Debug|x64.ActiveCfg = Debug|x64
		{A251BE3B-7A08-40F6-9163-0F199B5296A2}.Debug|x86.ActiveCfg = Debug|Win32
		{A251BE3B-7A08-40F6-9163-0F199B5296A2}.Release|x64.ActiveCfg = Release|x64
		{A251BE3B-7A08-40F6-9163-0F199B5296A2}.Release|x86.ActiveCfg = Release|Win32
		{9903BC94-295D-4ABB-A370-FF8422B8DE85}.Debug|x64.ActiveCfg = Debug|x64
		{9903BC94-295D-4ABB-A370-FF8422B8DE85}.Debug|x86.ActiveCfg = Debug|Win32
		{9903BC94-295D-4ABB-A370-FF8422B8DE85}.Release|x64.ActiveCfg = Release|x64
		{9903BC94-295D-4ABB-A370-FF8422B8DE85}.Release|x86.ActiveCfg = Release|Win32
		{949C4E02-AD02-4770-8303-B3D2732EBD0D}.Debug|x64.ActiveCfg = Debug|x64
		{949C4E02-AD02-4770-8303-B3D2732EBD0D}.Debug|x86.ActiveCfg = Debug|Win32
		{949C4E02-AD02-4770-8303-B3D2732EBD0D}.Release|x64.ActiveCfg = Release|x64
		{949C4E02-AD02-4770-8303-B3D2732EBD0D}.Release|x86.ActiveCfg = Release|Win32
		{2D29750D-7534-428D-B00F-A73BC08AE379}.Debug|x64.ActiveCfg = Debug|x64
		{2D29750D-7534-428D-B00F-A73BC08AE379}.Debug|x86.ActiveCfg = Debug|Win32
		{2D29750D-7534-428D-B00F-A73BC08AE379}.Release|x64.ActiveCfg = Release|x64
		{2D29750D-7534-428D-B00F-A73BC08AE379}.Release|x86.ActiveCfg = Release|Win32
		{A6960D55-E7B3-438A-9F38-C52B4683C136}.Debug|x64.ActiveCfg = Debug|x64
		{A6960D55-E7B3-438A-9F38-C52B4683C136}.Debug|x86.ActiveCfg = Debug|Win32
		{A6960D55-E7B3-438A-9F38-C52B4683C136}.Release|x64.ActiveCfg = Release|x64
		{A6960D55-E7B3-438A-9F38-C52B4683C136}.Release|x86.ActiveCfg = Release|Win32
		{74A4D26F-CD4F-43D9-AAED-0FBFEEE29A3F}.Debug|x64.ActiveCfg = Debug|x64
		{74A4D26F-CD4F-43D9-AAED-0FBFEEE29A3F}.Debug|x86.ActiveCfg = Debug|Win32
		{74A4D26F-CD4F-43D9-AAED-0FBFEEE29A3F}.Release|x64.ActiveCfg = Release|x64
		{74A4D26F-CD4F-43D9-AAED-0FBFEEE29A3F}.Release|x86.ActiveCfg = Release|Win32
		{3DB1B3FE-7958-40C2-A324-4FB5B2EE933B}.Debug|x64.ActiveCfg = Debug|x64
		{3DB1B3FE-7958-40C2-A324-4FB5B2EE933B}.Debug|x86.ActiveCfg = Debug|Win32
		{3DB1B3FE-7958-40C2-A324-4FB5B2EE933B}.Release|x64.ActiveCfg = Release|x64
		{3DB1B3FE-7958-40C2-A324-4FB5B2EE933B}.Release|x86.ActiveCfg = Release|Win32
		{F8AD2CE5-4941-44D4-9F2B-9BAB68C454D2}.Debug|x64.ActiveCfg = Debug|x64
		{F8AD2CE5-4941-44D4-9F2B-9BAB68C454D2}.Debug|x86.ActiveCfg = Debug|Win32
		{F8AD2CE5-4941-44D4-9F2B-9BAB68C454D2}.Release|x64.ActiveCfg = Release|x64
		{F8AD2CE5-4941-44D4-9F2B-9BAB68C454D2}.Release|x86.ActiveCfg = Release|Win32
		{75CF4E77-B541-4085-893B-7299FCE132F2}.Debug|x64.ActiveCfg = Debug|x64
		{75CF4E77-B541-4085-893B-7299FCE132F2}.Debug|x86.ActiveCfg = Debug|Win32
		{75CF4E77-B541-4085-893B-7299FCE132F2}.Release|x64.ActiveCfg = Release|x64
		{75CF4E77-B541-4085-893B-7299FCE132F2}.Release|x86.ActiveCfg = Release|Win32
		{F869EBB2-F08C-4839-AF50-A2CCD07816A8}.Debug|x64.ActiveCfg = Debug|x64
		{F869EBB2-F08C-4839-AF50-A2CCD07816A8}.Debug|x86.ActiveCfg = Debug|Win32
		{F869EBB2-F08C-4839-AF50-A2CCD07816A8}.Release|x64.ActiveCfg = Release|x64
		{F869EBB2-F08C-4839-AF50-A2CCD07816A8}.Release|x86.ActiveCfg = Release|Win32
		{B2788763-78AC-479B-872E-E6F3EFC37DB8}.Debug|x64.ActiveCfg = Debug|x64
		{B2788763-78AC-479B-872E-E6F3EFC37DB8}.Debug|x86.ActiveCfg = Debug|Win32
		{B2788763-78AC-479B-872E-E6F3EFC37DB8}.Release|x64.ActiveCfg = Release|x64
		{B2788763-78AC-479B-872E-E6F3EFC37DB8}.Release|x86.ActiveCfg = Release|Win32
		{F6B9A1B0-8102-4830-A4DB-ABFFDB055B70}.Debug|x64.ActiveCfg = Debug|x64
		{F6B9A1B0-8102-4830-A4DB-ABFFDB055B70}.Debug|x86.ActiveCfg = Debug|Win32
		{F6B9A1B0-8102-4830-A4DB-ABFFDB055B70}.Release|x64.ActiveCfg = Release|x64
		{F6B9A1B0-8102-4830-A4DB-ABFFDB055B70}.Release|x86.ActiveCfg = Release|Win32
		{9B8E98E2-70A7-47B5-B0E8-E2FEF2CD6361}.Debug|x64.ActiveCfg = Debug|x64
		{9B8E98E2-70A7-47B5-B0E8-E2FEF2CD6361}.Debug|x86.ActiveCfg = Debug|Win32
		{9B8E98E2-70A7-47B5-B0E8-E2FEF2CD6361}.Release|x64.ActiveCfg = Release|x64
		{9B8E98E2-70A7-47B5-B0E8-E2FEF2CD6361}.Release|x86.ActiveCfg = Release|Win32
		{8B9A9D98-0D9F-4EF5-9D2A-50AADB497EAA}.Debug|x64.ActiveCfg = Debug|x64
		{8B9A9D98-0D9F-4EF5-9D2A-50AADB497EAA}.Debug|x86.ActiveCfg = Debug|Win32
		{8B9A9D98-0D9F-4EF5-9D2A-50AADB497EAA}.Release|x64.ActiveCfg = Release|x64
		{8B9A9D98-0D9F-4EF5-9D2A-50AADB497EAA}.Release|x86.ActiveCfg = Release|Win32
		{40C50F02-61CF-4B32-B466-43D063F73D71}.Debug|x64.ActiveCfg = Debug|x64
		{40C50F02-61CF-4B32-B466-43D063F73D71}.Debug|x86.ActiveCfg = Debug|Win32
		{40C50F02-61CF-4B32-B466-43D063F73D71}.Release|x64.ActiveCfg = Release|x64
		{40C50F02-61CF-4B32-B466-43D063F73D71}.Release|x86.ActiveCfg = Release|Win32
		{8C77F681-988F-4428-97CE-F698C51AC8B7}.Debug|x64.ActiveCfg = Debug|x64
		{8C77F681-988F-4428-97CE-F698C51AC8B7}.Debug|x86.ActiveCfg = Debug|Win32
		{8C77F681-988F-4428-97CE-F698C51AC8B7}.Release|x64.ActiveCfg = Release|x64
		{8C77F681-988F-4428-97CE-F698C51AC8B7}.Release|x86.ActiveCfg = Release|Win32
		{3B1343BF-BBEC-41DF-9D73-DB1D61BBB729}.Debug|x64.ActiveCfg = Debug|x64
		{3B1343BF-BBEC-41DF-9D73-DB1D61BBB729}.Debug|x86.ActiveCfg = Debug|Win32
		{3B1343BF-BBEC-41DF-9D73-DB1D61BBB729}.Release|x64.ActiveCfg = Release|x64
		{3B1343BF-BBEC-41DF-9D73-DB1D61BBB729}.Release|x86.ActiveCfg = Release|Win32
		{C0EC7B96-658C-4886-B185-117D47E5B614}.Debug|x64.ActiveCfg = Debug|x64
		{C0EC7B96-658C-4886-B185-117D47E5B614}.Debug|x86.ActiveCfg = Debug|Win32
		{C0EC7B96-658C-4886-B185-117D47E5B614}.Release|x64.ActiveCfg = Release|x64
		{C0EC7B96-658C-4886-B185-117D47E5B614}.Release|x86.ActiveCfg = Release|Win32
		{E954F2B7-4716-4036-AE57-167EE6E167A2}.Debug|x64.ActiveCfg = Debug|x64
		{E954F2B7-4716-4036-AE57-167EE6E167A2}.Debug|x86.ActiveCfg = Debug|Win32
		{E954F2B7-4716-4036-AE57-167EE6E167A2}.Release|x64.ActiveCfg = Release|x64
		{E954F2B7-4716-4036-AE57-167EE6E167A2}.Release|x86.ActiveCfg = Release|Win32
		{67C825B8-544A-40FA-99ED-0E51CF1B400A}.Debug|x64.ActiveCfg = Debug|x64
		{67C825B8-544A-40FA-99ED-0E51CF1B400A}.Debug|x86.ActiveCfg = Debug|Win32
		{67C825B8-544A-40FA-99ED-0E51CF1B400A}.Release|x64.ActiveCfg = Release|x64
		{67C825B8-544A-40FA-99ED-0E51CF1B400A}.Release|x86.ActiveCfg = Release|Win32
		{71AB30C2-4B90-497B-AEDF-01DA702FCA63}.Debug|x64.ActiveCfg = Debug|x64
		{71AB30C2-4B90-497B-AEDF-01DA702FCA63}.Debug|x86.ActiveCfg = Debug|Win32
		{71AB30C2-4B90-497B-AEDF-01DA702FCA63}.Release|x64.ActiveCfg = Release|x64
		{71AB30C2-4B90-497B-AEDF-01DA702FCA63}.Release|x86.ActiveCfg = Release|Win32
		{578F2908-AB30-438F-8AA6-FBB9FCD4F49A}.Debug|x64.ActiveCfg = Debug|x64
		{578F2908-AB30-438F-8AA6-FBB9FCD4F49A}.Debug|x86.ActiveCfg = Debug|Win32
		{578F2908-AB30-438F-8AA6-FBB9FCD4F49A}.Release|x64.ActiveCfg = Release|x64
		{578F2908-AB30-438F-8AA6-FBB9FCD4F49A}.Release|x86.ActiveCfg = Release|Win32
		{1CAE3B7C-41DB-4985-975F-1A2DBACBD887}.Debug|x64.ActiveCfg = Debug|x64
		{1CAE3B7C-41DB-4985-975F-1A2DBACBD887}.Debug|x86.ActiveCfg = Debug|Win32
		{1CAE3B7C-41DB-4985-975F-1A2DBACBD887}.Release|x64.ActiveCfg = Release|x64
		{1CAE3B7C-41DB-4985-975F-1A2DBACBD887}.Release|x86.ActiveCfg = Release|Win32
		{0BF95DC1-21AF-4B47-925D-668A8D9BEBE4}.Debug|x64.ActiveCfg = Debug|x64
		{0BF95DC1-21AF-4B47-925D-668A8D9BEBE4}.Debug|x86.ActiveCfg = Debug|Win32
		{0BF95DC1-21AF-4B47-925D-668A8D9BEBE4}.Release|x64.ActiveCfg = Release|x64
		{0BF95DC1-21AF-4B47-925D-668A8D9BEBE4}.Release|x86.ActiveCfg = Release|Win32
		{4060E7AC-2C01-46EA-82BD-0D677F53B627}.Debug|x64.ActiveCfg = Debug|x64
		{4060E7AC-2C01-46EA-82BD-0D677F53B627}.Debug|x86.ActiveCfg = Debug|Win32
		{4060E7AC-2C01-46EA-82BD-0D677F53B627}.Release|x64.ActiveCfg = Release|x64
		{4060E7AC-2C01-46EA-82BD-0D677F53B627}.Release|x86.ActiveCfg = Release|Win32
		{C5EAC982-F6B8-4263-BF70-F94E225AC053}.Debug|x64.ActiveCfg = Debug|x64
		{C5EAC982-F6B8-4263-BF70-F94E225AC053}.Debug|x86.ActiveCfg = Debug|Win32
		{C5EAC982-F6B8-4263-BF70-F94E225AC053}.Release|x64.ActiveCfg = Release|x64
		{C5EAC982-F6B8-4263-BF70-F94E225AC053}.Release|x86.ActiveCfg = Release|Win32
		{CC1AF99D-C087-4DC9-B7DF-BF2BE5B81977}.Debug|x64.ActiveCfg = Debug|x64
		{CC1AF99D-C087-4DC9-B7DF-BF2BE5B81977}.Debug|x86.ActiveCfg = Debug|Win32
		{CC1AF99D-C087-4DC9-B7DF-BF2BE5B81977}.Release|x64.ActiveCfg = Release|x64
		{CC1AF99D-C087-4DC9-B7DF-BF2BE5B81977}.Release|x86.ActiveCfg = Release|Win32
		{FD41AA3D-4DC5-4DF6-A4F8-724979B5DFB7}.Debug|x64.ActiveCfg = Debug|x64
		{FD41AA3D-4DC5-4DF6-A4F8-724979B5DFB7}.Debug|x86.ActiveCfg = Debug|Win32
		{FD41AA3D-4DC5-4DF6-A4F8-724979B5DFB7}.Release|x64.ActiveCfg = Release|x64
		{FD41AA3D-4DC5-4DF6-A4F8-724979B5DFB7}.Release|x86.ActiveCfg = Release|Win32
		{59726D82-4306-431C-AA60-B3B8377027A9}.Debug|x64.ActiveCfg = Debug|x64
		{59726D82-4306-431C-AA60-B3B8377027A9}.Debug|x86.ActiveCfg = Debug|Win32
		{59726D82-4306-431C-AA60-B3B8377027A9}.Release|x64.ActiveCfg = Release|x64
		{59726D82-4306-431C-AA60-B3B8377027A9}.Release|x86.ActiveCfg = Release|Win32
		{8DAE9C74-8FAB-4CC9-973F-664583190516}.Debug|x64.ActiveCfg = Debug|x64
		{8DAE9C74-8FAB-4CC9-973F-664583190516}.Debug|x86.ActiveCfg = Debug|Win32
		{8DAE9C74-8FAB-4CC9-973F-664583190516}.Release|x64.ActiveCfg = Release|x64
		{8DAE9C74-8FAB-4CC9-973F-664583190516}.Release|x86.ActiveCfg = Release|Win32
		{12E417C1-F2E0-4442-BFB2-5BFD571AFF8C}.Debug|x64.ActiveCfg = Debug|x64
		{12E417C1-F2E0-4442-BFB2-5BFD571AFF8C}.Debug|x86.ActiveCfg = Debug|Win32
		{12E417C1-F2E0-4442-BFB2-5BFD571AFF8C}.Release|x64.ActiveCfg = Release|x64
		{12E417C1-F2E0-4442-BFB2-5BFD571AFF8C}.Release|x86.ActiveCfg = Release|Win32
		{78F73A57-9BD0-4AA8-965D-DDF4573E82CE}.Debug|x64.ActiveCfg = Debug|x64
		{78F73A57-9BD0-4AA8-965D-DDF4573E82CE}.Debug|x86.ActiveCfg = Debug|Win32
		{78F73A57-9BD0-4AA8-965D-DDF4573E82CE}.Release|x64.ActiveCfg = Release|x64
		{78F73A57-9BD0-4AA8-965D-DDF4573E82CE}.Release|x86.ActiveCfg = Release|Win32
		{3C364F21-5AFB-49D3-915E-7E7762A83BCF}.Debug|x64.ActiveCfg = Debug|x64
		{3C364F21-5AFB-49D3-915E-7E7762A83BCF}.Debug|x86.ActiveCfg = Debug|Win32
		{3C364F21-5AFB-49D3-915E-7E7762A83BCF}.Release|x64.ActiveCfg = Release|x64
		{3C364F21-5AFB-49D3-915E-7E7762A83BCF}.Release|x86.ActiveCfg = Release|Win32
		{6EA91771-D681-4171-B075-2C4C406E532A}.Debug|x64.ActiveCfg = Debug|x64
		{6EA91771-D681-4171-B075-2C4C406E532A}.Debug|x86.ActiveCfg = Debug|Win32
		{6EA91771-D681-4171-B075-2C4C406E532A}.Release|x64.ActiveCfg = Release|x64
		{6EA91771-D681-4171-B075-2C4C406E532A}.Release|x86.ActiveCfg = Release|Win32
		{61A95725-C297-4341-9367-60B601C415C6}.Debug|x64.ActiveCfg = Debug|x64
		{61A95725-C297-4341-9367-60B601C415C6}.Debug|x86.ActiveCfg = Debug|Win32
		{61A95725-C297-4341-9367-60B601C415C6}.Release|x64.ActiveCfg = Release|x64
		{61A95725-C297-4341-9367-60B601C415C6}.Release|x86.ActiveCfg = Release|Win32
		{0CF76287-E559-43D4-84A8-B09DB0D2C286}.Debug|x64.ActiveCfg = Debug|x64
		{0CF76287-E559-43D4-84A8-B09DB0D2C286}.Debug|x86.ActiveCfg = Debug|Win32
		{0CF76287-E559-43D4-84A8-B09DB0D2C286}.Release|x64.ActiveCfg = Release|x64
		{0CF76287-E559-43D4-84A8-B09DB0D2C286}.Release|x86.ActiveCfg = Release|Win32
		{F4773039-F7DB-447B-9C17-FF6997FC985C}.Debug|x64.ActiveCfg = Debug|x64
		{F4773039-F7DB-447B-9C17-FF6997FC985C}.Debug|x86.ActiveCfg = Debug|Win32
		{F4773039-F7DB-447B-9C17-FF6997FC985C}.Release|x64.ActiveCfg = Release|x64
		{F4773039-F7DB-447B-9C17-FF6997FC985C}.Release|x86.ActiveCfg = Release|Win32
		{5F441C1F-198F-46DD-AF58-4752E7CE17B9}.Debug|x64.ActiveCfg = Debug|x64
		{5F441C1F-198F-46DD-AF58-4752E7CE17B9}.Debug|x86.ActiveCfg = Debug|Win32
		{5F441C1F-198F-46DD-AF58-4752E7CE17B9}.Release|x64.ActiveCfg = Release|x64
		{5F441C1F-198F-46DD-AF58-4752E7CE17B9}.Release|x86.ActiveCfg = Release|Win32
		{DBF6CD55-6C5B-4A3B-BB0B-91E1678AAB6D}.Debug|x64.ActiveCfg = Debug|x64
		{DBF6CD55-6C5B-4A3B-BB0B-91E1678AAB6D}.Debug|x86.ActiveCfg = Debug|Win32
		{DBF6CD55-6C5B-4A3B-BB0B-91E1678AAB6D}.Release|x64.ActiveCfg = Release|x64
		{DBF6CD55-6C5B-4A3B-BB0B-91E1678AAB6D}.Release|x86.ActiveCfg = Release|Win32
		{07C5BC3A-0F6C-4C3B-B403-BD3DA5D62D32}.Debug|x64.ActiveCfg = Debug|x64
		{07C5BC3A-0F6C-4C3B-B403-BD3DA5D62D32}.Debug|x86.ActiveCfg = Debug|Win32
		{07C5BC3A-0F6C-4C3B-B403-BD3DA5D62D32}.Release|x64.ActiveCfg = Release|x64
		{07C5BC3A-0F6C-4C3B-B403-BD3DA5D62D32}.Release|x86.ActiveCfg = Release|Win32
		{306EA0B5-20DF-42C2-AAA3-C74C12043204}.Debug|x64.ActiveCfg = Debug|x64
		{306EA0B5-20DF-42C2-AAA3-C74C12043204}.Debug|x86.ActiveCfg = Debug|Win32
		{306EA0B5-20DF-42C2-AAA3-C74C12043204}.Release|x64.ActiveCfg = Release|x64
		{306EA0B5-20DF-42C2-AAA3-C74C12043204}.Release|x86.ActiveCfg = Release|Win32
		{871D58FA-C510-431A-8C70-96C9A47218AC}.Debug|x64.ActiveCfg = Debug|x64
		{871D58FA-C510-431A-8C70-96C9A47218AC}.Debug|x86.ActiveCfg = Debug|Win32
		{871D58FA-C510-431A-8C70-96C9A47218AC}.Release|x64.ActiveCfg = Release|x64
		{871D58FA-C510-431A-8C70-96C9A47218AC}.Release|x86.ActiveCfg = Release|Win32
		{D2730C81-AB0F-4D7A-ADD3-6F44733F93BE}.Debug|x64.ActiveCfg = Debug|x64
		{D2730C81-AB0F-4D7A-ADD3-6F44733F93BE}.Debug|x86.ActiveCfg = Debug|Win32
		{D2730C81-AB0F-4D7A-ADD3-6F44733F93BE}.Release|x64.ActiveCfg = Release|x64
		{D2730C81-AB0F-4D7A-ADD3-6F44733F93BE}.Release|x86.ActiveCfg = Release|Win32
		{38E9DA10-4FFE-408A-98FE-3202767F6C9A}.Debug|x64.ActiveCfg = Debug|x64
		{38E9DA10-4FFE-408A-98FE-3202767F6C9A}.Debug|x86.ActiveCfg = Debug|Win32
		{38E9DA10-4FFE-408A-98FE-3202767F6C9A}.Release|x64.ActiveCfg = Release|x64
		{38E9DA10-4FFE-408A-98FE-3202767F6C9A}.Release|x86.ActiveCfg = Release|Win32
		{79D75A8B-0291-402A-8DB9-FB1CE1896B73}.Debug|x64.ActiveCfg = Debug|x64
		{79D75A8B-0291-402A-8DB9-FB1CE1896B73}.Debug|x86.ActiveCfg = Debug|Win32
		{79D75A8B-0291-402A-8DB9-FB1CE1896B73}.Release|x64.ActiveCfg = Release|x64
		{79D75A8B-0291-402A-8DB9-FB1CE1896B73}.Release|x86.ActiveCfg = Release|Win32
		{BD48240E-692A-4254-BE0E-042FAD68CBBC}.Debug|x64.ActiveCfg = Debug|x64
		{BD48240E-692A-4254-BE0E-042FAD68CBBC}.Debug|x86.ActiveCfg = Debug|Win32
		{BD48240E-692A-4254-BE0E-042FAD68CBBC}.Release|x64.ActiveCfg = Release|x64
		{BD48240E-692A-4254-BE0E-042FAD68CBBC}.Release|x86.ActiveCfg = Release|Win32
		{0489BD83-85CA-40B2-A19A-B949A57CB004}.Debug|x64.ActiveCfg = Debug|x64
		{0489BD83-85CA-40B2-A19A-B949A57CB004}.Debug|x86.ActiveCfg = Debug|Win32
		{0489BD83-85CA-40B2-A19A-B949A57CB004}.Release|x64.ActiveCfg = Release|x64
		{0489BD83-85CA-40B2-A19A-B949A57CB004}.Release|x86.ActiveCfg = Release|Win32
		{A3F791C9-1DF1-41BF-87CB-2BE2117C79F6}.Debug|x64.ActiveCfg = Debug|x64
		{A3F791C9-1DF1-41BF-87CB-2BE2117C79F6}.Debug|x86.ActiveCfg = Debug|Win32
		{A3F791C9-1DF1-41BF-87CB-2BE2117C79F6}.Release|x64.ActiveCfg = Release|x64
		{A3F791C9-1DF1-41BF-87CB-2BE2117C79F6}.Release|x86.ActiveCfg = Release|Win32
		{7CC0A46E-13EA-4A92-9E82-6EA2EB44A52A}.Debug|x64.ActiveCfg = Debug|x64
		{7CC0A46E-13EA-4A92-9E82-6EA2EB44A52A}.Debug|x86.ActiveCfg = Debug|Win32
		{7CC0A46E-13EA-4A92-9E82-6EA2EB44A52A}.Release|x64.ActiveCfg = Release|x64
		{7CC0A46E-13EA-4A92-9E82-6EA2EB44A52A}.Release|x86.ActiveCfg = Release|Win32
		{20592188-4662-4416-8822-9794EAD54D05}.Debug|x64.ActiveCfg = Debug|x64
		{20592188-4662-4416-8822-9794EAD54D05}.Debug|x86.ActiveCfg = Debug|Win32
		{20592188-4662-4416-8822-9794EAD54D05}.Release|x64.ActiveCfg = Release|x64
		{20592188-4662-4416-8822-9794EAD54D05}.Release|x86.ActiveCfg = Release|Win32
		{7B22F335-4EB5-4EB2-B72A-3084F9D7A675}.Debug|x64.ActiveCfg = Debug|x64
		{7B22F335-4EB5-4EB2-B72A-3084F9D7A675}.Debug|x86.ActiveCfg = Debug|Win32
		{7B22F335-4EB5-4EB2-B72A-3084F9D7A675}.Release|x64.ActiveCfg = Release|x64
		{7B22F335-4EB5-4EB2-B72A-3084F9D7A675}.Release|x86.ActiveCfg = Release|Win32
		{BFAFAEFA-4EC0-4119-88DF-3A9C27EE88BE}.Debug|x64.ActiveCfg = Debug|x64
		{BFAFAEFA-4EC0-4119-88DF-3A9C27EE88BE}.Debug|x86.ActiveCfg = Debug|Win32
		{BFAFAEFA-4EC0-4119-88DF-3A9C27EE88BE}.Release|x64.ActiveCfg = Release|x64
		{BFAFAEFA-4EC0-4119-88DF-3A9C27EE88BE}.Release|x86.ActiveCfg = Release|Win32
		{71677084-B602-43BF-AB82-D2C32A550189}.Debug|x64.ActiveCfg = Debug|x64
		{71677084-B602-43BF-AB82-D2C32A550189}.Debug|x86.ActiveCfg = Debug|Win32
		{71677084-B602-43BF-AB82-D2C32A550189}.Release|x64.ActiveCfg = Release|x64
		{71677084-B602-43BF-AB82-D2C32A550189}.Release|x86.ActiveCfg = Release|Win32
		{4678C3E8-FE5F-4E3F-A643-DFD8CE571DFC}.Debug|x64.ActiveCfg = Debug|x64
		{4678C3E8-FE5F-4E3F-A643-DFD8CE571DFC}.Debug|x86.ActiveCfg = Debug|Win32
		{4678C3E8-FE5F-4E3F-A643-DFD8CE571DFC}.Release|x64.ActiveCfg = Release|x64
		{4678C3E8-FE5F-4E3F-A643-DFD8CE571DFC}.Release|x86.ActiveCfg = Release|Win32
		{2E0F448D-E0A6-414E-99E0-B614A4F8C550}.Debug|x64.ActiveCfg = Debug|x64
		{2E0F448D-E0A6-414E-99E0-B614A4F8C550}.Debug|x86.ActiveCfg = Debug|Win32
		{2E0F448D-E0A6-414E-99E0-B614A4F8C550}.Release|x64.ActiveCfg = Release|x64
		{2E0F448D-E0A6-414E-99E0-B614A4F8C550}.Release|x86.ActiveCfg = Release|Win32
		{858CDF25-9BF1-49C3-9832-794425BDF9EA}.Debug|x64.ActiveCfg = Debug|x64
		{858CDF25-9BF1-49C3-9832-794425BDF9EA}.Debug|x86.ActiveCfg = Debug|Win32
		{858CDF25-9BF1-49C3-9832-794425BDF9EA}.Release|x64.ActiveCfg = Release|x64
		{858CDF25-9BF1-49C3-9832-794425BDF9EA}.Release|x86.ActiveCfg = Release|Win32
		{349A295B-D3C7-4B37-9972-C9C86D62A5FF}.Debug|x64.ActiveCfg = Debug|x64
		{349A295B-D3C7-4B37-9972-C9C86D62A5FF}.Debug|x86.ActiveCfg = Debug|Win32
		{349A295B-D3C7-4B37-9972-C9C86D62A5FF}.Release|x64.ActiveCfg = Release|x64
		{349A295B-D3C7-4B37-9972-C9C86D62A5FF}.Release|x86.ActiveCfg = Release|Win32
		{C2E53628-9F39-4133-AA75-51E8E139102A}.Debug|x64.ActiveCfg = Debug|x64
		{C2E53628-9F39-4133-AA75-51E8E139102A}.Debug|x86.ActiveCfg = Debug|Win32
		{C2E53628-9F39-4133-AA75-51E8E139102A}.Release|x64.ActiveCfg = Release|x64
		{C2E53628-9F39-4133-AA75-51E8E139102A}.Release|x86.ActiveCfg = Release|Win32
		{A03AEFEB-9C68-4DCD-880A-ECB2510C3DCE}.Debug|x64.ActiveCfg = Debug|x64
		{A03AEFEB-9C68-4DCD-880A-ECB2510C3DCE}.Debug|x86.ActiveCfg = Debug|Win32
		{A03AEFEB-9C68-4DCD-880A-ECB2510C3DCE}.Release|x64.ActiveCfg = Release|x64
		{A03AEFEB-9C68-4DCD-880A-ECB2510C3DCE}.Release|x86.ActiveCfg = Release|Win32
		{5235DE6E-D790-4A54-8C74-13A7382619CD}.Debug|x64.ActiveCfg = Debug|x64
		{5235DE6E-D790-4A54-8C74-13A7382619CD}.Debug|x86.ActiveCfg = Debug|Win32
		{5235DE6E-D790-4A54-8C74-13A7382619CD}.Release|x64.ActiveCfg = Release|x64
		{5235DE6E-D790-4A54-8C74-13A7382619CD}.Release|x86.ActiveCfg = Release|Win32
		{45F16ED3-6D0E-4805-ACE4-0DF0F606CA8C}.Debug|x64.ActiveCfg = Debug|x64
		{45F16ED3-6D0E-4805-ACE4-0DF0F606CA8C}.Debug|x86.ActiveCfg = Debug|Win32
		{45F16ED3-6D0E-4805-ACE4-0DF0F606CA8C}.Release|x64.ActiveCfg = Release|x64
		{45F16ED3-6D0E-4805-ACE4-0DF0F606CA8C}.Release|x86.ActiveCfg = Release|Win32
		{15E549D5-7FC4-4A02-833E-1B368AE1760A}.Debug|x64.ActiveCfg = Debug|x64
		{15E549D5-7FC4-4A02-833E-1B368AE1760A}.Debug|x86.ActiveCfg = Debug|Win32
		{15E549D5-7FC4-4A02-833E-1B368AE1760A}.Release|x64.ActiveCfg = Release|x64
		{15E549D5-7FC4-4A02-833E-1B368AE1760A}.Release|x86.ActiveCfg = Release|Win32
		{FC4198B5-B3A2-4DCB-AB7E-E725709CC90D}.Debug|x64.ActiveCfg = Debug|x64
		{FC4198B5-B3A2-4DCB-AB7E-E725709CC90D}.Debug|x86.ActiveCfg = Debug|Win32
		{FC4198B5-B3A2-4DCB-AB7E-E725709CC90D}.Release|x64.ActiveCfg = Release|x64
		{FC4198B5-B3A2-4DCB-AB7E-E725709CC90D}.Release|x86.ActiveCfg = Release|Win32
		{C135B5D8-8C57-4515-A803-C9694EC209B2}.Debug|x64.ActiveCfg = Debug|x64
		{C135B5D8-8C57-4515-A803-C9694EC209B2}.Debug|x86.ActiveCfg = Debug|Win32
		{C135B5D8-8C57-4515-A803-C9694EC209B2}.Release|x64.ActiveCfg = Release|x64
		{C135B5D8-8C57-4515-A803-C9694EC209B2}.Release|x86.ActiveCfg = Release|Win32
		{E2AA6BC3-E5EE-4283-848B-F3526B2DBDF9}.Debug|x64.ActiveCfg = Debug|x64
		{E2AA6BC3-E5EE-4283-848B-F3526B2DBDF9}.Debug|x86.ActiveCfg = Debug|Win32
		{E2AA6BC3-E5EE-4283-848B-F3526B2DBDF9}.Release|x64.ActiveCfg = Release|x64
		{E2AA6BC3-E5EE-4283-848B-F3526B2DBDF9}.Release|x86.ActiveCfg = Release|Win32
		{F0A824A1-86D9-4479-BEBE-7FAA8693D8DA}.Debug|x64.ActiveCfg = Debug|x64
		{F0A824A1-86D9-4479-BEBE-7FAA8693D8DA}.Debug|x86.ActiveCfg = Debug|Win32
		{F0A824A1-86D9-4479-BEBE-7FAA8693D8DA}.Release|x64.ActiveCfg = Release|x64
		{F0A824A1-86D9-4479-BEBE-7FAA8693D8DA}.Release|x86.ActiveCfg = Release|Win32
		{C24BBE22-41B5-4142-885A-C279A60E7D5E}.Debug|x64.ActiveCfg = Debug|x64
		{C24BBE22-41B5-4142-885A-C279A60E7D5E}.Debug|x86.ActiveCfg = Debug|Win32
		{C24BBE22-41B5-4142-885A-C279A60E7D5E}.Release|x64.ActiveCfg = Release|x64
		{C24BBE22-41B5-4142-885A-C279A60E7D5E}.Release|x86.ActiveCfg = Release|Win32
		{4770DADC-9E67-4FF6-8BF9-005346F329FB}.Debug|x64.ActiveCfg = Debug|x64
		{4770DADC-9E67-4FF6-8BF9-005346F329FB}.Debug|x86.ActiveCfg = Debug|Win32
		{4770DADC-9E67-4FF6-8BF9-005346F329FB}.Release|x64.ActiveCfg = Release|x64
		{4770DADC-9E67-4FF6-8BF9-005346F329FB}.Release|x86.ActiveCfg = Release|Win32
		{479BA54F-830A-440C-A650-97826F274B65}.Debug|x64.ActiveCfg = Debug|x64
		{479BA54F-830A-440C-A650-97826F274B65}.Debug|x86.ActiveCfg = Debug|Win32
		{479BA54F-830A-440C-A650-97826F274B65}.Release|x64.ActiveCfg = Release|x64
		{479BA54F-830A-440C-A650-97826F274B65}.Release|x86.ActiveCfg = Release|Win32
		{4BA88BB8-5CEB-4192-B86B-36CD4C02F5CD}.Debug|x64.ActiveCfg = Debug|x64
		{4BA88BB8-5CEB-4192-B86B-36CD4C02F5CD}.Debug|x86.ActiveCfg = Debug|Win32
		{4BA88BB8-5CEB-4192-B86B-36CD4C02F5CD}.Release|x64.ActiveCfg = Release|x64
		{4BA88BB8-5CEB-4192-B86B-36CD4C02F5CD}.Release|x86.ActiveCfg = Release|Win32
		{4CDFA7F0-0CCA-43CF-96D8-B2DC16E146C1}.Debug|x64.ActiveCfg = Debug|x64
		{4CDFA7F0-0CCA-43CF-96D8-B2DC16E146C1}.Debug|x86.ActiveCfg = Debug|Win32
		{4CDFA7F0-0CCA-43CF-96D8-B2DC16E146C1}.Release|x64.ActiveCfg = Release|x64
		{4CDFA7F0-0CCA-43CF-96D8-B2DC16E146C1}.Release|x86.ActiveCfg = Release|Win32
		{74E58B32-8AC9-4131-AF06-3438937582EC}.Debug|x64.ActiveCfg = Debug|x64
		{74E58B32-8AC9-4131-AF06-3438937582EC}.Debug|x86.ActiveCfg = Debug|Win32
		{74E58B32-8AC9-4131-AF06-3438937582EC}.Release|x64.ActiveCfg = Release|x64
		{74E58B32-8AC9-4131-AF06-3438937582EC}.Release|x86.ActiveCfg = Release|Win32
		{4A6E04CB-AF35-4993-A2B2-E929DE2C371D}.Debug|x64.ActiveCfg = Debug|x64
		{4A6E04CB-AF35-4993-A2B2-E929DE2C371D}.Debug|x64.Build.0 = Debug|x64
		{4A6E04CB-AF35-4993-A2B2-E929DE2C371D}.Debug|x86.ActiveCfg = Debug|Win32
		{4A6E04CB-AF35-4993-A2B2-E929DE2C371D}.Debug|x86.Build.0 = Debug|Win32
		{4A6E04CB-AF35-4993-A2B2-E929DE2C371D}.Release|x64.ActiveCfg = Release|x64
		{4A6E04CB-AF35-4993-A2B2-E929DE2C371D}.Release|x64.Build.0 = Release|x64
		{4A6E04CB-AF35-4993-A2B2-E929DE2C371D}.Release|x86.ActiveCfg = Release|Win32
		{4A6E04CB-AF35-4993-A2B2-E929DE2C371D}.Release|x86.Build.0 = Release|Win32
		{9E226F13-68D0-4BC9-92CE-F6EE21BEB0B2}.Debug|x64.ActiveCfg = Debug|x64
		{9E226F13-68D0-4BC9-92CE-F6EE21BEB0B2}.Debug|x64.Build.0 = Debug|x64
		{9E226F13-68D0-4BC9-92CE-F6EE21BEB0B2}.Debug|x86.ActiveCfg = Debug|Win32
		{9E226F13-68D0-4BC9-92CE-F6EE21BEB0B2}.Debug|x86.Build.0 = Debug|Win32
		{9E226F13-68D0-4BC9-92CE-F6EE21BEB0B2}.Release|x64.ActiveCfg = Release|x64
		{9E226F13-68D0-4BC9-92CE-F6EE21BEB0B2}.Release|x64.Build.0 = Release|x64
		{9E226F13-68D0-4BC9-92CE-F6EE21BEB0B2}.Release|x86.ActiveCfg = Release|Win32
		{9E226F13-68D0-4BC9-92CE-F6EE21BEB0B2}.Release|x86.Build.0 = Release|Win32
		{0E75023F-7209-43F2-A283-19F6D0F25757}.Debug|x64.ActiveCfg = Debug|x64
		{0E75023F-7209-43F2-A283-19F6D0F25757}.Debug|x64.Build.0 = Debug|x64
		{0E75023F-7209-43F2-A283-19F6D0F25757}.Debug|x86.ActiveCfg = Debug|Win32
		{0E75023F-7209-43F2-A283-19F6D0F25757}.Debug|x86.Build.0 = Debug|Win32
		{0E75023F-7209-43F2-A283-19F6D0F25757}.Release|x64.ActiveCfg = Release|x64
		{0E75023F-7209-43F2-A283-19F6D0F25757}.Release|x64.Build.0 = Release|x64
		{0E75023F-7209-43F2-A283-19F6D0F25757}.Release|x86.ActiveCfg = Release|Win32
		{0E75023F-7209-43F2-A283-19F6D0F25757}.Release|x86.Build.0 = Release|Win32
		{DA24F9CC-B08A-4E49-A05B-044A621AECAE}.Debug|x64.ActiveCfg = Debug|x64
		{DA24F9CC-B08A-4E49-A05B-044A621AECAE}.Debug|x64.Build.0 = Debug|x64
		{DA24F9CC-B08A-4E49-A05B-044A621AECAE}.Debug|x86.ActiveCfg = Debug|Win32
		{DA24F9CC-B08A-4E49-A05B-044A621AECAE}.Debug|x86.Build.0 = Debug|Win32
		{DA24F9CC-B08A-4E49-A05B-044A621AECAE}.Release|x64.ActiveCfg = Release|x64
		{DA24F9CC-B08A-4E49-A05B-044A621AECAE}.Release|x64.Build.0 = Release|x64
		{DA24F9CC-B08A-4E49-A05B-044A621AECAE}.Release|x86.ActiveCfg = Release|Win32
		{DA24F9CC-B08A-4E49-A05B-044A621AECAE}.Release|x86.Build.0 = Release|Win32
		{FCDE9AEE-8301-434F-81BC-69273377D6D4}.Debug|x64.ActiveCfg = Debug|x64
		{FCDE9AEE-8301-434F-81BC-69273377D6D4}.Debug|x64.Build.0 = Debug|x64
		{FCDE9AEE-8301-434F-81BC-69273377D6D4}.Debug|x86.ActiveCfg = Debug|Win32
		{FCDE9AEE-8301-434F-81BC-69273377D6D4}.Debug|x86.Build.0 = Debug|Win32
		{FCDE9AEE-8301-434F-81BC-69273377D6D4}.Release|x64.ActiveCfg = Release|x64
		{FCDE9AEE-8301-434F-81BC-69273377D6D4}.Release|x64.Build.0 = Release|x64
		{FCDE9AEE-8301-434F-81BC-69273377D6D4}.Release|x86.ActiveCfg = Release|Win32
		{FCDE9AEE-8301-434F-81BC-69273377D6D4}.Release|x86.Build.0 = Release|Win32
		{FB07D148-0186-408D-8BC7-95C85254FFAB}.Debug|x64.ActiveCfg = Debug|x64
		{FB07D148-0186-408D-8BC7-95C85254FFAB}.Debug|x64.Build.0 = Debug|x64
		{FB07D148-0186-408D-8BC7-95C85254FFAB}.Debug|x86.ActiveCfg = Debug|Win32
		{FB07D148-0186-408D-8BC7-95C85254FFAB}.Debug|x86.Build.0 = Debug|Win32
		{FB07D148-0186-408D-8BC7-95C85254FFAB}.Release|x64.ActiveCfg = Release|x64
		{FB07D148-0186-408D-8BC7-95C85254FFAB}.Release|x64.Build.0 = Release|x64
		{FB07D148-0186-408D-8BC7-95C85254FFAB}.Release|x86.ActiveCfg = Release|Win32
		{FB07D148-0186-408D-8BC7-95C85254FFAB}.Release|x86.Build.0 = Release|Win32
		{EACE6FD3-A72A-476C-BDD0-0AE5663B68CC}.Debug|x64.ActiveCfg = Debug|x64
		{EACE6FD3-A72A-476C-BDD0-0AE5663B68CC}.Debug|x64.Build.0 = Debug|x64
		{EACE6FD3-A72A-476C-BDD0-0AE5663B68CC}.Debug|x86.ActiveCfg = Debug|Win32
		{EACE6FD3-A72A-476C-BDD0-0AE5663B68CC}.Debug|x86.Build.0 = Debug|Win32
		{EACE6FD3-A72A-476C-BDD0-0AE5663B68CC}.Release|x64.ActiveCfg = Release|x64
		{EACE6FD3-A72A-476C-BDD0-0AE5663B68CC}.Release|x64.Build.0 = Release|x64
		{EACE6FD3-A72A-476C-BDD0-0AE5663B68CC}.Release|x86.ActiveCfg = Release|Win32
		{EACE6FD3-A72A-476C-BDD0-0AE5663B68CC}.Release|x86.Build.0 = Release|Win32
		{E95C2A02-8567-4F1D-9FCF-72F9E09992AD}.Debug|x64.ActiveCfg = Debug|x64
		{E95C2A02-8567-4F1D-9FCF-72F9E09992AD}.Debug|x64.Build.0 = Debug|x64
		{E95C2A02-8567-4F1D-9FCF-72F9E09992AD}.Debug|x86.ActiveCfg = Debug|Win32
		{E95C2A02-8567-4F1D-9FCF-72F9E09992AD}.Debug|x86.Build.0 = Debug|Win32
		{E95C2A02-8567-4F1D-9FCF-72F9E09992AD}.Release|x64.ActiveCfg = Release|x64
		{E95C2A02-8567-4F1D-9FCF-72F9E09992AD}.Release|x64.Build.0 = Release|x64
		{E95C2A02-8567-4F1D-9FCF-72F9E09992AD}.Release|x86.ActiveCfg = Release|Win32
		{E95C2A02-8567-4F1D-9FCF-72F9E09992AD}.Release|x86.Build.0 = Release|Win32
		{AE1EB96A-CB6F-4C17-9A28-DCB7FC3E9769}.Debug|x64.ActiveCfg = Debug|x64
		{AE1EB96A-CB6F-4C17-9A28-DCB7FC3E9769}.Debug|x64.Build.0 = Debug|x64
		{AE1EB96A-CB6F-4C17-9A28-DCB7FC3E9769}.Debug|x86.ActiveCfg = Debug|Win32
		{AE1EB96A-CB6F-4C17-9A28-DCB7FC3E9769}.Debug|x86.Build.0 = Debug|Win32
		{AE1EB96A-CB6F-4C17-9A28-DCB7FC3E9769}.Release|x64.ActiveCfg = Release|x64
		{AE1EB96A-CB6F-4C17-9A28-DCB7FC3E9769}.Release|x64.Build.0 = Release|x64
		{AE1EB96A-CB6F-4C17-9A28-DCB7FC3E9769}.Release|x86.ActiveCfg = Release|Win32
		{AE1EB96A-CB6F-4C17-9A28-DCB7FC3E9769}.Release|x86.Build.0 = Release|Win32
		{8E5A143D-CE44-4AE6-AA06-2C0CBE456243}.Debug|x64.ActiveCfg = Debug|x64
		{8E5A143D-CE44-4AE6-AA06-2C0CBE456243}.Debug|x64.Build.0 = Debug|x64
		{8E5A143D-CE44-4AE6-AA06-2C0CBE456243}.Debug|x86.ActiveCfg = Debug|Win32
		{8E5A143D-CE44-4AE6-AA06-2C0CBE456243}.Debug|x86.Build.0 = Debug|Win32
		{8E5A143D-CE44-4AE6-AA06-2C0CBE456243}.Release|x64.ActiveCfg = Release|x64
		{8E5A143D-CE44-4AE6-AA06-2C0CBE456243}.Release|x64.Build.0 = Release|x64
		{8E5A143D-CE44-4AE6-AA06-2C0CBE456243}.Release|x86.ActiveCfg = Release|Win32
		{8E5A143D-CE44-4AE6-AA06-2C0CBE456243}.Release|x86.Build.0 = Release|Win32
		{0973FBC9-5A1E-4712-8BE9-C52AB017C3D2}.Debug|x64.ActiveCfg = Debug|x64
		{0973FBC9-5A1E-4712-8BE9-C52AB017C3D2}.Debug|x64.Build.0 = Debug|x64
		{0973FBC9-5A1E-4712-8BE9-C52AB017C3D2}.Debug|x86.ActiveCfg = Debug|Win32
		{0973FBC9-5A1E-4712-8BE9-C52AB017C3D2}.Debug|x86.Build.0 = Debug|Win32
		{0973FBC9-5A1E-4712-8BE9-C52AB017C3D2}.Release|x64.ActiveCfg = Release|x64
		{0973FBC9-5A1E-4712-8BE9-C52AB017C3D2}.Release|x64.Build.0 = Release|x64
		{0973FBC9-5A1E-4712-8BE9-C52AB017C3D2}.Release|x86.ActiveCfg = Release|Win32
		{0973FBC9-5A1E-4712-8BE9-C52AB017C3D2}.Release|x86.Build.0 = Release|Win32
		{52016DEE-6C86-4058-AA35-1732E20D5348}.Debug|x64.ActiveCfg = Debug|x64
		{52016DEE-6C86-4058-AA35-1732E20D5348}.Debug|x64.Build.0 = Debug|x64
		{52016DEE-6C86-4058-AA35-1732E20D5348}.Debug|x86.ActiveCfg = Debug|Win32
		{52016DEE-6C86-4058-AA35-1732E20D5348}.Debug|x86.Build.0 = Debug|Win32
		{52016DEE-6C86-4058-AA35-1732E20D5348}.Release|x64.ActiveCfg = Release|x64
		{52016DEE-6C86-4058-AA35-1732E20D5348}.Release|x64.Build.0 = Release|x64
		{52016DEE-6C86-4058-AA35-1732E20D5348}.Release|x86.ActiveCfg = Release|Win32
		{52016DEE-6C86-4058-AA35-1732E20D5348}.Release|x86.Build.0 = Release|Win32
		{3A9E62BE-D42F-4AD4-B459-35D479B5E80A}.Debug|x64.ActiveCfg = Debug|x64
		{3A9E62BE-D42F-4AD4-B459-35D479B5E80A}.Debug|x64.Build.0 = Debug|x64
		{3A9E62BE-D42F-4AD4-B459-35D479B5E80A}.Debug|x86.ActiveCfg = Debug|Win32
		{3A9E62BE-D42F-4AD4-B459-35D479B5E80A}.Debug|x86.Build.0 = Debug|Win32
		{3A9E62BE-D42F-4AD4-B459-35D479B5E80A}.Release|x64.ActiveCfg = Release|x64
		{3A9E62BE-D42F-4AD4-B459-35D479B5E80A}.Release|x64.Build.0 = Release|x64
		{3A9E62BE-D42F-4AD4-B459-35D479B5E80A}.Release|x86.ActiveCfg = Release|Win32
		{3A9E62BE-D42F-4AD4-B459-35D479B5E80A}.Release|x86.Build.0 = Release|Win32
		{0CBFBB60-822B-4BAC-9A85-44DD8ECCA56B}.Debug|x64.ActiveCfg = Debug|x64
		{0CBFBB60-822B-4BAC-9A85-44DD8ECCA56B}.Debug|x64.Build.0 = Debug|x64
		{0CBFBB60-822B-4BAC-9A85-44DD8ECCA56B}.Debug|x86.ActiveCfg = Debug|Win32
		{0CBFBB60-822B-4BAC-9A85-44DD8ECCA56B}.Debug|x86.Build.0 = Debug|Win32
		{0CBFBB60-822B-4BAC-9A85-44DD8ECCA56B}.Release|x64.ActiveCfg = Release|x64
		{0CBFBB60-822B-4BAC-9A85-44DD8ECCA56B}.Release|x64.Build.0 = Release|x64
		{0CBFBB60-822B-4BAC-9A85-44DD8ECCA56B}.Release|x86.ActiveCfg = Release|Win32
		{0CBFBB60-822B-4BAC-9A85-44DD8ECCA56B}.Release|x86.Build.0 = Release|Win32
		{0398769C-DA59-49A6-BFA9-8313F7ADF905}.Debug|x64.ActiveCfg = Debug|x64
		{0398769C-DA59-49A6-BFA9-8313F7ADF905}.Debug|x64.Build.0 = Debug|x64
		{0398769C-DA59-49A6-BFA9-8313F7ADF905}.Debug|x86.ActiveCfg = Debug|Win32
		{0398769C-DA59-49A6-BFA9-8313F7ADF905}.Debug|x86.Build.0 = Debug|Win32
		{0398769C-DA59-49A6-BFA9-8313F7ADF905}.Release|x64.ActiveCfg = Release|x64
		{0398769C-DA59-49A6-BFA9-8313F7ADF905}.Release|x64.Build.0 = Release|x64
		{0398769C-DA59-49A6-BFA9-8313F7ADF905}.Release|x86.ActiveCfg = Release|Win32
		{0398769C-DA59-49A6-BFA9-8313F7ADF905}.Release|x86.Build.0 = Release|Win32
		{5849A6AB-5750-4347-A5F2-FB640DFEFDD4}.Debug|x64.ActiveCfg = Debug|x64
		{5849A6AB-5750-4347-A5F2-FB640DFEFDD4}.Debug|x64.Build.0 = Debug|x64
		{5849A6AB-5750-4347-A5F2-FB640DFEFDD4}.Debug|x86.ActiveCfg = Debug|Win32
		{5849A6AB-5750-4347-A5F2-FB640DFEFDD4}.Debug|x86.Build.0 = Debug|Win32
		{5849A6AB-5750-4347-A5F2-FB640DFEFDD4}.Release|x64.ActiveCfg = Release|x64
		{5849A6AB-5750-4347-A5F2-FB640DFEFDD4}.Release|x64.Build.0 = Release|x64
		{5849A6AB-5750-4347-A5F2-FB640DFEFDD4}.Release|x86.ActiveCfg = Release|Win32
		{5849A6AB-5750-4347-A5F2-FB640DFEFDD4}.Release|x86.Build.0 = Release|Win32
		{21509662-F826-4F8D-920B-4E92EF352074}.Debug|x64.ActiveCfg = Debug|x64
		{21509662-F826-4F8D-920B-4E92EF352074}.Debug|x64.Build.0 = Debug|x64
		{21509662-F826-4F8D-920B-4E92EF352074}.Debug|x86.ActiveCfg = Debug|Win32
		{21509662-F826-4F8D-920B-4E92EF352074}.Debug|x86.Build.0 = Debug|Win32
		{21509662-F826-4F8D-920B-4E92EF352074}.Release|x64.ActiveCfg = Release|x64
		{21509662-F826-4F8D-920B-4E92EF352074}.Release|x64.Build.0 = Release|x64
		{21509662-F826-4F8D-920B-4E92EF352074}.Release|x86.ActiveCfg = Release|Win32
		{21509662-F826-4F8D-920B-4E92EF352074}.Release|x86.Build.0 = Release|Win32
		{91B1E401-ED9D-47CA-9CA0-4B6F19C7FC3B}.Debug|x64.ActiveCfg = Debug|x64
		{91B1E401-ED9D-47CA-9CA0-4B6F19C7FC3B}.Debug|x64.Build.0 = Debug|x64
		{91B1E401-ED9D-47CA-9CA0-4B6F19C7FC3B}.Debug|x86.ActiveCfg = Debug|Win32
		{91B1E401-ED9D-47CA-9CA0-4B6F19C7FC3B}.Debug|x86.Build.0 = Debug|Win32
		{91B1E401-ED9D-47CA-9CA0-4B6F19C7FC3B}.Release|x64.ActiveCfg = Release|x64
		{91B1E401-ED9D-47CA-9CA0-4B6F19C7FC3B}.Release|x64.Build.0 = Release|x64
		{91B1E401-ED9D-47CA-9CA0-4B6F19C7FC3B}.Release|x86.ActiveCfg = Release|Win32
		{91B1E401-ED9D-47CA-9CA0-4B6F19C7FC3B}.Release|x86.Build.0 = Release|Win32
		{63D1E601-4BF1-4654-9AC2-A137508962DE}.Debug|x64.ActiveCfg = Debug|x64
		{63D1E601-4BF1-4654-9AC2-A137508962DE}.Debug|x64.Build.0 = Debug|x64
		{63D1E601-4BF1-4654-9AC2-A137508962DE}.Debug|x86.ActiveCfg = Debug|Win32
		{63D1E601-4BF1-4654-9AC2-A137508962DE}.Debug|x86.Build.0 = Debug|Win32
		{63D1E601-4BF1-4654-9AC2-A137508962DE}.Release|x64.ActiveCfg = Release|x64
		{63D1E601-4BF1-4654-9AC2-A137508962DE}.Release|x64.Build.0 = Release|x64
		{63D1E601-4BF1-4654-9AC2-A137508962DE}.Release|x86.ActiveCfg = Release|Win32
		{63D1E601-4BF1-4654-9AC2-A137508962DE}.Release|x86.Build.0 = Release|Win32
		{51D6C3B8-132F-451E-890E-7AD58560EF86}.Debug|x64.ActiveCfg = Debug|x64
		{51D6C3B8-132F-451E-890E-7AD58560EF86}.Debug|x64.Build.0 = Debug|x64
		{51D6C3B8-132F-451E-890E-7AD58560EF86}.Debug|x86.ActiveCfg = Debug|Win32
		{51D6C3B8-132F-451E-890E-7AD58560EF86}.Debug|x86.Build.0 = Debug|Win32
		{51D6C3B8-132F-451E-890E-7AD58560EF86}.Release|x64.ActiveCfg = Release|x64
		{51D6C3B8-132F-451E-890E-7AD58560EF86}.Release|x64.Build.0 = Release|x64
		{51D6C3B8-132F-451E-890E-7AD58560EF86}.Release|x86.ActiveCfg = Release|Win32
		{51D6C3B8-132F-451E-890E-7AD58560EF86}.Release|x86.Build.0 = Release|Win32
		{E4F579D7-BC04-4348-BA26-BCB528366B32}.Debug|x64.ActiveCfg = Debug|x64
		{E4F579D7-BC04-4348-BA26-BCB528366B32}.Debug|x64.Build.0 = Debug|x64
		{E4F579D7-BC04-4348-BA26-BCB528366B32}.Debug|x86.ActiveCfg = Debug|Win32
		{E4F579D7-BC04-4348-BA26-BCB528366B32}.Debug|x86.Build.0 = Debug|Win32
		{E4F579D7-BC04-4348-BA26-BCB528366B32}.Release|x64.ActiveCfg = Release|x64
		{E4F579D7-BC04-4348-BA26-BCB528366B32}.Release|x64.Build.0 = Release|x64
		{E4F579D7-BC04-4348-BA26-BCB528366B32}.Release|x86.ActiveCfg = Release|Win32
		{E4F579D7-BC04-4348-BA26-BCB528366B32}.Release|x86.Build.0 = Release|Win32
		{5E4702C9-836C-4EB0-8F73-1A5C302BA2C3}.Debug|x64.ActiveCfg = Debug|x64
		{5E4702C9-836C-4EB0-8F73-1A5C302BA2C3}.Debug|x64.Build.0 = Debug|x64
		{5E4702C9-836C-4EB0-8F73-1A5C302BA2C3}.Debug|x86.ActiveCfg = Debug|Win32
		{5E4702C9-836C-4EB0-8F73-1A5C302BA2C3}.Debug|x86.Build.0 = Debug|Win32
		{5E4702C9-836C-4EB0-8F73-1A5C302BA2C3}.Release|x64.ActiveCfg = Release|x64
		{5E4702C9-836C-4EB0-8F73-1A5C302BA2C3}.Release|x64.Build.0 = Release|x64
		{5E4702C9-836C-4EB0-8F73-1A5C302BA2C3}.Release|x86.ActiveCfg = Release|Win32
		{5E4702C9-836C-4EB0-8F73-1A5C302BA2C3}.Release|x86.Build.0 = Release|Win32
		{D4302B37-F7FE-407A-A691-D891BFFDFF7F}.Debug|x64.ActiveCfg = Debug|x64
		{D4302B37-F7FE-407A-A691-D891BFFDFF7F}.Debug|x64.Build.0 = Debug|x64
		{D4302B37-F7FE-407A-A691-D891BFFDFF7F}.Debug|x86.ActiveCfg = Debug|Win32
		{D4302B37-F7FE-407A-A691-D891BFFDFF7F}.Debug|x86.Build.0 = Debug|Win32
		{D4302B37-F7FE-407A-A691-D891BFFDFF7F}.Release|x64.ActiveCfg = Release|x64
		{D4302B37-F7FE-407A-A691-D891BFFDFF7F}.Release|x64.Build.0 = Release|x64
		{D4302B37-F7FE-407A-A691-D891BFFDFF7F}.Release|x86.ActiveCfg = Release|Win32
		{D4302B37-F7FE-407A-A691-D891BFFDFF7F}.Release|x86.Build.0 = Release|Win32
		{5B6B919D-E955-486F-A0F7-0B72CF671946}.Debug|x64.ActiveCfg = Debug|x64
		{5B6B919D-E955-486F-A0F7-0B72CF671946}.Debug|x64.Build.0 = Debug|x64
		{5B6B919D-E955-486F-A0F7-0B72CF671946}.Debug|x86.ActiveCfg = Debug|Win32
		{5B6B919D-E955-486F-A0F7-0B72CF671946}.Debug|x86.Build.0 = Debug|Win32
		{5B6B919D-E955-486F-A0F7-0B72CF671946}.Release|x64.ActiveCfg = Release|x64
		{5B6B919D-E955-486F-A0F7-0B72CF671946}.Release|x64.Build.0 = Release|x64
		{5B6B919D-E955-486F-A0F7-0B72CF671946}.Release|x86.ActiveCfg = Release|Win32
		{5B6B919D-E955-486F-A0F7-0B72CF671946}.Release|x86.Build.0 = Release|Win32
		{BFE95891-E420-4C21-9E49-77A505A8EA0A}.Debug|x64.ActiveCfg = Debug|x64
		{BFE95891-E420-4C21-9E49-77A505A8EA0A}.Debug|x64.Build.0 = Debug|x64
		{BFE95891-E420-4C21-9E49-77A505A8EA0A}.Debug|x86.ActiveCfg = Debug|Win32
		{BFE95891-E420-4C21-9E49-77A505A8EA0A}.Debug|x86.Build.0 = Debug|Win32
		{BFE95891-E420-4C21-9E49-77A505A8EA0A}.Release|x64.ActiveCfg = Release|x64
		{BFE95891-E420-4C21-9E49-77A505A8EA0A}.Release|x64.Build.0 = Release|x64
		{BFE95891-E420-4C21-9E49-77A505A8EA0A}.Release|x86.ActiveCfg = Release|Win32
		{BFE95891-E420-4C21-9E49-77A505A8EA0A}.Release|x86.Build.0 = Release|Win32
		{55047295-ED89-4CC8-8390-05172492C7BE}.Debug|x64.ActiveCfg = Debug|x64
		{55047295-ED89-4CC8-8390-05172492C7BE}.Debug|x64.Build.0 = Debug|x64
		{55047295-ED89-4CC8-8390-05172492C7BE}.Debug|x86.ActiveCfg = Debug|Win32
		{55047295-ED89-4CC8-8390-05172492C7BE}.Debug|x86.Build.0 = Debug|Win32
		{55047295-ED89-4CC8-8390-05172492C7BE}.Release|x64.ActiveCfg = Release|x64
		{55047295-ED89-4CC8-8390-05172492C7BE}.Release|x64.Build.0 = Release|x64
		{55047295-ED89-4CC8-8390-05172492C7BE}.Release|x86.ActiveCfg = Release|Win32
		{55047295-ED89-4CC8-8390-05172492C7BE}.Release|x86.Build.0 = Release|Win32
		{C08BC912-C48A-4A98-8D82-FB65A1986B11}.Debug|x64.ActiveCfg = Debug|x64
		{C08BC912-C48A-4A98-8D82-FB65A1986B11}.Debug|x64.Build.0 = Debug|x64
		{C08BC912-C48A-4A98-8D82-FB65A1986B11}.Debug|x86.ActiveCfg = Debug|Win32
		{C08BC912-C48A-4A98-8D82-FB65A1986B11}.Debug|x86.Build.0 = Debug|Win32
		{C08BC912-C48A-4A98-8D82-FB65A1986B11}.Release|x64.ActiveCfg = Release|x64
		{C08BC912-C48A-4A98-8D82-FB65A1986B11}.Release|x64.Build.0 = Release|x64
		{C08BC912-C48A-4A98-8D82-FB65A1986B11}.Release|x86.ActiveCfg = Release|Win32
		{C08BC912-C48A-4A98-8D82-FB65A1986B11}.Release|x86.Build.0 = Release|Win32
		{4A8272D9-F1AF-428B-8CF6-6696FD46BD8A}.Debug|x64.ActiveCfg = Debug|x64
		{4A8272D9-F1AF-428B-8CF6-6696FD46BD8A}.Debug|x64.Build.0 = Debug|x64
		{4A8272D9-F1AF-428B-8CF6-6696FD46BD8A}.Debug|x86.ActiveCfg = Debug|Win32
		{4A8272D9-F1AF-428B-8CF6-6696FD46BD8A}.Debug|x86.Build.0 = Debug|Win32
		{4A8272D9-F1AF-428B-8CF6-6696FD46BD8A}.Release|x64.ActiveCfg = Release|x64
		{4A8272D9-F1AF-428B-8CF6-6696FD46BD8A}.Release|x64.Build.0 = Release|x64
		{4A8272D9-F1AF-428B-8CF6-6696FD46BD8A}.Release|x86.ActiveCfg = Release|Win32
		{4A8272D9-F1AF-428B-8CF6-6696FD46BD8A}.Release|x86.Build.0 = Release|Win32
		{5C2862C1-2A4F-47D6-BFC0-EFC3A3F08C07}.Debug|x64.ActiveCfg = Debug|x64
		{5C2862C1-2A4F-47D6-BFC0-EFC3A3F08C07}.Debug|x64.Build.0 = Debug|x64
		{5C2862C1-2A4F-47D6-BFC0-EFC3A3F08C07}.Debug|x86.ActiveCfg = Debug|Win32
		{5C2862C1-2A4F-47D6-BFC0-EFC3A3F08C07}.Debug|x86.Build.0 = Debug|Win32
		{5C2862C1-2A4F-47D6-BFC0-EFC3A3F08C07}.Release|x64.ActiveCfg = Release|x64
		{5C2862C1-2A4F-47D6-BFC0-EFC3A3F08C07}.Release|x64.Build.0 = Release|x64
		{5C2862C1-2A4F-47D6-BFC0-EFC3A3F08C07}.Release|x86.ActiveCfg = Release|Win32
		{5C2862C1-2A4F-47D6-BFC0-EFC3A3F08C07}.Release|x86.Build.0 = Release|Win32
		{CCFB5793-94CA-444B-9EC2-D12B5AFD026D}.Debug|x64.ActiveCfg = Debug|x64
		{CCFB5793-94CA-444B-9EC2-D12B5AFD026D}.Debug|x64.Build.0 = Debug|x64
		{CCFB5793-94CA-444B-9EC2-D12B5AFD026D}.Debug|x86.ActiveCfg = Debug|Win32
		{CCFB5793-94CA-444B-9EC2-D12B5AFD026D}.Debug|x86.Build.0 = Debug|Win32
		{CCFB5793-94CA-444B-9EC2-D12B5AFD026D}.Release|x64.ActiveCfg = Release|x64
		{CCFB5793-94CA-444B-9EC2-D12B5AFD026D}.Release|x64.Build.0 = Release|x64
		{CCFB5793-94CA-444B-9EC2-D12B5AFD026D}.Release|x86.ActiveCfg = Release|Win32
		{CCFB5793-94CA-444B-9EC2-D12B5AFD026D}.Release|x86.Build.0 = Release|Win32
		{94F47BB8-7F16-4088-8AF7-45BE7486069D}.Debug|x64.ActiveCfg = Debug|x64
		{94F47BB8-7F16-4088-8AF7-45BE7486069D}.Debug|x64.Build.0 = Debug|x64
		{94F47BB8-7F16-4088-8AF7-45BE7486069D}.Debug|x86.ActiveCfg = Debug|Win32
		{94F47BB8-7F16-4088-8AF7-45BE7486069D}.Debug|x86.Build.0 = Debug|Win32
		{94F47BB8-7F16-4088-8AF7-45BE7486069D}.Release|x64.ActiveCfg = Release|x64
		{94F47BB8-7F16-4088-8AF7-45BE7486069D}.Release|x64.Build.0 = Release|x64
		{94F47BB8-7F16-4088-8AF7-45BE7486069D}.Release|x86.ActiveCfg = Release|Win32
		{94F47BB8-7F16-4088-8AF7-45BE7486069D}.Release|x86.Build.0 = Release|Win32
		{61050EBA-E703-44C0-9098-DAA12153D826}.Debug|x64.ActiveCfg = Debug|x64
		{61050EBA-E703-44C0-9098-DAA12153D826}.Debug|x64.Build.0 = Debug|x64
		{61050EBA-E703-44C0-9098-DAA12153D826}.Debug|x86.ActiveCfg = Debug|Win32
		{61050EBA-E703-44C0-9098-DAA12153D826}.Debug|x86.Build.0 = Debug|Win32
		{61050EBA-E703-44C0-9098-DAA12153D826}.Release|x64.ActiveCfg = Release|x64
		{61050EBA-E703-44C0-9098-DAA12153D826}.Release|x64.Build.0 = Release|x64
		{61050EBA-E703-44C0-9098-DAA12153D826}.Release|x86.ActiveCfg = Release|Win32
		{61050EBA-E703-44C0-9098-DAA12153D826}.Release|x86.Build.0 = Release|Win32
		{7E17208C-AC6D-4138-BBB1-A746BCA88572}.Debug|x64.ActiveCfg = Debug|x64
		{7E17208C-AC6D-4138-BBB1-A746BCA88572}.Debug|x64.Build.0 = Debug|x64
		{7E17208C-AC6D-4138-BBB1-A746BCA88572}.Debug|x86.ActiveCfg = Debug|Win32
		{7E17208C-AC6D-4138-BBB1-A746BCA88572}.Debug|x86.Build.0 = Debug|Win32
		{7E17208C-AC6D-4138-BBB1-A746BCA88572}.Release|x64.ActiveCfg = Release|x64
		{7E17208C-AC6D-4138-BBB1-A746BCA88572}.Release|x64.Build.0 = Release|x64
		{7E17208C-AC6D-4138-BBB1-A746BCA88572}.Release|x86.ActiveCfg = Release|Win32
		{7E17208C-AC6D-4138-BBB1-A746BCA88572}.Release|x86.Build.0 = Release|Win32
		{F4C075C2-8AE7-4E23-BED3-7DC5B787DD24}.Debug|x64.ActiveCfg = Debug|x64
		{F4C075C2-8AE7-4E23-BED3-7DC5B787DD24}.Debug|x64.Build.0 = Debug|x64
		{F4C075C2-8AE7-4E23-BED3-7DC5B787DD24}.Debug|x86.ActiveCfg = Debug|Win32
		{F4C075C2-8AE7-4E23-BED3-7DC5B787DD24}.Debug|x86.Build.0 = Debug|Win32
		{F4C075C2-8AE7-4E23-BED3-7DC5B787DD24}.Release|x64.ActiveCfg = Release|x64
		{F4C075C2-8AE7-4E23-BED3-7DC5B787DD24}.Release|x64.Build.0 = Release|x64
		{F4C075C2-8AE7-4E23-BED3-7DC5B787DD24}.Release|x86.ActiveCfg = Release|Win32
		{F4C075C2-8AE7-4E23-BED3-7DC5B787DD24}.Release|x86.Build.0 = Release|Win32
		{614AC717-C1AB-4FF6-AB00-F8FCC3D716A9}.Debug|x64.ActiveCfg = Debug|x64
		{614AC717-C1AB-4FF6-AB00-F8FCC3D716A9}.Debug|x64.Build.0 = Debug|x64
		{614AC717-C1AB-4FF6-AB00-F8FCC3D716A9}.Debug|x86.ActiveCfg = Debug|Win32
		{614AC717-C1AB-4FF6-AB00-F8FCC3D716A9}.Debug|x86.Build.0 = Debug|Win32
		{614AC717-C1AB-4FF6-AB00-F8FCC3D716A9}.Release|x64.ActiveCfg = Release|x64
		{614AC717-C1AB-4FF6-AB00-F8FCC3D716A9}.Release|x64.Build.0 = Release|x64
		{614AC717-C1AB-4FF6-AB00-F8FCC3D716A9}.Release|x86.ActiveCfg = Release|Win32
		{614AC717-C1AB-4FF6-AB00-F8FCC3D716A9}.Release|x86.Build.0 = Release|Win32
		{6C97C393-A1A6-47D9-A9A1-6A29A002A977}.Debug|x64.ActiveCfg = Debug|x64
		{6C97C393-A1A6-47D9-A9A1-6A29A002A977}.Debug|x64.Build.0 = Debug|x64
		{6C97C393-A1A6-47D9-A9A1-6A29A002A977}.Debug|x86.ActiveCfg = Debug|Win32
		{6C97C393-A1A6-47D9-A9A1-6A29A002A977}.Debug|x86.Build.0 = Debug|Win32
		{6C97C393-A1A6-47D9-A9A1-6A29A002A977}.Release|x64.ActiveCfg = Release|x64
		{6C97C393-A1A6-47D9-A9A1-6A29A002A977}.Release|x64.Build.0 = Release|x64
		{6C97C393-A1A6-47D9-A9A1-6A29A002A977}.Release|x86.ActiveCfg = Release|Win32
		{6C97C393-A1A6-47D9-A9A1-6A29A002A977}.Release|x86.Build.0 = Release|Win32
		{5AF11388-408A-46AF-878D-058C8188E08A}.Debug|x64.ActiveCfg = Debug|x64
		{5AF11388-408A-46AF-878D-058C8188E08A}.Debug|x64.Build.0 = Debug|x64
		{5AF11388-408A-46AF-878D-058C8188E08A}.Debug|x86.ActiveCfg = Debug|Win32
		{5AF11388-408A-46AF-878D-058C8188E08A}.Debug|x86.Build.0 = Debug|Win32
		{5AF11388-408A-46AF-878D-058C8188E08A}.Release|x64.ActiveCfg = Release|x64
		{5AF11388-408A-46AF-878D-058C8188E08A}.Release|x64.Build.0 = Release|x64
		{5AF11388-408A-46AF-878D-058C8188E08A}.Release|x86.ActiveCfg = Release|Win32
		{5AF11388-408A-46AF-878D-058C8188E08A}.Release|x86.Build.0 = Release|Win32
		{16E56E99-565C-46CA-9559-5D42942CD35D}.Debug|x64.ActiveCfg = Debug|x64
		{16E56E99-565C-46CA-9559-5D42942CD35D}.Debug|x64.Build.0 = Debug|x64
		{16E56E99-565C-46CA-9559-5D42942CD35D}.Debug|x86.ActiveCfg = Debug|Win32
		{16E56E99-565C-46CA-9559-5D42942CD35D}.Debug|x86.Build.0 = Debug|Win32
		{16E56E99-565C-46CA-9559-5D42942CD35D}.Release|x64.ActiveCfg = Release|x64
		{16E56E99-565C-46CA-9559-5D42942CD35D}.Release|x64.Build.0 = Release|x64
		{16E56E99-565C-46CA-9559-5D42942CD35D}.Release|x86.ActiveCfg = Release|Win32
		{16E56E99-565C-46CA-9559-5D42942CD35D}.Release|x86.Build.0 = Release|Win32
		{65DD471D-107E-40FA-9F1F-6F6F9403AA0D}.Debug|x64.ActiveCfg = Debug|x64
		{65DD471D-107E-40FA-9F1F-6F6F9403AA0D}.Debug|x64.Build.0 = Debug|x64
		{65DD471D-107E-40FA-9F1F-6F6F9403AA0D}.Debug|x86.ActiveCfg = Debug|Win32
		{65DD471D-107E-40FA-9F1F-6F6F9403AA0D}.Debug|x86.Build.0 = Debug|Win32
		{65DD471D-107E-40FA-9F1F-6F6F9403AA0D}.Release|x64.ActiveCfg = Release|x64
		{65DD471D-107E-40FA-9F1F-6F6F9403AA0D}.Release|x64.Build.0 = Release|x64
		{65DD471D-107E-40FA-9F1F-6F6F9403AA0D}.Release|x86.ActiveCfg = Release|Win32
		{65DD471D-107E-40FA-9F1F-6F6F9403AA0D}.Release|x86.Build.0 = Release|Win32
		{3638F514-7AC4-45A1-90E8-56082B57ED8D}.Debug|x64.ActiveCfg = Debug|x64
		{3638F514-7AC4-45A1-90E8-56082B57ED8D}.Debug|x64.Build.0 = Debug|x64
		{3638F514-7AC4-45A1-90E8-56082B57ED8D}.Debug|x86.ActiveCfg = Debug|Win32
		{3638F514-7AC4-45A1-90E8-56082B57ED8D}.Debug|x86.Build.0 = Debug|Win32
		{3638F514-7AC4-45A1-90E8-56082B57ED8D}.Release|x64.ActiveCfg = Release|x64
		{3638F514-7AC4-45A1-90E8-56082B57ED8D}.Release|x64.Build.0 = Release|x64
		{3638F514-7AC4-45A1-90E8-56082B57ED8D}.Release|x86.ActiveCfg = Release|Win32
		{3638F514-7AC4-45A1-90E8-56082B57ED8D}.Release|x86.Build.0 = Release|Win32
		{7E089326-02BD-4EB5-871F-AEAA43E239DB}.Debug|x64.ActiveCfg = Debug|x64
		{7E089326-02BD-4EB5-871F-AEAA43E239DB}.Debug|x64.Build.0 = Debug|x64
		{7E089326-02BD-4EB5-871F-AEAA43E239DB}.Debug|x86.ActiveCfg = Debug|Win32
		{7E089326-02BD-4EB5-871F-AEAA43E239DB}.Debug|x86.Build.0 = Debug|Win32
		{7E089326-02BD-4EB5-871F-AEAA43E239DB}.Release|x64.ActiveCfg = Release|x64
		{7E089326-02BD-4EB5-871F-AEAA43E239DB}.Release|x64.Build.0 = Release|x64
		{7E089326-02BD-4EB5-871F-AEAA43E239DB}.Release|x86.ActiveCfg = Release|Win32
		{7E089326-02BD-4EB5-871F-AEAA43E239DB}.Release|x86.Build.0 = Release|Win32
		{161A92EB-BEDF-46FF-896D-A645534D81AB}.Debug|x64.ActiveCfg = Debug|x64
		{161A92EB-BEDF-46FF-896D-A645534D81AB}.Debug|x64.Build.0 = Debug|x64
		{161A92EB-BEDF-46FF-896D-A645534D81AB}.Debug|x86.ActiveCfg = Debug|Win32
		{161A92EB-BEDF-46FF-896D-A645534D81AB}.Debug|x86.Build.0 = Debug|Win32
		{161A92EB-BEDF-46FF-896D-A645534D81AB}.Release|x64.ActiveCfg = Release|x64
		{161A92EB-BEDF-46FF-896D-A645534D81AB}.Release|x64.Build.0 = Release|x64
		{161A92EB-BEDF-46FF-896D-A645534D81AB}.Release|x86.ActiveCfg = Release|Win32
		{161A92EB-BEDF-46FF-896D-A645534D81AB}.Release|x86.Build.0 = Release|Win32
		{3103077F-7327-4690-832C-9FCCA5991E3C}.Debug|x64.ActiveCfg = Debug|x64
		{3103077F-7327-4690-832C-9FCCA5991E3C}.Debug|x64.Build.0 = Debug|x64
		{3103077F-7327-4690-832C-9FCCA5991E3C}.Debug|x86.ActiveCfg = Debug|Win32
		{3103077F-7327-4690-832C-9FCCA5991E3C}.Debug|x86.Build.0 = Debug|Win32
		{3103077F-7327-4690-832C-9FCCA5991E3C}.Release|x64.ActiveCfg = Release|x64
		{3103077F-7327-4690-832C-9FCCA5991E3C}.Release|x64.Build.0 = Release|x64
		{3103077F-7327-4690-832C-9FCCA5991E3C}.Release|x86.ActiveCfg = Release|Win32
		{3103077F-7327-4690-832C-9FCCA5991E3C}.Release|x86.Build.0 = Release|Win32
		{4DCBE39B-C12F-44C8-BD2D-BFD429C19861}.Debug|x64.ActiveCfg = Debug|x64
		{4DCBE39B-C12F-44C8-BD2D-BFD429C19861}.Debug|x64.Build.0 = Debug|x64
		{4DCBE39B-C12F-44C8-BD2D-BFD429C19861}.Debug|x86.ActiveCfg = Debug|Win32
		{4DCBE39B-C12F-44C8-BD2D-BFD429C19861}.Debug|x86.Build.0 = Debug|Win32
		{4DCBE39B-C12F-44C8-BD2D-BFD429C19861}.Release|x64.ActiveCfg = Release|x64
		{4DCBE39B-C12F-44C8-BD2D-BFD429C19861}.Release|x64.Build.0 = Release|x64
		{4DCBE39B-C12F-44C8-BD2D-BFD429C19861}.Release|x86.ActiveCfg = Release|Win32
		{4DCBE39B-C12F-44C8-BD2D-BFD429C19861}.Release|x86.Build.0 = Release|Win32
		{327FEC71-3613-4C4C-9D83-C95AB0AB5E7B}.Debug|x64.ActiveCfg = Debug|x64
		{327FEC71-3613-4C4C-9D83-C95AB0AB5E7B}.Debug|x64.Build.0 = Debug|x64
		{327FEC71-3613-4C4C-9D83-C95AB0AB5E7B}.Debug|x86.ActiveCfg = Debug|Win32
		{327FEC71-3613-4C4C-9D83-C95AB0AB5E7B}.Debug|x86.Build.0 = Debug|Win32
		{327FEC71-3613-4C4C-9D83-C95AB0AB5E7B}.Release|x64.ActiveCfg = Release|x64
		{327FEC71-3613-4C4C-9D83-C95AB0AB5E7B}.Release|x64.Build.0 = Release|x64
		{327FEC71-3613-4C4C-9D83-C95AB0AB5E7B}.Release|x86.ActiveCfg = Release|Win32
		{327FEC71-3613-4C4C-9D83-C95AB0AB5E7B}.Release|x86.Build.0 = Release|Win32
		{39347A7D-FD5B-4241-BCBF-E04B5ED18C14}.Debug|x64.ActiveCfg = Debug|x64
		{39347A7D-FD5B-4241-BCBF-E04B5ED18C14}.Debug|x64.Build.0 = Debug|x64
		{39347A7D-FD5B-4241-BCBF-E04B5ED18C14}.Debug|x86.ActiveCfg = Debug|Win32
		{39347A7D-FD5B-4241-BCBF-E04B5ED18C14}.Debug|x86.Build.0 = Debug|Win32
		{39347A7D-FD5B-4241-BCBF-E04B5ED18C14}.Release|x64.ActiveCfg = Release|x64
		{39347A7D-FD5B-4241-BCBF-E04B5ED18C14}.Release|x64.Build.0 = Release|x64
		{39347A7D-FD5B-4241-BCBF-E04B5ED18C14}.Release|x86.ActiveCfg = Release|Win32
		{39347A7D-FD5B-4241-BCBF-E04B5ED18C14}.Release|x86.Build.0 = Release|Win32
		{F657160A-819C-4E62-A28F-FE729C471402}.Debug|x64.ActiveCfg = Debug|x64
		{F657160A-819C-4E62-A28F-FE729C471402}.Debug|x64.Build.0 = Debug|x64
		{F657160A-819C-4E62-A28F-FE729C471402}.Debug|x86.ActiveCfg = Debug|Win32
		{F657160A-819C-4E62-A28F-FE729C471402}.Debug|x86.Build.0 = Debug|Win32
		{F657160A-819C-4E62-A28F-FE729C471402}.Release|x64.ActiveCfg = Release|x64
		{F657160A-819C-4E62-A28F-FE729C471402}.Release|x64.Build.0 = Release|x64
		{F657160A-819C-4E62-A28F-FE729C471402}.Release|x86.ActiveCfg = Release|Win32
		{F657160A-819C-4E62-A28F-FE729C471402}.Release|x86.Build.0 = Release|Win32
		{333D1DF0-E061-4014-9537-7B6992F88FD0}.Debug|x64.ActiveCfg = Debug|x64
		{333D1DF0-E061-4014-9537-7B6992F88FD0}.Debug|x64.Build.0 = Debug|x64
		{333D1DF0-E061-4014-9537-7B6992F88FD0}.Debug|x86.ActiveCfg = Debug|Win32
		{333D1DF0-E061-4014-9537-7B6992F88FD0}.Debug|x86.Build.0 = Debug|Win32
		{333D1DF0-E061-4014-9537-7B6992F88FD0}.Release|x64.ActiveCfg = Release|x64
		{333D1DF0-E061-4014-9537-7B6992F88FD0}.Release|x64.Build.0 = Release|x64
		{333D1DF0-E061-4014-9537-7B6992F88FD0}.Release|x86.ActiveCfg = Release|Win32
		{333D1DF0-E061-4014-9537-7B6992F88FD0}.Release|x86.Build.0 = Release|Win32
		{3C66C493-8C57-451D-9AA7-2E5568ADFF74}.Debug|x64.ActiveCfg = Debug|x64
		{3C66C493-8C57-451D-9AA7-2E5568ADFF74}.Debug|x64.Build.0 = Debug|x64
		{3C66C493-8C57-451D-9AA7-2E5568ADFF74}.Debug|x86.ActiveCfg = Debug|Win32
		{3C66C493-8C57-451D-9AA7-2E5568ADFF74}.Debug|x86.Build.0 = Debug|Win32
		{3C66C493-8C57-451D-9AA7-2E5568ADFF74}.Release|x64.ActiveCfg = Release|x64
		{3C66C493-8C57-451D-9AA7-2E5568ADFF74}.Release|x64.Build.0 = Release|x64
		{3C66C493-8C57-451D-9AA7-2E5568ADFF74}.Release|x86.ActiveCfg = Release|Win32
		{3C66C493-8C57-451D-9AA7-2E5568ADFF74}.Release|x86.Build.0 = Release|Win32
		{787771F0-E21D-4A4C-A817-3FAEB25B6D92}.Debug|x64.ActiveCfg = Debug|x64
		{787771F0-E21D-4A4C-A817-3FAEB25B6D92}.Debug|x64.Build.0 = Debug|x64
		{787771F0-E21D-4A4C-A817-3FAEB25B6D92}.Debug|x86.ActiveCfg = Debug|Win32
		{787771F0-E21D-4A4C-A817-3FAEB25B6D92}.Debug|x86.Build.0 = Debug|Win32
		{787771F0-E21D-4A4C-A817-3FAEB25B6D92}.Release|x64.ActiveCfg = Release|x64
		{787771F0-E21D-4A4C-A817-3FAEB25B6D92}.Release|x64.Build.0 = Release|x64
		{787771F0-E21D-4A4C-A817-3FAEB25B6D92}.Release|x86.ActiveCfg = Release|Win32
		{787771F0-E21D-4A4C-A817-3FAEB25B6D92}.Release|x86.Build.0 = Release|Win32
		{1591160C-C6C9-4364-8976-33B5CFE60C12}.Debug|x64.ActiveCfg = Debug|x64
		{1591160C-C6C9-4364-8976-33B5CFE60C12}.Debug|x64.Build.0 = Debug|x64
		{1591160C-C6C9-4364-8976-33B5CFE60C12}.Debug|x86.ActiveCfg = Debug|Win32
		{1591160C-C6C9-4364-8976-33B5CFE60C12}.Debug|x86.Build.0 = Debug|Win32
		{1591160C-C6C9-4364-8976-33B5CFE60C12}.Release|x64.ActiveCfg = Release|x64
		{1591160C-C6C9-4364-8976-33B5CFE60C12}.Release|x64.Build.0 = Release|x64
		{1591160C-C6C9-4364-8976-33B5CFE60C12}.Release|x86.ActiveCfg = Release|Win32
		{1591160C-C6C9-4364-8976-33B5CFE60C12}.Release|x86.Build.0 = Release|Win32
		{05814525-4E61-4F7D-81BE-9A1B00D8B207}.Debug|x64.ActiveCfg = Debug|x64
		{05814525-4E61-4F7D-81BE-9A1B00D8B207}.Debug|x64.Build.0 = Debug|x64
		{05814525-4E61-4F7D-81BE-9A1B00D8B207}.Debug|x86.ActiveCfg = Debug|Win32
		{05814525-4E61-4F7D-81BE-9A1B00D8B207}.Debug|x86.Build.0 = Debug|Win32
		{05814525-4E61-4F7D-81BE-9A1B00D8B207}.Release|x64.ActiveCfg = Release|x64
		{05814525-4E61-4F7D-81BE-9A1B00D8B207}.Release|x64.Build.0 = Release|x64
		{05814525-4E61-4F7D-81BE-9A1B00D8B207}.Release|x86.ActiveCfg = Release|Win32
		{05814525-4E61-4F7D-81BE-9A1B00D8B207}.Release|x86.Build.0 = Release|Win32
		{26C67DF4-433B-4FFE-97B9-54E9514DD549}.Debug|x64.ActiveCfg = Debug|x64
		{26C67DF4-433B-4FFE-97B9-54E9514DD549}.Debug|x64.Build.0 = Debug|x64
		{26C67DF4-433B-4FFE-97B9-54E9514DD549}.Debug|x86.ActiveCfg = Debug|Win32
		{26C67DF4-433B-4FFE-97B9-54E9514DD549}.Debug|x86.Build.0 = Debug|Win32
		{26C67DF4-433B-4FFE-97B9-54E9514DD549}.Release|x64.ActiveCfg = Release|x64
		{26C67DF4-433B-4FFE-97B9-54E9514DD549}.Release|x64.Build.0 = Release|x64
		{26C67DF4-433B-4FFE-97B9-54E9514DD549}.Release|x86.ActiveCfg = Release|Win32
		{26C67DF4-433B-4FFE-97B9-54E9514DD549}.Release|x86.Build.0 = Release|Win32
		{CC0C5B74-4AC3-488A-98E9-0F9FFA13043C}.Debug|x64.ActiveCfg = Debug|x64
		{CC0C5B74-4AC3-488A-98E9-0F9FFA13043C}.Debug|x64.Build.0 = Debug|x64
		{CC0C5B74-4AC3-488A-98E9-0F9FFA13043C}.Debug|x86.ActiveCfg = Debug|Win32
		{CC0C5B74-4AC3-488A-98E9-0F9FFA13043C}.Debug|x86.Build.0 = Debug|Win32
		{CC0C5B74-4AC3-488A-98E9-0F9FFA13043C}.Release|x64.ActiveCfg = Release|x64
		{CC0C5B74-4AC3-488A-98E9-0F9FFA13043C}.Release|x64.Build.0 = Release|x64
		{CC0C5B74-4AC3-488A-98E9-0F9FFA13043C}.Release|x86.ActiveCfg = Release|Win32
		{CC0C5B74-4AC3-488A-98E9-0F9FFA13043C}.Release|x86.Build.0 = Release|Win32
		{B0B6C8A1-6CD3-4A20-8B40-FE154BB8F730}.Debug|x64.ActiveCfg = Debug|x64
		{B0B6C8A1-6CD3-4A20-8B40-FE154BB8F730}.Debug|x64.Build.0 = Debug|x64
		{B0B6C8A1-6CD3-4A20-8B40-FE154BB8F730}.Debug|x86.ActiveCfg = Debug|Win32
		{B0B6C8A1-6CD3-4A20-8B40-FE154BB8F730}.Debug|x86.Build.0 = Debug|Win32
		{B0B6C8A1-6CD3-4A20-8B40-FE154BB8F730}.Release|x64.ActiveCfg = Release|x64
		{B0B6C8A1-6CD3-4A20-8B40-FE154BB8F730}.Release|x64.Build.0 = Release|x64
		{B0B6C8A1-6CD3-4A20-8B40-FE154BB8F730}.Release|x86.ActiveCfg = Release|Win32
		{B0B6C8A1-6CD3-4A20-8B40-FE154BB8F730}.Release|x86.Build.0 = Release|Win32
		{33215F56-28FD-4472-A8CE-270628787D9F}.Debug|x64.ActiveCfg = Debug|x64
		{33215F56-28FD-4472-A8CE-270628787D9F}.Debug|x64.Build.0 = Debug|x64
		{33215F56-28FD-4472-A8CE-270628787D9F}.Debug|x86.ActiveCfg = Debug|Win32
		{33215F56-28FD-4472-A8CE-270628787D9F}.Debug|x86.Build.0 = Debug|Win32
		{33215F56-28FD-4472-A8CE-270628787D9F}.Release|x64.ActiveCfg = Release|x64
		{33215F56-28FD-4472-A8CE-270628787D9F}.Release|x64.Build.0 = Release|x64
		{33215F56-28FD-4472-A8CE-270628787D9F}.Release|x86.ActiveCfg = Release|Win32
		{33215F56-28FD-4472-A8CE-270628787D9F}.Release|x86.Build.0 = Release|Win32
		{F4BC1B03-809F-401F-9AC7-5659B5D62E4E}.Debug|x64.ActiveCfg = Debug|x64
		{F4BC1B03-809F-401F-9AC7-5659B5D62E4E}.Debug|x64.Build.0 = Debug|x64
		{F4BC1B03-809F-401F-9AC7-5659B5D62E4E}.Debug|x86.ActiveCfg = Debug|Win32
		{F4BC1B03-809F-401F-9AC7-5659B5D62E4E}.Debug|x86.Build.0 = Debug|Win32
		{F4BC1B03-809F-401F-9AC7-5659B5D62E4E}.Release|x64.ActiveCfg = Release|x64
		{F4BC1B03-809F-401F-9AC7-5659B5D62E4E}.Release|x64.Build.0 = Release|x64
		{F4BC1B03-809F-401F-9AC7-5659B5D62E4E}.Release|x86.ActiveCfg = Release|Win32
		{F4BC1B03-809F-401F-9AC7-5659B5D62E4E}.Release|x86.Build.0 = Release|Win32
		{1E6F4683-4FBE-42B4-BA52-54EE1B9D8F6C}.Debug|x64.ActiveCfg = Debug|x64
		{1E6F4683-4FBE-42B4-BA52-54EE1B9D8F6C}.Debug|x64.Build.0 = Debug|x64
		{1E6F4683-4FBE-42B4-BA52-54EE1B9D8F6C}.Debug|x86.ActiveCfg = Debug|Win32
		{1E6F4683-4FBE-42B4-BA52-54EE1B9D8F6C}.Debug|x86.Build.0 = Debug|Win32
		{1E6F4683-4FBE-42B4-BA52-54EE1B9D8F6C}.Release|x64.ActiveCfg = Release|x64
		{1E6F4683-4FBE-42B4-BA52-54EE1B9D8F6C}.Release|x64.Build.0 = Release|x64
		{1E6F4683-4FBE-42B4-BA52-54EE1B9D8F6C}.Release|x86.ActiveCfg = Release|Win32
		{1E6F4683-4FBE-42B4-BA52-54EE1B9D8F6C}.Release|x86.Build.0 = Release|Win32
		{7F7F4334-FD3A-4B66-97AC-68B412FF91BA}.Debug|x64.ActiveCfg = Debug|x64
		{7F7F4334-FD3A-4B66-97AC-68B412FF91BA}.Debug|x64.Build.0 = Debug|x64
		{7F7F4334-FD3A-4B66-97AC-68B412FF91BA}.Debug|x86.ActiveCfg = Debug|Win32
		{7F7F4334-FD3A-4B66-97AC-68B412FF91BA}.Debug|x86.Build.0 = Debug|Win32
		{7F7F4334-FD3A-4B66-97AC-68B412FF91BA}.Release|x64.ActiveCfg = Release|x64
		{7F7F4334-FD3A-4B66-97AC-68B412FF91BA}.Release|x64.Build.0 = Release|x64
		{7F7F4334-FD3A-4B66-97AC-68B412FF91BA}.Release|x86.ActiveCfg = Release|Win32
		{7F7F4334-FD3A-4B66-97AC-68B412FF91BA}.Release|x86.Build.0 = Release|Win32
		{A35D283F-83D6-4DD2-A8E3-FD0BAF53EA5C}.Debug|x64.ActiveCfg = Debug|x64
		{A35D283F-83D6-4DD2-A8E3-FD0BAF53EA5C}.Debug|x64.Build.0 = Debug|x64
		{A35D283F-83D6-4DD2-A8E3-FD0BAF53EA5C}.Debug|x86.ActiveCfg = Debug|Win32
		{A35D283F-83D6-4DD2-A8E3-FD0BAF53EA5C}.Debug|x86.Build.0 = Debug|Win32
		{A35D283F-83D6-4DD2-A8E3-FD0BAF53EA5C}.Release|x64.ActiveCfg = Release|x64
		{A35D283F-83D6-4DD2-A8E3-FD0BAF53EA5C}.Release|x64.Build.0 = Release|x64
		{A35D283F-83D6-4DD2-A8E3-FD0BAF53EA5C}.Release|x86.ActiveCfg = Release|Win32
		{A35D283F-83D6-4DD2-A8E3-FD0BAF53EA5C}.Release|x86.Build.0 = Release|Win32
		{48B842FF-A845-42A0-B10B-52DDAAA31FCB}.Debug|x64.ActiveCfg = Debug|x64
		{48B842FF-A845-42A0-B10B-52DDAAA31FCB}.Debug|x64.Build.0 = Debug|x64
		{48B842FF-A845-42A0-B10B-52DDAAA31FCB}.Debug|x86.ActiveCfg = Debug|Win32
		{48B842FF-A845-42A0-B10B-52DDAAA31FCB}.Debug|x86.Build.0 = Debug|Win32
		{48B842FF-A845-42A0-B10B-52DDAAA31FCB}.Release|x64.ActiveCfg = Release|x64
		{48B842FF-A845-42A0-B10B-52DDAAA31FCB}.Release|x64.Build.0 = Release|x64
		{48B842FF-A845-42A0-B10B-52DDAAA31FCB}.Release|x86.ActiveCfg = Release|Win32
		{48B842FF-A845-42A0-B10B-52DDAAA31FCB}.Release|x86.Build.0 = Release|Win32
		{83780B10-1B9F-4866-B148-1225A08147FD}.Debug|x64.ActiveCfg = Debug|x64
		{83780B10-1B9F-4866-B148-1225A08147FD}.Debug|x64.Build.0 = Debug|x64
		{83780B10-1B9F-4866-B148-1225A08147FD}.Debug|x86.ActiveCfg = Debug|Win32
		{83780B10-1B9F-4866-B148-1225A08147FD}.Debug|x86.Build.0 = Debug|Win32
		{83780B10-1B9F-4866-B148-1225A08147FD}.Release|x64.ActiveCfg = Release|x64
		{83780B10-1B9F-4866-B148-1225A08147FD}.Release|x64.Build.0 = Release|x64
		{83780B10-1B9F-4866-B148-1225A08147FD}.Release|x86.ActiveCfg = Release|Win32
		{83780B10-1B9F-4866-B148-1225A08147FD}.Release|x86.Build.0 = Release|Win32
		{3EC61FEB-BD76-41CF-8059-0B30721142CA}.Debug|x64.ActiveCfg = Debug|x64
		{3EC61FEB-BD76-41CF-8059-0B30721142CA}.Debug|x64.Build.0 = Debug|x64
		{3EC61FEB-BD76-41CF-8059-0B30721142CA}.Debug|x86.ActiveCfg = Debug|Win32
		{3EC61FEB-BD76-41CF-8059-0B30721142CA}.Debug|x86.Build.0 = Debug|Win32
		{3EC61FEB-BD76-41CF-8059-0B30721142CA}.Release|x64.ActiveCfg = Release|x64
		{3EC61FEB-BD76-41CF-8059-0B30721142CA}.Release|x64.Build.0 = Release|x64
		{3EC61FEB-BD76-41CF-8059-0B30721142CA}.Release|x86.ActiveCfg = Release|Win32
		{3EC61FEB-BD76-41CF-8059-0B30721142CA}.Release|x86.Build.0 = Release|Win32
		{62E4303D-8B3C-425C-ACB7-BAC20EC9CE7F}.Debug|x64.ActiveCfg = Debug|x64
		{62E4303D-8B3C-425C-ACB7-BAC20EC9CE7F}.Debug|x64.Build.0 = Debug|x64
		{62E4303D-8B3C-425C-ACB7-BAC20EC9CE7F}.Debug|x86.ActiveCfg = Debug|Win32
		{62E4303D-8B3C-425C-ACB7-BAC20EC9CE7F}.Debug|x86.Build.0 = Debug|Win32
		{62E4303D-8B3C-425C-ACB7-BAC20EC9CE7F}.Release|x64.ActiveCfg = Release|x64
		{62E4303D-8B3C-425C-ACB7-BAC20EC9CE7F}.Release|x64.Build.0 = Release|x64
		{62E4303D-8B3C-425C-ACB7-BAC20EC9CE7F}.Release|x86.ActiveCfg = Release|Win32
		{62E4303D-8B3C-425C-ACB7-BAC20EC9CE7F}.Release|x86.Build.0 = Release|Win32
	EndGlobalSection
	GlobalSection(SolutionProperties) = preSolution
		HideSolutionNode = FALSE
	EndGlobalSection
	GlobalSection(ExtensibilityGlobals) = postSolution
		SolutionGuid = {7986EC25-9CE9-46D5-9702-A399F585701F}
	EndGlobalSection
EndGlobal
